{
  "version": 4,
  "terraform_version": "1.9.8",
  "serial": 532,
  "lineage": "5ec95600-1d34-403e-98e3-f2e4f57fb748",
  "outputs": {},
  "resources": [
    {
      "mode": "managed",
      "type": "google_cloud_ids_endpoint",
      "name": "ids_endpoint",
      "provider": "provider[\"registry.terraform.io/hashicorp/google\"]",
      "instances": [
        {
          "schema_version": 0,
          "attributes": {
            "create_time": "2024-11-21T03:38:58.654242881Z",
            "description": "",
            "endpoint_forwarding_rule": "https://www.googleapis.com/compute/v1/projects/b3ca25752f1c308a1-tp/regions/us-west1/forwardingRules/ids-fr-ids-en-aiu5wt4xhakk2ctq",
            "endpoint_ip": "10.21.0.11",
            "id": "projects/security-standards-group-4/locations/us-west1-c/endpoints/ids-endpoint",
            "location": "us-west1-c",
            "name": "ids-endpoint",
            "network": "projects/security-standards-group-4/global/networks/management-vpc",
            "project": "security-standards-group-4",
            "severity": "INFORMATIONAL",
            "threat_exceptions": [],
            "timeouts": null,
            "update_time": "2024-11-21T03:52:20.027139951Z"
          },
          "sensitive_attributes": [],
          "private": "eyJlMmJmYjczMC1lY2FhLTExZTYtOGY4OC0zNDM2M2JjN2M0YzAiOnsiY3JlYXRlIjoxMjAwMDAwMDAwMDAwLCJkZWxldGUiOjEyMDAwMDAwMDAwMDAsInVwZGF0ZSI6MTIwMDAwMDAwMDAwMH19",
          "dependencies": [
            "google_compute_global_address.private_service_access",
            "google_compute_network.management_vpc",
            "google_service_networking_connection.private_service_connection"
          ]
        }
      ]
    },
    {
      "mode": "managed",
      "type": "google_compute_address",
      "name": "internal_lb_ip",
      "provider": "provider[\"registry.terraform.io/hashicorp/google\"]",
      "instances": [
        {
          "schema_version": 0,
          "attributes": {
            "address": "10.0.3.4",
            "address_type": "INTERNAL",
            "creation_timestamp": "2024-11-20T20:05:18.580-08:00",
            "description": "",
            "effective_labels": {
              "goog-terraform-provisioned": "true"
            },
            "id": "projects/security-standards-group-4/regions/us-west1/addresses/internal-lb-ip",
            "ip_version": "",
            "ipv6_endpoint_type": "",
            "label_fingerprint": "vezUS-42LLM=",
            "labels": {},
            "name": "internal-lb-ip",
            "network": "",
            "network_tier": "PREMIUM",
            "prefix_length": 0,
            "project": "security-standards-group-4",
            "purpose": "GCE_ENDPOINT",
            "region": "us-west1",
            "self_link": "https://www.googleapis.com/compute/v1/projects/security-standards-group-4/regions/us-west1/addresses/internal-lb-ip",
            "subnetwork": "https://www.googleapis.com/compute/v1/projects/security-standards-group-4/regions/us-west1/subnetworks/management-subnet",
            "terraform_labels": {
              "goog-terraform-provisioned": "true"
            },
            "timeouts": null,
            "users": []
          },
          "sensitive_attributes": [],
          "private": "eyJlMmJmYjczMC1lY2FhLTExZTYtOGY4OC0zNDM2M2JjN2M0YzAiOnsiY3JlYXRlIjoxMjAwMDAwMDAwMDAwLCJkZWxldGUiOjEyMDAwMDAwMDAwMDAsInVwZGF0ZSI6MTIwMDAwMDAwMDAwMH19",
          "dependencies": [
            "google_compute_network.management_vpc",
            "google_compute_subnetwork.management_subnet"
          ]
        }
      ]
    },
    {
      "mode": "managed",
      "type": "google_compute_firewall",
      "name": "allow_client_to_lb",
      "provider": "provider[\"registry.terraform.io/hashicorp/google\"]",
      "instances": [
        {
          "schema_version": 1,
          "attributes": {
            "allow": [
              {
                "ports": [
                  "80"
                ],
                "protocol": "tcp"
              }
            ],
            "creation_timestamp": "2024-11-20T19:37:33.339-08:00",
            "deny": [],
            "description": "",
            "destination_ranges": [],
            "direction": "INGRESS",
            "disabled": false,
            "enable_logging": null,
            "id": "projects/security-standards-group-4/global/firewalls/allow-client-to-lb",
            "log_config": [],
            "name": "allow-client-to-lb",
            "network": "https://www.googleapis.com/compute/v1/projects/security-standards-group-4/global/networks/management-vpc",
            "priority": 1000,
            "project": "security-standards-group-4",
            "self_link": "https://www.googleapis.com/compute/v1/projects/security-standards-group-4/global/firewalls/allow-client-to-lb",
            "source_ranges": [
              "10.0.0.0/8"
            ],
            "source_service_accounts": [],
            "source_tags": [],
            "target_service_accounts": [],
            "target_tags": [
              "allow-to-lb"
            ],
            "timeouts": null
          },
          "sensitive_attributes": [],
          "private": "eyJlMmJmYjczMC1lY2FhLTExZTYtOGY4OC0zNDM2M2JjN2M0YzAiOnsiY3JlYXRlIjoxMjAwMDAwMDAwMDAwLCJkZWxldGUiOjEyMDAwMDAwMDAwMDAsInVwZGF0ZSI6MTIwMDAwMDAwMDAwMH0sInNjaGVtYV92ZXJzaW9uIjoiMSJ9",
          "dependencies": [
            "google_compute_network.management_vpc"
          ]
        }
      ]
    },
    {
      "mode": "managed",
      "type": "google_compute_firewall",
      "name": "allow_lb_to_instances",
      "provider": "provider[\"registry.terraform.io/hashicorp/google\"]",
      "instances": [
        {
          "schema_version": 1,
          "attributes": {
            "allow": [
              {
                "ports": [
                  "80"
                ],
                "protocol": "tcp"
              }
            ],
            "creation_timestamp": "2024-11-20T19:37:33.658-08:00",
            "deny": [],
            "description": "",
            "destination_ranges": [],
            "direction": "INGRESS",
            "disabled": false,
            "enable_logging": null,
            "id": "projects/security-standards-group-4/global/firewalls/allow-lb-to-instances",
            "log_config": [],
            "name": "allow-lb-to-instances",
            "network": "https://www.googleapis.com/compute/v1/projects/security-standards-group-4/global/networks/management-vpc",
            "priority": 1000,
            "project": "security-standards-group-4",
            "self_link": "https://www.googleapis.com/compute/v1/projects/security-standards-group-4/global/firewalls/allow-lb-to-instances",
            "source_ranges": [
              "130.211.0.0/22",
              "35.191.0.0/16"
            ],
            "source_service_accounts": [],
            "source_tags": [],
            "target_service_accounts": [],
            "target_tags": [
              "allow-from-lb"
            ],
            "timeouts": null
          },
          "sensitive_attributes": [],
          "private": "eyJlMmJmYjczMC1lY2FhLTExZTYtOGY4OC0zNDM2M2JjN2M0YzAiOnsiY3JlYXRlIjoxMjAwMDAwMDAwMDAwLCJkZWxldGUiOjEyMDAwMDAwMDAwMDAsInVwZGF0ZSI6MTIwMDAwMDAwMDAwMH0sInNjaGVtYV92ZXJzaW9uIjoiMSJ9",
          "dependencies": [
            "google_compute_network.management_vpc"
          ]
        }
      ]
    },
    {
      "mode": "managed",
      "type": "google_compute_firewall",
      "name": "dmz_allow_http_https",
      "provider": "provider[\"registry.terraform.io/hashicorp/google\"]",
      "instances": [
        {
          "schema_version": 1,
          "attributes": {
            "allow": [
              {
                "ports": [
                  "80",
                  "443"
                ],
                "protocol": "tcp"
              }
            ],
            "creation_timestamp": "2024-11-20T19:37:44.755-08:00",
            "deny": [],
            "description": "",
            "destination_ranges": [],
            "direction": "INGRESS",
            "disabled": false,
            "enable_logging": null,
            "id": "projects/security-standards-group-4/global/firewalls/dmz-allow-http-https",
            "log_config": [],
            "name": "dmz-allow-http-https",
            "network": "https://www.googleapis.com/compute/v1/projects/security-standards-group-4/global/networks/dmz-vpc",
            "priority": 1000,
            "project": "security-standards-group-4",
            "self_link": "https://www.googleapis.com/compute/v1/projects/security-standards-group-4/global/firewalls/dmz-allow-http-https",
            "source_ranges": [
              "0.0.0.0/0"
            ],
            "source_service_accounts": [],
            "source_tags": [],
            "target_service_accounts": [],
            "target_tags": [],
            "timeouts": null
          },
          "sensitive_attributes": [],
          "private": "eyJlMmJmYjczMC1lY2FhLTExZTYtOGY4OC0zNDM2M2JjN2M0YzAiOnsiY3JlYXRlIjoxMjAwMDAwMDAwMDAwLCJkZWxldGUiOjEyMDAwMDAwMDAwMDAsInVwZGF0ZSI6MTIwMDAwMDAwMDAwMH0sInNjaGVtYV92ZXJzaW9uIjoiMSJ9",
          "dependencies": [
            "google_compute_network.dmz_vpc"
          ]
        }
      ]
    },
    {
      "mode": "managed",
      "type": "google_compute_firewall",
      "name": "dmz_allow_ssh_from_management",
      "provider": "provider[\"registry.terraform.io/hashicorp/google\"]",
      "instances": [
        {
          "schema_version": 1,
          "attributes": {
            "allow": [
              {
                "ports": [
                  "22"
                ],
                "protocol": "tcp"
              }
            ],
            "creation_timestamp": "2024-11-20T19:38:28.003-08:00",
            "deny": [],
            "description": "",
            "destination_ranges": [],
            "direction": "INGRESS",
            "disabled": false,
            "enable_logging": null,
            "id": "projects/security-standards-group-4/global/firewalls/dmz-allow-ssh-from-management",
            "log_config": [],
            "name": "dmz-allow-ssh-from-management",
            "network": "https://www.googleapis.com/compute/v1/projects/security-standards-group-4/global/networks/dmz-vpc",
            "priority": 1000,
            "project": "security-standards-group-4",
            "self_link": "https://www.googleapis.com/compute/v1/projects/security-standards-group-4/global/firewalls/dmz-allow-ssh-from-management",
            "source_ranges": [
              "10.0.3.3"
            ],
            "source_service_accounts": [],
            "source_tags": [],
            "target_service_accounts": [],
            "target_tags": [],
            "timeouts": null
          },
          "sensitive_attributes": [],
          "private": "eyJlMmJmYjczMC1lY2FhLTExZTYtOGY4OC0zNDM2M2JjN2M0YzAiOnsiY3JlYXRlIjoxMjAwMDAwMDAwMDAwLCJkZWxldGUiOjEyMDAwMDAwMDAwMDAsInVwZGF0ZSI6MTIwMDAwMDAwMDAwMH0sInNjaGVtYV92ZXJzaW9uIjoiMSJ9",
          "dependencies": [
            "google_compute_instance.management_instance",
            "google_compute_network.dmz_vpc",
            "google_compute_network.management_vpc",
            "google_compute_subnetwork.management_subnet"
          ]
        }
      ]
    },
    {
      "mode": "managed",
      "type": "google_compute_firewall",
      "name": "internal_main_allow_http_https",
      "provider": "provider[\"registry.terraform.io/hashicorp/google\"]",
      "instances": [
        {
          "schema_version": 1,
          "attributes": {
            "allow": [
              {
                "ports": [
                  "80",
                  "443"
                ],
                "protocol": "tcp"
              }
            ],
            "creation_timestamp": "2024-11-20T20:05:18.338-08:00",
            "deny": [],
            "description": "",
            "destination_ranges": [],
            "direction": "INGRESS",
            "disabled": false,
            "enable_logging": null,
            "id": "projects/security-standards-group-4/global/firewalls/internal-main-allow-http-https",
            "log_config": [],
            "name": "internal-main-allow-http-https",
            "network": "https://www.googleapis.com/compute/v1/projects/security-standards-group-4/global/networks/internal-main-vpc",
            "priority": 1000,
            "project": "security-standards-group-4",
            "self_link": "https://www.googleapis.com/compute/v1/projects/security-standards-group-4/global/firewalls/internal-main-allow-http-https",
            "source_ranges": [
              "0.0.0.0/0"
            ],
            "source_service_accounts": [],
            "source_tags": [],
            "target_service_accounts": [],
            "target_tags": [],
            "timeouts": null
          },
          "sensitive_attributes": [],
          "private": "eyJlMmJmYjczMC1lY2FhLTExZTYtOGY4OC0zNDM2M2JjN2M0YzAiOnsiY3JlYXRlIjoxMjAwMDAwMDAwMDAwLCJkZWxldGUiOjEyMDAwMDAwMDAwMDAsInVwZGF0ZSI6MTIwMDAwMDAwMDAwMH0sInNjaGVtYV92ZXJzaW9uIjoiMSJ9",
          "dependencies": [
            "google_compute_network.internal_main_vpc"
          ]
        }
      ]
    },
    {
      "mode": "managed",
      "type": "google_compute_firewall",
      "name": "internal_main_allow_ssh_from_management",
      "provider": "provider[\"registry.terraform.io/hashicorp/google\"]",
      "instances": [
        {
          "schema_version": 1,
          "attributes": {
            "allow": [
              {
                "ports": [
                  "22"
                ],
                "protocol": "tcp"
              }
            ],
            "creation_timestamp": "2024-11-20T19:38:28.026-08:00",
            "deny": [],
            "description": "",
            "destination_ranges": [],
            "direction": "INGRESS",
            "disabled": false,
            "enable_logging": null,
            "id": "projects/security-standards-group-4/global/firewalls/internal-main-allow-ssh-from-management",
            "log_config": [],
            "name": "internal-main-allow-ssh-from-management",
            "network": "https://www.googleapis.com/compute/v1/projects/security-standards-group-4/global/networks/internal-main-vpc",
            "priority": 1000,
            "project": "security-standards-group-4",
            "self_link": "https://www.googleapis.com/compute/v1/projects/security-standards-group-4/global/firewalls/internal-main-allow-ssh-from-management",
            "source_ranges": [
              "10.0.3.3"
            ],
            "source_service_accounts": [],
            "source_tags": [],
            "target_service_accounts": [],
            "target_tags": [],
            "timeouts": null
          },
          "sensitive_attributes": [],
          "private": "eyJlMmJmYjczMC1lY2FhLTExZTYtOGY4OC0zNDM2M2JjN2M0YzAiOnsiY3JlYXRlIjoxMjAwMDAwMDAwMDAwLCJkZWxldGUiOjEyMDAwMDAwMDAwMDAsInVwZGF0ZSI6MTIwMDAwMDAwMDAwMH0sInNjaGVtYV92ZXJzaW9uIjoiMSJ9",
          "dependencies": [
            "google_compute_instance.management_instance",
            "google_compute_network.internal_main_vpc",
            "google_compute_network.management_vpc",
            "google_compute_subnetwork.management_subnet"
          ]
        }
      ]
    },
    {
      "mode": "managed",
      "type": "google_compute_firewall",
      "name": "internal_replica_allow_http_https",
      "provider": "provider[\"registry.terraform.io/hashicorp/google\"]",
      "instances": [
        {
          "schema_version": 1,
          "attributes": {
            "allow": [
              {
                "ports": [
                  "80",
                  "443"
                ],
                "protocol": "tcp"
              }
            ],
            "creation_timestamp": "2024-11-20T20:05:18.220-08:00",
            "deny": [],
            "description": "",
            "destination_ranges": [],
            "direction": "INGRESS",
            "disabled": false,
            "enable_logging": null,
            "id": "projects/security-standards-group-4/global/firewalls/internal-replica-allow-http-https",
            "log_config": [],
            "name": "internal-replica-allow-http-https",
            "network": "https://www.googleapis.com/compute/v1/projects/security-standards-group-4/global/networks/internal-replica-vpc",
            "priority": 1000,
            "project": "security-standards-group-4",
            "self_link": "https://www.googleapis.com/compute/v1/projects/security-standards-group-4/global/firewalls/internal-replica-allow-http-https",
            "source_ranges": [
              "0.0.0.0/0"
            ],
            "source_service_accounts": [],
            "source_tags": [],
            "target_service_accounts": [],
            "target_tags": [],
            "timeouts": null
          },
          "sensitive_attributes": [],
          "private": "eyJlMmJmYjczMC1lY2FhLTExZTYtOGY4OC0zNDM2M2JjN2M0YzAiOnsiY3JlYXRlIjoxMjAwMDAwMDAwMDAwLCJkZWxldGUiOjEyMDAwMDAwMDAwMDAsInVwZGF0ZSI6MTIwMDAwMDAwMDAwMH0sInNjaGVtYV92ZXJzaW9uIjoiMSJ9",
          "dependencies": [
            "google_compute_network.internal_replica_vpc"
          ]
        }
      ]
    },
    {
      "mode": "managed",
      "type": "google_compute_firewall",
      "name": "internal_replica_allow_ssh_from_management",
      "provider": "provider[\"registry.terraform.io/hashicorp/google\"]",
      "instances": [
        {
          "schema_version": 1,
          "attributes": {
            "allow": [
              {
                "ports": [
                  "22"
                ],
                "protocol": "tcp"
              }
            ],
            "creation_timestamp": "2024-11-20T19:38:28.035-08:00",
            "deny": [],
            "description": "",
            "destination_ranges": [],
            "direction": "INGRESS",
            "disabled": false,
            "enable_logging": null,
            "id": "projects/security-standards-group-4/global/firewalls/internal-replica-allow-ssh-from-management",
            "log_config": [],
            "name": "internal-replica-allow-ssh-from-management",
            "network": "https://www.googleapis.com/compute/v1/projects/security-standards-group-4/global/networks/internal-replica-vpc",
            "priority": 1000,
            "project": "security-standards-group-4",
            "self_link": "https://www.googleapis.com/compute/v1/projects/security-standards-group-4/global/firewalls/internal-replica-allow-ssh-from-management",
            "source_ranges": [
              "10.0.3.3"
            ],
            "source_service_accounts": [],
            "source_tags": [],
            "target_service_accounts": [],
            "target_tags": [],
            "timeouts": null
          },
          "sensitive_attributes": [],
          "private": "eyJlMmJmYjczMC1lY2FhLTExZTYtOGY4OC0zNDM2M2JjN2M0YzAiOnsiY3JlYXRlIjoxMjAwMDAwMDAwMDAwLCJkZWxldGUiOjEyMDAwMDAwMDAwMDAsInVwZGF0ZSI6MTIwMDAwMDAwMDAwMH0sInNjaGVtYV92ZXJzaW9uIjoiMSJ9",
          "dependencies": [
            "google_compute_instance.management_instance",
            "google_compute_network.internal_replica_vpc",
            "google_compute_network.management_vpc",
            "google_compute_subnetwork.management_subnet"
          ]
        }
      ]
    },
    {
      "mode": "managed",
      "type": "google_compute_firewall",
      "name": "management_allow_ssh",
      "provider": "provider[\"registry.terraform.io/hashicorp/google\"]",
      "instances": [
        {
          "schema_version": 1,
          "attributes": {
            "allow": [
              {
                "ports": [
                  "22"
                ],
                "protocol": "tcp"
              }
            ],
            "creation_timestamp": "2024-11-20T19:37:33.698-08:00",
            "deny": [],
            "description": "",
            "destination_ranges": [],
            "direction": "INGRESS",
            "disabled": false,
            "enable_logging": null,
            "id": "projects/security-standards-group-4/global/firewalls/management-allow-ssh",
            "log_config": [],
            "name": "management-allow-ssh",
            "network": "https://www.googleapis.com/compute/v1/projects/security-standards-group-4/global/networks/management-vpc",
            "priority": 1000,
            "project": "security-standards-group-4",
            "self_link": "https://www.googleapis.com/compute/v1/projects/security-standards-group-4/global/firewalls/management-allow-ssh",
            "source_ranges": [
              "0.0.0.0/0"
            ],
            "source_service_accounts": [],
            "source_tags": [],
            "target_service_accounts": [],
            "target_tags": [],
            "timeouts": null
          },
          "sensitive_attributes": [],
          "private": "eyJlMmJmYjczMC1lY2FhLTExZTYtOGY4OC0zNDM2M2JjN2M0YzAiOnsiY3JlYXRlIjoxMjAwMDAwMDAwMDAwLCJkZWxldGUiOjEyMDAwMDAwMDAwMDAsInVwZGF0ZSI6MTIwMDAwMDAwMDAwMH0sInNjaGVtYV92ZXJzaW9uIjoiMSJ9",
          "dependencies": [
            "google_compute_network.management_vpc"
          ]
        }
      ]
    },
    {
      "mode": "managed",
      "type": "google_compute_global_address",
      "name": "private_service_access",
      "provider": "provider[\"registry.terraform.io/hashicorp/google\"]",
      "instances": [
        {
          "schema_version": 0,
          "attributes": {
            "address": "10.21.0.0",
            "address_type": "INTERNAL",
            "creation_timestamp": "2024-11-20T19:37:33.303-08:00",
            "description": "",
            "effective_labels": {
              "goog-terraform-provisioned": "true"
            },
            "id": "projects/security-standards-group-4/global/addresses/private-service-access",
            "ip_version": "",
            "label_fingerprint": "vezUS-42LLM=",
            "labels": {},
            "name": "private-service-access",
            "network": "https://www.googleapis.com/compute/v1/projects/security-standards-group-4/global/networks/management-vpc",
            "prefix_length": 16,
            "project": "security-standards-group-4",
            "purpose": "VPC_PEERING",
            "self_link": "https://www.googleapis.com/compute/v1/projects/security-standards-group-4/global/addresses/private-service-access",
            "terraform_labels": {
              "goog-terraform-provisioned": "true"
            },
            "timeouts": null
          },
          "sensitive_attributes": [],
          "private": "eyJlMmJmYjczMC1lY2FhLTExZTYtOGY4OC0zNDM2M2JjN2M0YzAiOnsiY3JlYXRlIjoxMjAwMDAwMDAwMDAwLCJkZWxldGUiOjEyMDAwMDAwMDAwMDAsInVwZGF0ZSI6MTIwMDAwMDAwMDAwMH19",
          "dependencies": [
            "google_compute_network.management_vpc"
          ]
        }
      ]
    },
    {
      "mode": "managed",
      "type": "google_compute_instance",
      "name": "dmz_instance",
      "provider": "provider[\"registry.terraform.io/hashicorp/google\"]",
      "instances": [
        {
          "schema_version": 6,
          "attributes": {
            "advanced_machine_features": [],
            "allow_stopping_for_update": null,
            "attached_disk": [],
            "boot_disk": [
              {
                "auto_delete": true,
                "device_name": "persistent-disk-0",
                "disk_encryption_key_raw": "",
                "disk_encryption_key_sha256": "",
                "initialize_params": [
                  {
                    "enable_confidential_compute": false,
                    "image": "https://www.googleapis.com/compute/v1/projects/debian-cloud/global/images/debian-11-bullseye-v20241112",
                    "labels": {},
                    "provisioned_iops": 0,
                    "provisioned_throughput": 0,
                    "resource_manager_tags": {},
                    "resource_policies": [],
                    "size": 10,
                    "storage_pool": "",
                    "type": "pd-standard"
                  }
                ],
                "interface": "",
                "kms_key_self_link": "",
                "mode": "READ_WRITE",
                "source": "https://www.googleapis.com/compute/v1/projects/security-standards-group-4/zones/us-west1-c/disks/dmz-instance"
              }
            ],
            "can_ip_forward": false,
            "confidential_instance_config": [],
            "cpu_platform": "Intel Broadwell",
            "creation_timestamp": "2024-11-20T19:38:08.959-08:00",
            "current_status": "RUNNING",
            "deletion_protection": false,
            "description": "",
            "desired_status": null,
            "effective_labels": {
              "goog-terraform-provisioned": "true"
            },
            "enable_display": false,
            "guest_accelerator": [],
            "hostname": "",
            "id": "projects/security-standards-group-4/zones/us-west1-c/instances/dmz-instance",
            "instance_id": "62251095892891087",
            "key_revocation_action_type": "",
            "label_fingerprint": "vezUS-42LLM=",
            "labels": {},
            "machine_type": "e2-medium",
            "metadata": {
              "ssh-keys": "magister:ssh-rsa AAAAB3NzaC1yc2EAAAADAQABAAACAQCs5nwVcl6NLyPbwkof5xk26vAemf2K8JzazkRY3ghvf5Ml3fp1qkcz2ePqhnJD/i228iqw2n1BTI0VqWVki5SQOD9ceCD//m9CtcSk3/SascAyStO67iRCVJUDhkDLva0lri0Vw6ir7b576xKWTvAyCMC9ulrMctGkQiMLSOgJ9WwFd8b24k0Eng2rScDoE7lXU3vFtwh/Xi4nnVsW7XB0YxCw4xzDi6EQVJ9An6MAYYaHZB0qSP2w8azqbkr/pV8hhk9+qYjy89YiMjdJIs3kR7RMdljgviAD83vCu8VAZrJPIQH1cs7oXvfTi+Wvp+CflhSlUQxffifyRyF6VPnwgpEoxXNgrHQkYLpwwja1bKgXccyKU+5yulMvC9G3r3dtUhWxASdW1ok3XTsIfVcSFjyBSzBhUF9jpc1gY0vj7C09gmi3TIhRVikR8/d+ls4n7IDvqZb/oTYiMcsGL9rdlMcRTJW7BfGs5RDIldsA4bPyHl7GEIKzWiYHCd4vYlxts8maTVoXxrNGZ0KJFVZZdacyOTpye6lUDRb8Sjc2v6pxhuqAuBbOuNEW7NUWliM4rBgrtldV2HeC52+uwCQxxdsDviaQSYkZ0MxBbQqjh9ZTM9mZoo5t4bHqCBSLOWGkSwt89Xhug1cJ9zq0uws6ozlmzvib535AlIjRKo3LTQ== aestradao@miumg.edu.gt\n"
            },
            "metadata_fingerprint": "x1CXq6TLXtE=",
            "metadata_startup_script": "#!/bin/bash\ncurl -sSO https://dl.google.com/cloudagents/add-google-cloud-ops-agent-repo.sh\nsudo bash add-google-cloud-ops-agent-repo.sh --also-install\n",
            "min_cpu_platform": "",
            "name": "dmz-instance",
            "network_interface": [
              {
                "access_config": [
                  {
                    "nat_ip": "34.82.109.108",
                    "network_tier": "PREMIUM",
                    "public_ptr_domain_name": ""
                  }
                ],
                "alias_ip_range": [],
                "internal_ipv6_prefix_length": 0,
                "ipv6_access_config": [],
                "ipv6_access_type": "",
                "ipv6_address": "",
                "name": "nic0",
                "network": "https://www.googleapis.com/compute/v1/projects/security-standards-group-4/global/networks/dmz-vpc",
                "network_ip": "10.0.4.2",
                "nic_type": "",
                "queue_count": 0,
                "stack_type": "IPV4_ONLY",
                "subnetwork": "https://www.googleapis.com/compute/v1/projects/security-standards-group-4/regions/us-west1/subnetworks/dmz-subnet",
                "subnetwork_project": "security-standards-group-4"
              }
            ],
            "network_performance_config": [],
            "params": [],
            "project": "security-standards-group-4",
            "reservation_affinity": [],
            "resource_policies": [],
            "scheduling": [
              {
                "automatic_restart": true,
                "instance_termination_action": "",
                "local_ssd_recovery_timeout": [],
                "max_run_duration": [],
                "min_node_cpus": 0,
                "node_affinities": [],
                "on_host_maintenance": "MIGRATE",
                "on_instance_stop_action": [],
                "preemptible": false,
                "provisioning_model": "STANDARD"
              }
            ],
            "scratch_disk": [],
            "self_link": "https://www.googleapis.com/compute/v1/projects/security-standards-group-4/zones/us-west1-c/instances/dmz-instance",
            "service_account": [],
            "shielded_instance_config": [
              {
                "enable_integrity_monitoring": true,
                "enable_secure_boot": false,
                "enable_vtpm": true
              }
            ],
            "tags": [],
            "tags_fingerprint": "42WmSpB8rSM=",
            "terraform_labels": {
              "goog-terraform-provisioned": "true"
            },
            "timeouts": null,
            "zone": "us-west1-c"
          },
          "sensitive_attributes": [
            [
              {
                "type": "get_attr",
                "value": "boot_disk"
              },
              {
                "type": "index",
                "value": {
                  "value": 0,
                  "type": "number"
                }
              },
              {
                "type": "get_attr",
                "value": "disk_encryption_key_raw"
              }
            ]
          ],
          "private": "eyJlMmJmYjczMC1lY2FhLTExZTYtOGY4OC0zNDM2M2JjN2M0YzAiOnsiY3JlYXRlIjoxMjAwMDAwMDAwMDAwLCJkZWxldGUiOjEyMDAwMDAwMDAwMDAsInVwZGF0ZSI6MTIwMDAwMDAwMDAwMH0sInNjaGVtYV92ZXJzaW9uIjoiNiJ9",
          "dependencies": [
            "google_compute_network.dmz_vpc",
            "google_compute_subnetwork.dmz_subnet"
          ]
        }
      ]
    },
    {
      "mode": "managed",
      "type": "google_compute_instance",
      "name": "internal_main_instance",
      "provider": "provider[\"registry.terraform.io/hashicorp/google\"]",
      "instances": [
        {
          "schema_version": 6,
          "attributes": {
            "advanced_machine_features": [],
            "allow_stopping_for_update": null,
            "attached_disk": [],
            "boot_disk": [
              {
                "auto_delete": true,
                "device_name": "persistent-disk-0",
                "disk_encryption_key_raw": "",
                "disk_encryption_key_sha256": "",
                "initialize_params": [
                  {
                    "enable_confidential_compute": false,
                    "image": "https://www.googleapis.com/compute/v1/projects/debian-cloud/global/images/debian-11-bullseye-v20241112",
                    "labels": {},
                    "provisioned_iops": 0,
                    "provisioned_throughput": 0,
                    "resource_manager_tags": {},
                    "resource_policies": [],
                    "size": 10,
                    "storage_pool": "",
                    "type": "pd-standard"
                  }
                ],
                "interface": "",
                "kms_key_self_link": "",
                "mode": "READ_WRITE",
                "source": "https://www.googleapis.com/compute/v1/projects/security-standards-group-4/zones/us-west1-c/disks/internal-main-instance"
              }
            ],
            "can_ip_forward": false,
            "confidential_instance_config": [],
            "cpu_platform": "Intel Broadwell",
            "creation_timestamp": "2024-11-20T19:37:58.671-08:00",
            "current_status": "RUNNING",
            "deletion_protection": false,
            "description": "",
            "desired_status": null,
            "effective_labels": {
              "goog-terraform-provisioned": "true"
            },
            "enable_display": false,
            "guest_accelerator": [],
            "hostname": "",
            "id": "projects/security-standards-group-4/zones/us-west1-c/instances/internal-main-instance",
            "instance_id": "2292224216492348921",
            "key_revocation_action_type": "",
            "label_fingerprint": "vezUS-42LLM=",
            "labels": {},
            "machine_type": "e2-medium",
            "metadata": {
              "ssh-keys": "magister:ssh-rsa AAAAB3NzaC1yc2EAAAADAQABAAACAQCs5nwVcl6NLyPbwkof5xk26vAemf2K8JzazkRY3ghvf5Ml3fp1qkcz2ePqhnJD/i228iqw2n1BTI0VqWVki5SQOD9ceCD//m9CtcSk3/SascAyStO67iRCVJUDhkDLva0lri0Vw6ir7b576xKWTvAyCMC9ulrMctGkQiMLSOgJ9WwFd8b24k0Eng2rScDoE7lXU3vFtwh/Xi4nnVsW7XB0YxCw4xzDi6EQVJ9An6MAYYaHZB0qSP2w8azqbkr/pV8hhk9+qYjy89YiMjdJIs3kR7RMdljgviAD83vCu8VAZrJPIQH1cs7oXvfTi+Wvp+CflhSlUQxffifyRyF6VPnwgpEoxXNgrHQkYLpwwja1bKgXccyKU+5yulMvC9G3r3dtUhWxASdW1ok3XTsIfVcSFjyBSzBhUF9jpc1gY0vj7C09gmi3TIhRVikR8/d+ls4n7IDvqZb/oTYiMcsGL9rdlMcRTJW7BfGs5RDIldsA4bPyHl7GEIKzWiYHCd4vYlxts8maTVoXxrNGZ0KJFVZZdacyOTpye6lUDRb8Sjc2v6pxhuqAuBbOuNEW7NUWliM4rBgrtldV2HeC52+uwCQxxdsDviaQSYkZ0MxBbQqjh9ZTM9mZoo5t4bHqCBSLOWGkSwt89Xhug1cJ9zq0uws6ozlmzvib535AlIjRKo3LTQ== aestradao@miumg.edu.gt\n"
            },
            "metadata_fingerprint": "x1CXq6TLXtE=",
            "metadata_startup_script": "#!/bin/bash\ncurl -sSO https://dl.google.com/cloudagents/add-google-cloud-ops-agent-repo.sh\nsudo bash add-google-cloud-ops-agent-repo.sh --also-install\n",
            "min_cpu_platform": "",
            "name": "internal-main-instance",
            "network_interface": [
              {
                "access_config": [],
                "alias_ip_range": [],
                "internal_ipv6_prefix_length": 0,
                "ipv6_access_config": [],
                "ipv6_access_type": "",
                "ipv6_address": "",
                "name": "nic0",
                "network": "https://www.googleapis.com/compute/v1/projects/security-standards-group-4/global/networks/internal-main-vpc",
                "network_ip": "10.0.1.2",
                "nic_type": "",
                "queue_count": 0,
                "stack_type": "IPV4_ONLY",
                "subnetwork": "https://www.googleapis.com/compute/v1/projects/security-standards-group-4/regions/us-west1/subnetworks/internal-main-subnet",
                "subnetwork_project": "security-standards-group-4"
              }
            ],
            "network_performance_config": [],
            "params": [],
            "project": "security-standards-group-4",
            "reservation_affinity": [],
            "resource_policies": [],
            "scheduling": [
              {
                "automatic_restart": true,
                "instance_termination_action": "",
                "local_ssd_recovery_timeout": [],
                "max_run_duration": [],
                "min_node_cpus": 0,
                "node_affinities": [],
                "on_host_maintenance": "MIGRATE",
                "on_instance_stop_action": [],
                "preemptible": false,
                "provisioning_model": "STANDARD"
              }
            ],
            "scratch_disk": [],
            "self_link": "https://www.googleapis.com/compute/v1/projects/security-standards-group-4/zones/us-west1-c/instances/internal-main-instance",
            "service_account": [],
            "shielded_instance_config": [
              {
                "enable_integrity_monitoring": true,
                "enable_secure_boot": false,
                "enable_vtpm": true
              }
            ],
            "tags": [
              "allow-from-lb"
            ],
            "tags_fingerprint": "PgCXI-_P3z8=",
            "terraform_labels": {
              "goog-terraform-provisioned": "true"
            },
            "timeouts": null,
            "zone": "us-west1-c"
          },
          "sensitive_attributes": [
            [
              {
                "type": "get_attr",
                "value": "boot_disk"
              },
              {
                "type": "index",
                "value": {
                  "value": 0,
                  "type": "number"
                }
              },
              {
                "type": "get_attr",
                "value": "disk_encryption_key_raw"
              }
            ]
          ],
          "private": "eyJlMmJmYjczMC1lY2FhLTExZTYtOGY4OC0zNDM2M2JjN2M0YzAiOnsiY3JlYXRlIjoxMjAwMDAwMDAwMDAwLCJkZWxldGUiOjEyMDAwMDAwMDAwMDAsInVwZGF0ZSI6MTIwMDAwMDAwMDAwMH0sInNjaGVtYV92ZXJzaW9uIjoiNiJ9",
          "dependencies": [
            "google_compute_network.internal_main_vpc",
            "google_compute_subnetwork.internal_main_subnet"
          ]
        }
      ]
    },
    {
      "mode": "managed",
      "type": "google_compute_instance",
      "name": "internal_replica_instance",
      "provider": "provider[\"registry.terraform.io/hashicorp/google\"]",
      "instances": [
        {
          "schema_version": 6,
          "attributes": {
            "advanced_machine_features": [],
            "allow_stopping_for_update": null,
            "attached_disk": [],
            "boot_disk": [
              {
                "auto_delete": true,
                "device_name": "persistent-disk-0",
                "disk_encryption_key_raw": "",
                "disk_encryption_key_sha256": "",
                "initialize_params": [
                  {
                    "enable_confidential_compute": false,
                    "image": "https://www.googleapis.com/compute/v1/projects/debian-cloud/global/images/debian-11-bullseye-v20241112",
                    "labels": {},
                    "provisioned_iops": 0,
                    "provisioned_throughput": 0,
                    "resource_manager_tags": {},
                    "resource_policies": [],
                    "size": 10,
                    "storage_pool": "",
                    "type": "pd-standard"
                  }
                ],
                "interface": "",
                "kms_key_self_link": "",
                "mode": "READ_WRITE",
                "source": "https://www.googleapis.com/compute/v1/projects/security-standards-group-4/zones/us-west1-c/disks/internal-replica-instance"
              }
            ],
            "can_ip_forward": false,
            "confidential_instance_config": [],
            "cpu_platform": "Intel Broadwell",
            "creation_timestamp": "2024-11-20T19:38:00.384-08:00",
            "current_status": "RUNNING",
            "deletion_protection": false,
            "description": "",
            "desired_status": null,
            "effective_labels": {
              "goog-terraform-provisioned": "true"
            },
            "enable_display": false,
            "guest_accelerator": [],
            "hostname": "",
            "id": "projects/security-standards-group-4/zones/us-west1-c/instances/internal-replica-instance",
            "instance_id": "8874886816001627640",
            "key_revocation_action_type": "",
            "label_fingerprint": "vezUS-42LLM=",
            "labels": {},
            "machine_type": "e2-medium",
            "metadata": {
              "ssh-keys": "magister:ssh-rsa AAAAB3NzaC1yc2EAAAADAQABAAACAQCs5nwVcl6NLyPbwkof5xk26vAemf2K8JzazkRY3ghvf5Ml3fp1qkcz2ePqhnJD/i228iqw2n1BTI0VqWVki5SQOD9ceCD//m9CtcSk3/SascAyStO67iRCVJUDhkDLva0lri0Vw6ir7b576xKWTvAyCMC9ulrMctGkQiMLSOgJ9WwFd8b24k0Eng2rScDoE7lXU3vFtwh/Xi4nnVsW7XB0YxCw4xzDi6EQVJ9An6MAYYaHZB0qSP2w8azqbkr/pV8hhk9+qYjy89YiMjdJIs3kR7RMdljgviAD83vCu8VAZrJPIQH1cs7oXvfTi+Wvp+CflhSlUQxffifyRyF6VPnwgpEoxXNgrHQkYLpwwja1bKgXccyKU+5yulMvC9G3r3dtUhWxASdW1ok3XTsIfVcSFjyBSzBhUF9jpc1gY0vj7C09gmi3TIhRVikR8/d+ls4n7IDvqZb/oTYiMcsGL9rdlMcRTJW7BfGs5RDIldsA4bPyHl7GEIKzWiYHCd4vYlxts8maTVoXxrNGZ0KJFVZZdacyOTpye6lUDRb8Sjc2v6pxhuqAuBbOuNEW7NUWliM4rBgrtldV2HeC52+uwCQxxdsDviaQSYkZ0MxBbQqjh9ZTM9mZoo5t4bHqCBSLOWGkSwt89Xhug1cJ9zq0uws6ozlmzvib535AlIjRKo3LTQ== aestradao@miumg.edu.gt\n"
            },
            "metadata_fingerprint": "x1CXq6TLXtE=",
            "metadata_startup_script": "#!/bin/bash\ncurl -sSO https://dl.google.com/cloudagents/add-google-cloud-ops-agent-repo.sh\nsudo bash add-google-cloud-ops-agent-repo.sh --also-install\n",
            "min_cpu_platform": "",
            "name": "internal-replica-instance",
            "network_interface": [
              {
                "access_config": [],
                "alias_ip_range": [],
                "internal_ipv6_prefix_length": 0,
                "ipv6_access_config": [],
                "ipv6_access_type": "",
                "ipv6_address": "",
                "name": "nic0",
                "network": "https://www.googleapis.com/compute/v1/projects/security-standards-group-4/global/networks/internal-replica-vpc",
                "network_ip": "10.0.2.2",
                "nic_type": "",
                "queue_count": 0,
                "stack_type": "IPV4_ONLY",
                "subnetwork": "https://www.googleapis.com/compute/v1/projects/security-standards-group-4/regions/us-west1/subnetworks/internal-replica-subnet",
                "subnetwork_project": "security-standards-group-4"
              }
            ],
            "network_performance_config": [],
            "params": [],
            "project": "security-standards-group-4",
            "reservation_affinity": [],
            "resource_policies": [],
            "scheduling": [
              {
                "automatic_restart": true,
                "instance_termination_action": "",
                "local_ssd_recovery_timeout": [],
                "max_run_duration": [],
                "min_node_cpus": 0,
                "node_affinities": [],
                "on_host_maintenance": "MIGRATE",
                "on_instance_stop_action": [],
                "preemptible": false,
                "provisioning_model": "STANDARD"
              }
            ],
            "scratch_disk": [],
            "self_link": "https://www.googleapis.com/compute/v1/projects/security-standards-group-4/zones/us-west1-c/instances/internal-replica-instance",
            "service_account": [],
            "shielded_instance_config": [
              {
                "enable_integrity_monitoring": true,
                "enable_secure_boot": false,
                "enable_vtpm": true
              }
            ],
            "tags": [
              "allow-from-lb"
            ],
            "tags_fingerprint": "PgCXI-_P3z8=",
            "terraform_labels": {
              "goog-terraform-provisioned": "true"
            },
            "timeouts": null,
            "zone": "us-west1-c"
          },
          "sensitive_attributes": [
            [
              {
                "type": "get_attr",
                "value": "boot_disk"
              },
              {
                "type": "index",
                "value": {
                  "value": 0,
                  "type": "number"
                }
              },
              {
                "type": "get_attr",
                "value": "disk_encryption_key_raw"
              }
            ]
          ],
          "private": "eyJlMmJmYjczMC1lY2FhLTExZTYtOGY4OC0zNDM2M2JjN2M0YzAiOnsiY3JlYXRlIjoxMjAwMDAwMDAwMDAwLCJkZWxldGUiOjEyMDAwMDAwMDAwMDAsInVwZGF0ZSI6MTIwMDAwMDAwMDAwMH0sInNjaGVtYV92ZXJzaW9uIjoiNiJ9",
          "dependencies": [
            "google_compute_network.internal_replica_vpc",
            "google_compute_subnetwork.internal_replica_subnet"
          ]
        }
      ]
    },
    {
      "mode": "managed",
      "type": "google_compute_instance",
      "name": "management_instance",
      "provider": "provider[\"registry.terraform.io/hashicorp/google\"]",
      "instances": [
        {
          "schema_version": 6,
          "attributes": {
            "advanced_machine_features": [],
            "allow_stopping_for_update": null,
            "attached_disk": [],
            "boot_disk": [
              {
                "auto_delete": true,
                "device_name": "persistent-disk-0",
                "disk_encryption_key_raw": "",
                "disk_encryption_key_sha256": "",
                "initialize_params": [
                  {
                    "enable_confidential_compute": false,
                    "image": "https://www.googleapis.com/compute/v1/projects/debian-cloud/global/images/debian-11-bullseye-v20241112",
                    "labels": {},
                    "provisioned_iops": 0,
                    "provisioned_throughput": 0,
                    "resource_manager_tags": {},
                    "resource_policies": [],
                    "size": 10,
                    "storage_pool": "",
                    "type": "pd-standard"
                  }
                ],
                "interface": "",
                "kms_key_self_link": "",
                "mode": "READ_WRITE",
                "source": "https://www.googleapis.com/compute/v1/projects/security-standards-group-4/zones/us-west1-c/disks/management-instance"
              }
            ],
            "can_ip_forward": false,
            "confidential_instance_config": [],
            "cpu_platform": "Intel Broadwell",
            "creation_timestamp": "2024-11-20T19:37:59.832-08:00",
            "current_status": "RUNNING",
            "deletion_protection": false,
            "description": "",
            "desired_status": null,
            "effective_labels": {
              "goog-terraform-provisioned": "true"
            },
            "enable_display": false,
            "guest_accelerator": [],
            "hostname": "",
            "id": "projects/security-standards-group-4/zones/us-west1-c/instances/management-instance",
            "instance_id": "5425020486575920632",
            "key_revocation_action_type": "",
            "label_fingerprint": "vezUS-42LLM=",
            "labels": {},
            "machine_type": "e2-medium",
            "metadata": {
              "ssh-keys": "magister:ssh-rsa AAAAB3NzaC1yc2EAAAADAQABAAACAQCs5nwVcl6NLyPbwkof5xk26vAemf2K8JzazkRY3ghvf5Ml3fp1qkcz2ePqhnJD/i228iqw2n1BTI0VqWVki5SQOD9ceCD//m9CtcSk3/SascAyStO67iRCVJUDhkDLva0lri0Vw6ir7b576xKWTvAyCMC9ulrMctGkQiMLSOgJ9WwFd8b24k0Eng2rScDoE7lXU3vFtwh/Xi4nnVsW7XB0YxCw4xzDi6EQVJ9An6MAYYaHZB0qSP2w8azqbkr/pV8hhk9+qYjy89YiMjdJIs3kR7RMdljgviAD83vCu8VAZrJPIQH1cs7oXvfTi+Wvp+CflhSlUQxffifyRyF6VPnwgpEoxXNgrHQkYLpwwja1bKgXccyKU+5yulMvC9G3r3dtUhWxASdW1ok3XTsIfVcSFjyBSzBhUF9jpc1gY0vj7C09gmi3TIhRVikR8/d+ls4n7IDvqZb/oTYiMcsGL9rdlMcRTJW7BfGs5RDIldsA4bPyHl7GEIKzWiYHCd4vYlxts8maTVoXxrNGZ0KJFVZZdacyOTpye6lUDRb8Sjc2v6pxhuqAuBbOuNEW7NUWliM4rBgrtldV2HeC52+uwCQxxdsDviaQSYkZ0MxBbQqjh9ZTM9mZoo5t4bHqCBSLOWGkSwt89Xhug1cJ9zq0uws6ozlmzvib535AlIjRKo3LTQ== aestradao@miumg.edu.gt\n"
            },
            "metadata_fingerprint": "x1CXq6TLXtE=",
            "metadata_startup_script": "#!/bin/bash\ncurl -sSO https://dl.google.com/cloudagents/add-google-cloud-ops-agent-repo.sh\nsudo bash add-google-cloud-ops-agent-repo.sh --also-install\n",
            "min_cpu_platform": "",
            "name": "management-instance",
            "network_interface": [
              {
                "access_config": [
                  {
                    "nat_ip": "34.127.3.231",
                    "network_tier": "PREMIUM",
                    "public_ptr_domain_name": ""
                  }
                ],
                "alias_ip_range": [],
                "internal_ipv6_prefix_length": 0,
                "ipv6_access_config": [],
                "ipv6_access_type": "",
                "ipv6_address": "",
                "name": "nic0",
                "network": "https://www.googleapis.com/compute/v1/projects/security-standards-group-4/global/networks/management-vpc",
                "network_ip": "10.0.3.3",
                "nic_type": "",
                "queue_count": 0,
                "stack_type": "IPV4_ONLY",
                "subnetwork": "https://www.googleapis.com/compute/v1/projects/security-standards-group-4/regions/us-west1/subnetworks/management-subnet",
                "subnetwork_project": "security-standards-group-4"
              }
            ],
            "network_performance_config": [],
            "params": [],
            "project": "security-standards-group-4",
            "reservation_affinity": [],
            "resource_policies": [],
            "scheduling": [
              {
                "automatic_restart": true,
                "instance_termination_action": "",
                "local_ssd_recovery_timeout": [],
                "max_run_duration": [],
                "min_node_cpus": 0,
                "node_affinities": [],
                "on_host_maintenance": "MIGRATE",
                "on_instance_stop_action": [],
                "preemptible": false,
                "provisioning_model": "STANDARD"
              }
            ],
            "scratch_disk": [],
            "self_link": "https://www.googleapis.com/compute/v1/projects/security-standards-group-4/zones/us-west1-c/instances/management-instance",
            "service_account": [],
            "shielded_instance_config": [
              {
                "enable_integrity_monitoring": true,
                "enable_secure_boot": false,
                "enable_vtpm": true
              }
            ],
            "tags": [],
            "tags_fingerprint": "42WmSpB8rSM=",
            "terraform_labels": {
              "goog-terraform-provisioned": "true"
            },
            "timeouts": null,
            "zone": "us-west1-c"
          },
          "sensitive_attributes": [
            [
              {
                "type": "get_attr",
                "value": "boot_disk"
              },
              {
                "type": "index",
                "value": {
                  "value": 0,
                  "type": "number"
                }
              },
              {
                "type": "get_attr",
                "value": "disk_encryption_key_raw"
              }
            ]
          ],
          "private": "eyJlMmJmYjczMC1lY2FhLTExZTYtOGY4OC0zNDM2M2JjN2M0YzAiOnsiY3JlYXRlIjoxMjAwMDAwMDAwMDAwLCJkZWxldGUiOjEyMDAwMDAwMDAwMDAsInVwZGF0ZSI6MTIwMDAwMDAwMDAwMH0sInNjaGVtYV92ZXJzaW9uIjoiNiJ9",
          "dependencies": [
            "google_compute_network.management_vpc",
            "google_compute_subnetwork.management_subnet"
          ]
        }
      ]
    },
    {
      "mode": "managed",
      "type": "google_compute_instance_group",
      "name": "main_instance_group",
      "provider": "provider[\"registry.terraform.io/hashicorp/google\"]",
      "instances": [
        {
          "schema_version": 2,
          "attributes": {
            "description": "",
            "id": "projects/security-standards-group-4/zones/us-west1-c/instanceGroups/main-instance-group",
            "instances": [
              "https://www.googleapis.com/compute/v1/projects/security-standards-group-4/zones/us-west1-c/instances/internal-main-instance"
            ],
            "name": "main-instance-group",
            "named_port": [],
            "network": "https://www.googleapis.com/compute/v1/projects/security-standards-group-4/global/networks/internal-main-vpc",
            "project": "security-standards-group-4",
            "self_link": "https://www.googleapis.com/compute/v1/projects/security-standards-group-4/zones/us-west1-c/instanceGroups/main-instance-group",
            "size": 1,
            "timeouts": null,
            "zone": "us-west1-c"
          },
          "sensitive_attributes": [],
          "private": "eyJlMmJmYjczMC1lY2FhLTExZTYtOGY4OC0zNDM2M2JjN2M0YzAiOnsiY3JlYXRlIjozNjAwMDAwMDAwMDAsImRlbGV0ZSI6MzYwMDAwMDAwMDAwLCJ1cGRhdGUiOjM2MDAwMDAwMDAwMH0sInNjaGVtYV92ZXJzaW9uIjoiMiJ9",
          "dependencies": [
            "google_compute_instance.internal_main_instance",
            "google_compute_network.internal_main_vpc",
            "google_compute_subnetwork.internal_main_subnet"
          ]
        }
      ]
    },
    {
      "mode": "managed",
      "type": "google_compute_instance_group",
      "name": "replica_instance_group",
      "provider": "provider[\"registry.terraform.io/hashicorp/google\"]",
      "instances": [
        {
          "schema_version": 2,
          "attributes": {
            "description": "",
            "id": "projects/security-standards-group-4/zones/us-west1-c/instanceGroups/replica-instance-group",
            "instances": [
              "https://www.googleapis.com/compute/v1/projects/security-standards-group-4/zones/us-west1-c/instances/internal-replica-instance"
            ],
            "name": "replica-instance-group",
            "named_port": [],
            "network": "https://www.googleapis.com/compute/v1/projects/security-standards-group-4/global/networks/internal-replica-vpc",
            "project": "security-standards-group-4",
            "self_link": "https://www.googleapis.com/compute/v1/projects/security-standards-group-4/zones/us-west1-c/instanceGroups/replica-instance-group",
            "size": 1,
            "timeouts": null,
            "zone": "us-west1-c"
          },
          "sensitive_attributes": [],
          "private": "eyJlMmJmYjczMC1lY2FhLTExZTYtOGY4OC0zNDM2M2JjN2M0YzAiOnsiY3JlYXRlIjozNjAwMDAwMDAwMDAsImRlbGV0ZSI6MzYwMDAwMDAwMDAwLCJ1cGRhdGUiOjM2MDAwMDAwMDAwMH0sInNjaGVtYV92ZXJzaW9uIjoiMiJ9",
          "dependencies": [
            "google_compute_instance.internal_replica_instance",
            "google_compute_network.internal_replica_vpc",
            "google_compute_subnetwork.internal_replica_subnet"
          ]
        }
      ]
    },
    {
      "mode": "managed",
      "type": "google_compute_network",
      "name": "dmz_vpc",
      "provider": "provider[\"registry.terraform.io/hashicorp/google\"]",
      "instances": [
        {
          "schema_version": 0,
          "attributes": {
            "auto_create_subnetworks": false,
            "delete_default_routes_on_create": false,
            "description": "",
            "enable_ula_internal_ipv6": false,
            "gateway_ipv4": "",
            "id": "projects/security-standards-group-4/global/networks/dmz-vpc",
            "internal_ipv6_range": "",
            "mtu": 0,
            "name": "dmz-vpc",
            "network_firewall_policy_enforcement_order": "AFTER_CLASSIC_FIREWALL",
            "numeric_id": "3492649343588176904",
            "project": "security-standards-group-4",
            "routing_mode": "REGIONAL",
            "self_link": "https://www.googleapis.com/compute/v1/projects/security-standards-group-4/global/networks/dmz-vpc",
            "timeouts": null
          },
          "sensitive_attributes": [],
          "private": "eyJlMmJmYjczMC1lY2FhLTExZTYtOGY4OC0zNDM2M2JjN2M0YzAiOnsiY3JlYXRlIjoxMjAwMDAwMDAwMDAwLCJkZWxldGUiOjEyMDAwMDAwMDAwMDAsInVwZGF0ZSI6MTIwMDAwMDAwMDAwMH19"
        }
      ]
    },
    {
      "mode": "managed",
      "type": "google_compute_network",
      "name": "internal_main_vpc",
      "provider": "provider[\"registry.terraform.io/hashicorp/google\"]",
      "instances": [
        {
          "schema_version": 0,
          "attributes": {
            "auto_create_subnetworks": false,
            "delete_default_routes_on_create": false,
            "description": "",
            "enable_ula_internal_ipv6": false,
            "gateway_ipv4": "",
            "id": "projects/security-standards-group-4/global/networks/internal-main-vpc",
            "internal_ipv6_range": "",
            "mtu": 0,
            "name": "internal-main-vpc",
            "network_firewall_policy_enforcement_order": "AFTER_CLASSIC_FIREWALL",
            "numeric_id": "8186610382602966024",
            "project": "security-standards-group-4",
            "routing_mode": "REGIONAL",
            "self_link": "https://www.googleapis.com/compute/v1/projects/security-standards-group-4/global/networks/internal-main-vpc",
            "timeouts": null
          },
          "sensitive_attributes": [],
          "private": "eyJlMmJmYjczMC1lY2FhLTExZTYtOGY4OC0zNDM2M2JjN2M0YzAiOnsiY3JlYXRlIjoxMjAwMDAwMDAwMDAwLCJkZWxldGUiOjEyMDAwMDAwMDAwMDAsInVwZGF0ZSI6MTIwMDAwMDAwMDAwMH19"
        }
      ]
    },
    {
      "mode": "managed",
      "type": "google_compute_network",
      "name": "internal_replica_vpc",
      "provider": "provider[\"registry.terraform.io/hashicorp/google\"]",
      "instances": [
        {
          "schema_version": 0,
          "attributes": {
            "auto_create_subnetworks": false,
            "delete_default_routes_on_create": false,
            "description": "",
            "enable_ula_internal_ipv6": false,
            "gateway_ipv4": "",
            "id": "projects/security-standards-group-4/global/networks/internal-replica-vpc",
            "internal_ipv6_range": "",
            "mtu": 0,
            "name": "internal-replica-vpc",
            "network_firewall_policy_enforcement_order": "AFTER_CLASSIC_FIREWALL",
            "numeric_id": "5057412616508609543",
            "project": "security-standards-group-4",
            "routing_mode": "REGIONAL",
            "self_link": "https://www.googleapis.com/compute/v1/projects/security-standards-group-4/global/networks/internal-replica-vpc",
            "timeouts": null
          },
          "sensitive_attributes": [],
          "private": "eyJlMmJmYjczMC1lY2FhLTExZTYtOGY4OC0zNDM2M2JjN2M0YzAiOnsiY3JlYXRlIjoxMjAwMDAwMDAwMDAwLCJkZWxldGUiOjEyMDAwMDAwMDAwMDAsInVwZGF0ZSI6MTIwMDAwMDAwMDAwMH19"
        }
      ]
    },
    {
      "mode": "managed",
      "type": "google_compute_network",
      "name": "management_vpc",
      "provider": "provider[\"registry.terraform.io/hashicorp/google\"]",
      "instances": [
        {
          "schema_version": 0,
          "attributes": {
            "auto_create_subnetworks": false,
            "delete_default_routes_on_create": false,
            "description": "",
            "enable_ula_internal_ipv6": false,
            "gateway_ipv4": "",
            "id": "projects/security-standards-group-4/global/networks/management-vpc",
            "internal_ipv6_range": "",
            "mtu": 0,
            "name": "management-vpc",
            "network_firewall_policy_enforcement_order": "AFTER_CLASSIC_FIREWALL",
            "numeric_id": "572103884757210120",
            "project": "security-standards-group-4",
            "routing_mode": "REGIONAL",
            "self_link": "https://www.googleapis.com/compute/v1/projects/security-standards-group-4/global/networks/management-vpc",
            "timeouts": null
          },
          "sensitive_attributes": [],
          "private": "eyJlMmJmYjczMC1lY2FhLTExZTYtOGY4OC0zNDM2M2JjN2M0YzAiOnsiY3JlYXRlIjoxMjAwMDAwMDAwMDAwLCJkZWxldGUiOjEyMDAwMDAwMDAwMDAsInVwZGF0ZSI6MTIwMDAwMDAwMDAwMH19"
        }
      ]
    },
    {
      "mode": "managed",
      "type": "google_compute_network_peering",
      "name": "dmz_to_management",
      "provider": "provider[\"registry.terraform.io/hashicorp/google\"]",
      "instances": [
        {
          "schema_version": 0,
          "attributes": {
            "export_custom_routes": false,
            "export_subnet_routes_with_public_ip": true,
            "id": "dmz-vpc/dmz-to-management",
            "import_custom_routes": false,
            "import_subnet_routes_with_public_ip": false,
            "name": "dmz-to-management",
            "network": "projects/security-standards-group-4/global/networks/dmz-vpc",
            "peer_network": "https://www.googleapis.com/compute/v1/projects/security-standards-group-4/global/networks/management-vpc",
            "stack_type": "IPV4_ONLY",
            "state": "ACTIVE",
            "state_details": "[2024-11-20T20:05:43.214-08:00]: Connected.",
            "timeouts": null
          },
          "sensitive_attributes": [],
          "private": "eyJlMmJmYjczMC1lY2FhLTExZTYtOGY4OC0zNDM2M2JjN2M0YzAiOnsiY3JlYXRlIjoyNDAwMDAwMDAwMDAsImRlbGV0ZSI6MjQwMDAwMDAwMDAwLCJ1cGRhdGUiOjI0MDAwMDAwMDAwMH19",
          "dependencies": [
            "google_compute_network.dmz_vpc",
            "google_compute_network.management_vpc"
          ]
        }
      ]
    },
    {
      "mode": "managed",
      "type": "google_compute_network_peering",
      "name": "internal_main_to_management",
      "provider": "provider[\"registry.terraform.io/hashicorp/google\"]",
      "instances": [
        {
          "schema_version": 0,
          "attributes": {
            "export_custom_routes": false,
            "export_subnet_routes_with_public_ip": true,
            "id": "internal-main-vpc/internal-main-to-management",
            "import_custom_routes": false,
            "import_subnet_routes_with_public_ip": false,
            "name": "internal-main-to-management",
            "network": "projects/security-standards-group-4/global/networks/internal-main-vpc",
            "peer_network": "https://www.googleapis.com/compute/v1/projects/security-standards-group-4/global/networks/management-vpc",
            "stack_type": "IPV4_ONLY",
            "state": "ACTIVE",
            "state_details": "[2024-11-20T19:38:00.277-08:00]: Connected.",
            "timeouts": null
          },
          "sensitive_attributes": [],
          "private": "eyJlMmJmYjczMC1lY2FhLTExZTYtOGY4OC0zNDM2M2JjN2M0YzAiOnsiY3JlYXRlIjoyNDAwMDAwMDAwMDAsImRlbGV0ZSI6MjQwMDAwMDAwMDAwLCJ1cGRhdGUiOjI0MDAwMDAwMDAwMH19",
          "dependencies": [
            "google_compute_network.internal_main_vpc",
            "google_compute_network.management_vpc"
          ]
        }
      ]
    },
    {
      "mode": "managed",
      "type": "google_compute_network_peering",
      "name": "internal_replica_to_management",
      "provider": "provider[\"registry.terraform.io/hashicorp/google\"]",
      "instances": [
        {
          "schema_version": 0,
          "attributes": {
            "export_custom_routes": false,
            "export_subnet_routes_with_public_ip": true,
            "id": "internal-replica-vpc/internal-replica-to-management",
            "import_custom_routes": false,
            "import_subnet_routes_with_public_ip": false,
            "name": "internal-replica-to-management",
            "network": "projects/security-standards-group-4/global/networks/internal-replica-vpc",
            "peer_network": "https://www.googleapis.com/compute/v1/projects/security-standards-group-4/global/networks/management-vpc",
            "stack_type": "IPV4_ONLY",
            "state": "ACTIVE",
            "state_details": "[2024-11-20T20:05:21.133-08:00]: Connected.",
            "timeouts": null
          },
          "sensitive_attributes": [],
          "private": "eyJlMmJmYjczMC1lY2FhLTExZTYtOGY4OC0zNDM2M2JjN2M0YzAiOnsiY3JlYXRlIjoyNDAwMDAwMDAwMDAsImRlbGV0ZSI6MjQwMDAwMDAwMDAwLCJ1cGRhdGUiOjI0MDAwMDAwMDAwMH19",
          "dependencies": [
            "google_compute_network.internal_replica_vpc",
            "google_compute_network.management_vpc"
          ]
        }
      ]
    },
    {
      "mode": "managed",
      "type": "google_compute_network_peering",
      "name": "management_to_dmz",
      "provider": "provider[\"registry.terraform.io/hashicorp/google\"]",
      "instances": [
        {
          "schema_version": 0,
          "attributes": {
            "export_custom_routes": false,
            "export_subnet_routes_with_public_ip": true,
            "id": "management-vpc/management-to-dmz",
            "import_custom_routes": false,
            "import_subnet_routes_with_public_ip": false,
            "name": "management-to-dmz",
            "network": "projects/security-standards-group-4/global/networks/management-vpc",
            "peer_network": "https://www.googleapis.com/compute/v1/projects/security-standards-group-4/global/networks/dmz-vpc",
            "stack_type": "IPV4_ONLY",
            "state": "ACTIVE",
            "state_details": "[2024-11-20T20:05:43.214-08:00]: Connected.",
            "timeouts": null
          },
          "sensitive_attributes": [],
          "private": "eyJlMmJmYjczMC1lY2FhLTExZTYtOGY4OC0zNDM2M2JjN2M0YzAiOnsiY3JlYXRlIjoyNDAwMDAwMDAwMDAsImRlbGV0ZSI6MjQwMDAwMDAwMDAwLCJ1cGRhdGUiOjI0MDAwMDAwMDAwMH19",
          "dependencies": [
            "google_compute_network.dmz_vpc",
            "google_compute_network.management_vpc"
          ]
        }
      ]
    },
    {
      "mode": "managed",
      "type": "google_compute_network_peering",
      "name": "management_to_internal_main",
      "provider": "provider[\"registry.terraform.io/hashicorp/google\"]",
      "instances": [
        {
          "schema_version": 0,
          "attributes": {
            "export_custom_routes": false,
            "export_subnet_routes_with_public_ip": true,
            "id": "management-vpc/management-to-internal-main",
            "import_custom_routes": false,
            "import_subnet_routes_with_public_ip": false,
            "name": "management-to-internal-main",
            "network": "projects/security-standards-group-4/global/networks/management-vpc",
            "peer_network": "https://www.googleapis.com/compute/v1/projects/security-standards-group-4/global/networks/internal-main-vpc",
            "stack_type": "IPV4_ONLY",
            "state": "ACTIVE",
            "state_details": "[2024-11-20T19:38:00.277-08:00]: Connected.",
            "timeouts": null
          },
          "sensitive_attributes": [],
          "private": "eyJlMmJmYjczMC1lY2FhLTExZTYtOGY4OC0zNDM2M2JjN2M0YzAiOnsiY3JlYXRlIjoyNDAwMDAwMDAwMDAsImRlbGV0ZSI6MjQwMDAwMDAwMDAwLCJ1cGRhdGUiOjI0MDAwMDAwMDAwMH19",
          "dependencies": [
            "google_compute_network.internal_main_vpc",
            "google_compute_network.management_vpc"
          ]
        }
      ]
    },
    {
      "mode": "managed",
      "type": "google_compute_network_peering",
      "name": "management_to_internal_replica",
      "provider": "provider[\"registry.terraform.io/hashicorp/google\"]",
      "instances": [
        {
          "schema_version": 0,
          "attributes": {
            "export_custom_routes": false,
            "export_subnet_routes_with_public_ip": true,
            "id": "management-vpc/management-to-internal-replica",
            "import_custom_routes": false,
            "import_subnet_routes_with_public_ip": false,
            "name": "management-to-internal-replica",
            "network": "projects/security-standards-group-4/global/networks/management-vpc",
            "peer_network": "https://www.googleapis.com/compute/v1/projects/security-standards-group-4/global/networks/internal-replica-vpc",
            "stack_type": "IPV4_ONLY",
            "state": "ACTIVE",
            "state_details": "[2024-11-20T20:05:21.133-08:00]: Connected.",
            "timeouts": null
          },
          "sensitive_attributes": [],
          "private": "eyJlMmJmYjczMC1lY2FhLTExZTYtOGY4OC0zNDM2M2JjN2M0YzAiOnsiY3JlYXRlIjoyNDAwMDAwMDAwMDAsImRlbGV0ZSI6MjQwMDAwMDAwMDAwLCJ1cGRhdGUiOjI0MDAwMDAwMDAwMH19",
          "dependencies": [
            "google_compute_network.internal_replica_vpc",
            "google_compute_network.management_vpc"
          ]
        }
      ]
    },
    {
      "mode": "managed",
      "type": "google_compute_project_metadata",
      "name": "default",
      "provider": "provider[\"registry.terraform.io/hashicorp/google\"]",
      "instances": [
        {
          "schema_version": 0,
          "attributes": {
            "id": "security-standards-group-4",
            "metadata": {
              "ssh-keys": "magister:ssh-rsa AAAAB3NzaC1yc2EAAAADAQABAAACAQCs5nwVcl6NLyPbwkof5xk26vAemf2K8JzazkRY3ghvf5Ml3fp1qkcz2ePqhnJD/i228iqw2n1BTI0VqWVki5SQOD9ceCD//m9CtcSk3/SascAyStO67iRCVJUDhkDLva0lri0Vw6ir7b576xKWTvAyCMC9ulrMctGkQiMLSOgJ9WwFd8b24k0Eng2rScDoE7lXU3vFtwh/Xi4nnVsW7XB0YxCw4xzDi6EQVJ9An6MAYYaHZB0qSP2w8azqbkr/pV8hhk9+qYjy89YiMjdJIs3kR7RMdljgviAD83vCu8VAZrJPIQH1cs7oXvfTi+Wvp+CflhSlUQxffifyRyF6VPnwgpEoxXNgrHQkYLpwwja1bKgXccyKU+5yulMvC9G3r3dtUhWxASdW1ok3XTsIfVcSFjyBSzBhUF9jpc1gY0vj7C09gmi3TIhRVikR8/d+ls4n7IDvqZb/oTYiMcsGL9rdlMcRTJW7BfGs5RDIldsA4bPyHl7GEIKzWiYHCd4vYlxts8maTVoXxrNGZ0KJFVZZdacyOTpye6lUDRb8Sjc2v6pxhuqAuBbOuNEW7NUWliM4rBgrtldV2HeC52+uwCQxxdsDviaQSYkZ0MxBbQqjh9ZTM9mZoo5t4bHqCBSLOWGkSwt89Xhug1cJ9zq0uws6ozlmzvib535AlIjRKo3LTQ== aestradao@miumg.edu.gt\n"
            },
            "project": "security-standards-group-4",
            "timeouts": null
          },
          "sensitive_attributes": [],
          "private": "eyJlMmJmYjczMC1lY2FhLTExZTYtOGY4OC0zNDM2M2JjN2M0YzAiOnsiY3JlYXRlIjoyNDAwMDAwMDAwMDAsImRlbGV0ZSI6MjQwMDAwMDAwMDAwfX0="
        }
      ]
    },
    {
      "mode": "managed",
      "type": "google_compute_region_health_check",
      "name": "tcp_health_check",
      "provider": "provider[\"registry.terraform.io/hashicorp/google\"]",
      "instances": [
        {
          "schema_version": 0,
          "attributes": {
            "check_interval_sec": 10,
            "creation_timestamp": "2024-11-20T20:05:18.566-08:00",
            "description": "",
            "grpc_health_check": [],
            "healthy_threshold": 2,
            "http2_health_check": [],
            "http_health_check": [],
            "https_health_check": [],
            "id": "projects/security-standards-group-4/regions/us-west1/healthChecks/tcp-health-check",
            "log_config": [
              {
                "enable": false
              }
            ],
            "name": "tcp-health-check",
            "project": "security-standards-group-4",
            "region": "us-west1",
            "self_link": "https://www.googleapis.com/compute/v1/projects/security-standards-group-4/regions/us-west1/healthChecks/tcp-health-check",
            "ssl_health_check": [],
            "tcp_health_check": [
              {
                "port": 80,
                "port_name": "",
                "port_specification": "",
                "proxy_header": "NONE",
                "request": "",
                "response": ""
              }
            ],
            "timeout_sec": 5,
            "timeouts": null,
            "type": "TCP",
            "unhealthy_threshold": 3
          },
          "sensitive_attributes": [],
          "private": "eyJlMmJmYjczMC1lY2FhLTExZTYtOGY4OC0zNDM2M2JjN2M0YzAiOnsiY3JlYXRlIjoxMjAwMDAwMDAwMDAwLCJkZWxldGUiOjEyMDAwMDAwMDAwMDAsInVwZGF0ZSI6MTIwMDAwMDAwMDAwMH19"
        }
      ]
    },
    {
      "mode": "managed",
      "type": "google_compute_subnetwork",
      "name": "dmz_subnet",
      "provider": "provider[\"registry.terraform.io/hashicorp/google\"]",
      "instances": [
        {
          "schema_version": 0,
          "attributes": {
            "creation_timestamp": "2024-11-20T19:37:45.524-08:00",
            "description": "",
            "external_ipv6_prefix": "",
            "fingerprint": null,
            "gateway_address": "10.0.4.1",
            "id": "projects/security-standards-group-4/regions/us-west1/subnetworks/dmz-subnet",
            "internal_ipv6_prefix": "",
            "ip_cidr_range": "10.0.4.0/24",
            "ipv6_access_type": "",
            "ipv6_cidr_range": "",
            "log_config": [],
            "name": "dmz-subnet",
            "network": "https://www.googleapis.com/compute/v1/projects/security-standards-group-4/global/networks/dmz-vpc",
            "private_ip_google_access": false,
            "private_ipv6_google_access": "DISABLE_GOOGLE_ACCESS",
            "project": "security-standards-group-4",
            "purpose": "PRIVATE",
            "region": "us-west1",
            "reserved_internal_range": "",
            "role": "",
            "secondary_ip_range": [],
            "self_link": "https://www.googleapis.com/compute/v1/projects/security-standards-group-4/regions/us-west1/subnetworks/dmz-subnet",
            "send_secondary_ip_range_if_empty": null,
            "stack_type": "IPV4_ONLY",
            "timeouts": null
          },
          "sensitive_attributes": [],
          "private": "eyJlMmJmYjczMC1lY2FhLTExZTYtOGY4OC0zNDM2M2JjN2M0YzAiOnsiY3JlYXRlIjoxMjAwMDAwMDAwMDAwLCJkZWxldGUiOjEyMDAwMDAwMDAwMDAsInVwZGF0ZSI6MTIwMDAwMDAwMDAwMH19",
          "dependencies": [
            "google_compute_network.dmz_vpc"
          ]
        }
      ]
    },
    {
      "mode": "managed",
      "type": "google_compute_subnetwork",
      "name": "internal_main_subnet",
      "provider": "provider[\"registry.terraform.io/hashicorp/google\"]",
      "instances": [
        {
          "schema_version": 0,
          "attributes": {
            "creation_timestamp": "2024-11-20T19:37:34.429-08:00",
            "description": "",
            "external_ipv6_prefix": "",
            "fingerprint": null,
            "gateway_address": "10.0.1.1",
            "id": "projects/security-standards-group-4/regions/us-west1/subnetworks/internal-main-subnet",
            "internal_ipv6_prefix": "",
            "ip_cidr_range": "10.0.1.0/24",
            "ipv6_access_type": "",
            "ipv6_cidr_range": "",
            "log_config": [],
            "name": "internal-main-subnet",
            "network": "https://www.googleapis.com/compute/v1/projects/security-standards-group-4/global/networks/internal-main-vpc",
            "private_ip_google_access": false,
            "private_ipv6_google_access": "DISABLE_GOOGLE_ACCESS",
            "project": "security-standards-group-4",
            "purpose": "PRIVATE",
            "region": "us-west1",
            "reserved_internal_range": "",
            "role": "",
            "secondary_ip_range": [],
            "self_link": "https://www.googleapis.com/compute/v1/projects/security-standards-group-4/regions/us-west1/subnetworks/internal-main-subnet",
            "send_secondary_ip_range_if_empty": null,
            "stack_type": "IPV4_ONLY",
            "timeouts": null
          },
          "sensitive_attributes": [],
          "private": "eyJlMmJmYjczMC1lY2FhLTExZTYtOGY4OC0zNDM2M2JjN2M0YzAiOnsiY3JlYXRlIjoxMjAwMDAwMDAwMDAwLCJkZWxldGUiOjEyMDAwMDAwMDAwMDAsInVwZGF0ZSI6MTIwMDAwMDAwMDAwMH19",
          "dependencies": [
            "google_compute_network.internal_main_vpc"
          ]
        }
      ]
    },
    {
      "mode": "managed",
      "type": "google_compute_subnetwork",
      "name": "internal_replica_subnet",
      "provider": "provider[\"registry.terraform.io/hashicorp/google\"]",
      "instances": [
        {
          "schema_version": 0,
          "attributes": {
            "creation_timestamp": "2024-11-20T19:37:35.090-08:00",
            "description": "",
            "external_ipv6_prefix": "",
            "fingerprint": null,
            "gateway_address": "10.0.2.1",
            "id": "projects/security-standards-group-4/regions/us-west1/subnetworks/internal-replica-subnet",
            "internal_ipv6_prefix": "",
            "ip_cidr_range": "10.0.2.0/24",
            "ipv6_access_type": "",
            "ipv6_cidr_range": "",
            "log_config": [],
            "name": "internal-replica-subnet",
            "network": "https://www.googleapis.com/compute/v1/projects/security-standards-group-4/global/networks/internal-replica-vpc",
            "private_ip_google_access": false,
            "private_ipv6_google_access": "DISABLE_GOOGLE_ACCESS",
            "project": "security-standards-group-4",
            "purpose": "PRIVATE",
            "region": "us-west1",
            "reserved_internal_range": "",
            "role": "",
            "secondary_ip_range": [],
            "self_link": "https://www.googleapis.com/compute/v1/projects/security-standards-group-4/regions/us-west1/subnetworks/internal-replica-subnet",
            "send_secondary_ip_range_if_empty": null,
            "stack_type": "IPV4_ONLY",
            "timeouts": null
          },
          "sensitive_attributes": [],
          "private": "eyJlMmJmYjczMC1lY2FhLTExZTYtOGY4OC0zNDM2M2JjN2M0YzAiOnsiY3JlYXRlIjoxMjAwMDAwMDAwMDAwLCJkZWxldGUiOjEyMDAwMDAwMDAwMDAsInVwZGF0ZSI6MTIwMDAwMDAwMDAwMH19",
          "dependencies": [
            "google_compute_network.internal_replica_vpc"
          ]
        }
      ]
    },
    {
      "mode": "managed",
      "type": "google_compute_subnetwork",
      "name": "management_subnet",
      "provider": "provider[\"registry.terraform.io/hashicorp/google\"]",
      "instances": [
        {
          "schema_version": 0,
          "attributes": {
            "creation_timestamp": "2024-11-20T19:37:34.489-08:00",
            "description": "",
            "external_ipv6_prefix": "",
            "fingerprint": null,
            "gateway_address": "10.0.3.1",
            "id": "projects/security-standards-group-4/regions/us-west1/subnetworks/management-subnet",
            "internal_ipv6_prefix": "",
            "ip_cidr_range": "10.0.3.0/24",
            "ipv6_access_type": "",
            "ipv6_cidr_range": "",
            "log_config": [],
            "name": "management-subnet",
            "network": "https://www.googleapis.com/compute/v1/projects/security-standards-group-4/global/networks/management-vpc",
            "private_ip_google_access": false,
            "private_ipv6_google_access": "DISABLE_GOOGLE_ACCESS",
            "project": "security-standards-group-4",
            "purpose": "PRIVATE",
            "region": "us-west1",
            "reserved_internal_range": "",
            "role": "",
            "secondary_ip_range": [],
            "self_link": "https://www.googleapis.com/compute/v1/projects/security-standards-group-4/regions/us-west1/subnetworks/management-subnet",
            "send_secondary_ip_range_if_empty": null,
            "stack_type": "IPV4_ONLY",
            "timeouts": null
          },
          "sensitive_attributes": [],
          "private": "eyJlMmJmYjczMC1lY2FhLTExZTYtOGY4OC0zNDM2M2JjN2M0YzAiOnsiY3JlYXRlIjoxMjAwMDAwMDAwMDAwLCJkZWxldGUiOjEyMDAwMDAwMDAwMDAsInVwZGF0ZSI6MTIwMDAwMDAwMDAwMH19",
          "dependencies": [
            "google_compute_network.management_vpc"
          ]
        }
      ]
    },
    {
      "mode": "managed",
      "type": "google_project_service",
      "name": "logging_api",
      "provider": "provider[\"registry.terraform.io/hashicorp/google\"]",
      "instances": [
        {
          "schema_version": 0,
          "attributes": {
            "disable_dependent_services": null,
            "disable_on_destroy": true,
            "id": "security-standards-group-4/logging.googleapis.com",
            "project": "security-standards-group-4",
            "service": "logging.googleapis.com",
            "timeouts": null
          },
          "sensitive_attributes": [],
          "private": "eyJlMmJmYjczMC1lY2FhLTExZTYtOGY4OC0zNDM2M2JjN2M0YzAiOnsiY3JlYXRlIjoxMjAwMDAwMDAwMDAwLCJkZWxldGUiOjEyMDAwMDAwMDAwMDAsInJlYWQiOjYwMDAwMDAwMDAwMCwidXBkYXRlIjoxMjAwMDAwMDAwMDAwfX0="
        }
      ]
    },
    {
      "mode": "managed",
      "type": "google_project_service",
      "name": "monitoring_api",
      "provider": "provider[\"registry.terraform.io/hashicorp/google\"]",
      "instances": [
        {
          "schema_version": 0,
          "attributes": {
            "disable_dependent_services": null,
            "disable_on_destroy": true,
            "id": "security-standards-group-4/monitoring.googleapis.com",
            "project": "security-standards-group-4",
            "service": "monitoring.googleapis.com",
            "timeouts": null
          },
          "sensitive_attributes": [],
          "private": "eyJlMmJmYjczMC1lY2FhLTExZTYtOGY4OC0zNDM2M2JjN2M0YzAiOnsiY3JlYXRlIjoxMjAwMDAwMDAwMDAwLCJkZWxldGUiOjEyMDAwMDAwMDAwMDAsInJlYWQiOjYwMDAwMDAwMDAwMCwidXBkYXRlIjoxMjAwMDAwMDAwMDAwfX0="
        }
      ]
    },
    {
      "mode": "managed",
      "type": "google_service_networking_connection",
      "name": "private_service_connection",
      "provider": "provider[\"registry.terraform.io/hashicorp/google\"]",
      "instances": [
        {
          "schema_version": 0,
          "attributes": {
            "deletion_policy": null,
            "id": "projects%2Fsecurity-standards-group-4%2Fglobal%2Fnetworks%2Fmanagement-vpc:servicenetworking.googleapis.com",
            "network": "projects/security-standards-group-4/global/networks/management-vpc",
            "peering": "servicenetworking-googleapis-com",
            "reserved_peering_ranges": [
              "private-service-access"
            ],
            "service": "servicenetworking.googleapis.com",
            "timeouts": null,
            "update_on_creation_fail": null
          },
          "sensitive_attributes": [],
          "private": "eyJlMmJmYjczMC1lY2FhLTExZTYtOGY4OC0zNDM2M2JjN2M0YzAiOnsiY3JlYXRlIjo2MDAwMDAwMDAwMDAsImRlbGV0ZSI6NjAwMDAwMDAwMDAwLCJ1cGRhdGUiOjYwMDAwMDAwMDAwMH19",
          "dependencies": [
            "google_compute_global_address.private_service_access",
            "google_compute_network.management_vpc"
          ]
        }
      ]
    }
  ],
  "check_results": null
}
