{
  "version": 4,
  "terraform_version": "1.9.8",
  "serial": 276,
  "lineage": "afeab593-9354-f9e6-235d-dcfbcbac231a",
  "outputs": {},
  "resources": [
    {
      "mode": "data",
      "type": "google_project",
      "name": "project",
      "provider": "provider[\"registry.terraform.io/hashicorp/google\"]",
      "instances": [
        {
          "schema_version": 0,
          "attributes": {
            "auto_create_network": null,
            "billing_account": "01C632-0354FE-F908C8",
            "deletion_policy": "PREVENT",
            "effective_labels": {},
            "folder_id": null,
            "id": "projects/security-standards-group-4",
            "labels": {},
            "name": "security-standards-group-4",
            "number": "458458326212",
            "org_id": null,
            "project_id": "security-standards-group-4",
            "tags": null,
            "terraform_labels": {}
          },
          "sensitive_attributes": []
        }
      ]
    },
    {
      "mode": "data",
      "type": "google_secret_manager_secret_version",
      "name": "dbname",
      "provider": "provider[\"registry.terraform.io/hashicorp/google\"]",
      "instances": [
        {
          "schema_version": 0,
          "attributes": {
            "create_time": "2024-11-27T23:09:16.538539Z",
            "destroy_time": null,
            "enabled": true,
            "id": "projects/458458326212/secrets/dbnamesecret/versions/1",
            "is_secret_data_base64": false,
            "name": "projects/458458326212/secrets/dbnamesecret/versions/1",
            "project": "458458326212",
            "secret": "dbnamesecret",
            "secret_data": "secret-data",
            "version": "1"
          },
          "sensitive_attributes": [
            [
              {
                "type": "get_attr",
                "value": "secret_data"
              }
            ]
          ]
        }
      ]
    },
    {
      "mode": "data",
      "type": "google_secret_manager_secret_version",
      "name": "dbpass",
      "provider": "provider[\"registry.terraform.io/hashicorp/google\"]",
      "instances": [
        {
          "schema_version": 0,
          "attributes": {
            "create_time": "2024-11-27T23:09:18.399018Z",
            "destroy_time": null,
            "enabled": true,
            "id": "projects/458458326212/secrets/dbpasssecret/versions/1",
            "is_secret_data_base64": false,
            "name": "projects/458458326212/secrets/dbpasssecret/versions/1",
            "project": "458458326212",
            "secret": "dbpasssecret",
            "secret_data": "secret-data",
            "version": "1"
          },
          "sensitive_attributes": [
            [
              {
                "type": "get_attr",
                "value": "secret_data"
              }
            ]
          ]
        }
      ]
    },
    {
      "mode": "data",
      "type": "google_secret_manager_secret_version",
      "name": "dbuser",
      "provider": "provider[\"registry.terraform.io/hashicorp/google\"]",
      "instances": [
        {
          "schema_version": 0,
          "attributes": {
            "create_time": "2024-11-27T23:09:18.027706Z",
            "destroy_time": null,
            "enabled": true,
            "id": "projects/458458326212/secrets/dbusersecret/versions/1",
            "is_secret_data_base64": false,
            "name": "projects/458458326212/secrets/dbusersecret/versions/1",
            "project": "458458326212",
            "secret": "dbusersecret",
            "secret_data": "secret-data",
            "version": "1"
          },
          "sensitive_attributes": [
            [
              {
                "type": "get_attr",
                "value": "secret_data"
              }
            ]
          ]
        }
      ]
    },
    {
      "mode": "managed",
      "type": "google_cloud_ids_endpoint",
      "name": "ids_endpoint",
      "provider": "provider[\"registry.terraform.io/hashicorp/google\"]",
      "instances": [
        {
          "schema_version": 0,
          "attributes": {
            "create_time": "2024-11-27T23:10:08.544650806Z",
            "description": "",
            "endpoint_forwarding_rule": "https://www.googleapis.com/compute/v1/projects/b3ca25752f1c308a1-tp/regions/us-west1/forwardingRules/ids-fr-ids-en-awh2nsvlrhagoxqh",
            "endpoint_ip": "10.172.0.11",
            "id": "projects/security-standards-group-4/locations/us-west1-c/endpoints/ids-endpoint",
            "location": "us-west1-c",
            "name": "ids-endpoint",
            "network": "projects/security-standards-group-4/global/networks/management-vpc",
            "project": "security-standards-group-4",
            "severity": "INFORMATIONAL",
            "threat_exceptions": [],
            "timeouts": null,
            "update_time": "2024-11-27T23:22:40.796842916Z"
          },
          "sensitive_attributes": [],
          "private": "eyJlMmJmYjczMC1lY2FhLTExZTYtOGY4OC0zNDM2M2JjN2M0YzAiOnsiY3JlYXRlIjoxMjAwMDAwMDAwMDAwLCJkZWxldGUiOjEyMDAwMDAwMDAwMDAsInVwZGF0ZSI6MTIwMDAwMDAwMDAwMH19",
          "dependencies": [
            "google_compute_global_address.private_service_access",
            "google_compute_network.management_vpc",
            "google_service_networking_connection.private_service_connection"
          ]
        }
      ]
    },
    {
      "mode": "managed",
      "type": "google_compute_address",
      "name": "default",
      "provider": "provider[\"registry.terraform.io/hashicorp/google\"]",
      "instances": [
        {
          "schema_version": 0,
          "attributes": {
            "address": "10.0.1.5",
            "address_type": "INTERNAL",
            "creation_timestamp": "2024-11-27T15:09:58.644-08:00",
            "description": "",
            "effective_labels": {
              "goog-terraform-provisioned": "true"
            },
            "id": "projects/security-standards-group-4/regions/us-west1/addresses/l7-ilb-ip",
            "ip_version": "",
            "ipv6_endpoint_type": "",
            "label_fingerprint": "vezUS-42LLM=",
            "labels": {},
            "name": "l7-ilb-ip",
            "network": "",
            "network_tier": "PREMIUM",
            "prefix_length": 0,
            "project": "security-standards-group-4",
            "purpose": "SHARED_LOADBALANCER_VIP",
            "region": "us-west1",
            "self_link": "https://www.googleapis.com/compute/v1/projects/security-standards-group-4/regions/us-west1/addresses/l7-ilb-ip",
            "subnetwork": "https://www.googleapis.com/compute/v1/projects/security-standards-group-4/regions/us-west1/subnetworks/l7-ilb-subnet",
            "terraform_labels": {
              "goog-terraform-provisioned": "true"
            },
            "timeouts": null,
            "users": [
              "https://www.googleapis.com/compute/v1/projects/security-standards-group-4/regions/us-west1/forwardingRules/l7-ilb-forwarding-rule"
            ]
          },
          "sensitive_attributes": [],
          "private": "eyJlMmJmYjczMC1lY2FhLTExZTYtOGY4OC0zNDM2M2JjN2M0YzAiOnsiY3JlYXRlIjoxMjAwMDAwMDAwMDAwLCJkZWxldGUiOjEyMDAwMDAwMDAwMDAsInVwZGF0ZSI6MTIwMDAwMDAwMDAwMH19",
          "dependencies": [
            "google_compute_network.default",
            "google_compute_subnetwork.default"
          ]
        }
      ]
    },
    {
      "mode": "managed",
      "type": "google_compute_address",
      "name": "frontend_lb_ip",
      "provider": "provider[\"registry.terraform.io/hashicorp/google\"]",
      "instances": [
        {
          "schema_version": 0,
          "attributes": {
            "address": "35.199.188.152",
            "address_type": "EXTERNAL",
            "creation_timestamp": "2024-11-27T15:09:03.443-08:00",
            "description": "",
            "effective_labels": {
              "goog-terraform-provisioned": "true"
            },
            "id": "projects/security-standards-group-4/regions/us-west1/addresses/frontend-lb-ip",
            "ip_version": "",
            "ipv6_endpoint_type": "",
            "label_fingerprint": "vezUS-42LLM=",
            "labels": {},
            "name": "frontend-lb-ip",
            "network": "",
            "network_tier": "PREMIUM",
            "prefix_length": 0,
            "project": "security-standards-group-4",
            "purpose": "",
            "region": "us-west1",
            "self_link": "https://www.googleapis.com/compute/v1/projects/security-standards-group-4/regions/us-west1/addresses/frontend-lb-ip",
            "subnetwork": "",
            "terraform_labels": {
              "goog-terraform-provisioned": "true"
            },
            "timeouts": null,
            "users": [
              "https://www.googleapis.com/compute/v1/projects/security-standards-group-4/regions/us-west1/forwardingRules/frontend-forwarding-rule"
            ]
          },
          "sensitive_attributes": [],
          "private": "eyJlMmJmYjczMC1lY2FhLTExZTYtOGY4OC0zNDM2M2JjN2M0YzAiOnsiY3JlYXRlIjoxMjAwMDAwMDAwMDAwLCJkZWxldGUiOjEyMDAwMDAwMDAwMDAsInVwZGF0ZSI6MTIwMDAwMDAwMDAwMH19"
        }
      ]
    },
    {
      "mode": "managed",
      "type": "google_compute_firewall",
      "name": "allow_cluster_to_management",
      "provider": "provider[\"registry.terraform.io/hashicorp/google\"]",
      "instances": [
        {
          "schema_version": 1,
          "attributes": {
            "allow": [
              {
                "ports": [],
                "protocol": "all"
              }
            ],
            "creation_timestamp": "2024-11-27T15:09:05.802-08:00",
            "deny": [],
            "description": "",
            "destination_ranges": [
              "10.0.3.0/24"
            ],
            "direction": "INGRESS",
            "disabled": false,
            "enable_logging": null,
            "id": "projects/security-standards-group-4/global/firewalls/allow-cluster-to-management",
            "log_config": [],
            "name": "allow-cluster-to-management",
            "network": "https://www.googleapis.com/compute/v1/projects/security-standards-group-4/global/networks/cluster-network",
            "priority": 1000,
            "project": "security-standards-group-4",
            "self_link": "https://www.googleapis.com/compute/v1/projects/security-standards-group-4/global/firewalls/allow-cluster-to-management",
            "source_ranges": [
              "10.10.0.0/16"
            ],
            "source_service_accounts": [],
            "source_tags": [],
            "target_service_accounts": [],
            "target_tags": [],
            "timeouts": null
          },
          "sensitive_attributes": [],
          "private": "eyJlMmJmYjczMC1lY2FhLTExZTYtOGY4OC0zNDM2M2JjN2M0YzAiOnsiY3JlYXRlIjoxMjAwMDAwMDAwMDAwLCJkZWxldGUiOjEyMDAwMDAwMDAwMDAsInVwZGF0ZSI6MTIwMDAwMDAwMDAwMH0sInNjaGVtYV92ZXJzaW9uIjoiMSJ9",
          "dependencies": [
            "google_compute_network.cluster_network"
          ]
        }
      ]
    },
    {
      "mode": "managed",
      "type": "google_compute_firewall",
      "name": "allow_management_to_cluster",
      "provider": "provider[\"registry.terraform.io/hashicorp/google\"]",
      "instances": [
        {
          "schema_version": 1,
          "attributes": {
            "allow": [
              {
                "ports": [
                  "80",
                  "443"
                ],
                "protocol": "tcp"
              }
            ],
            "creation_timestamp": "2024-11-27T15:09:58.962-08:00",
            "deny": [],
            "description": "",
            "destination_ranges": [],
            "direction": "INGRESS",
            "disabled": false,
            "enable_logging": null,
            "id": "projects/security-standards-group-4/global/firewalls/allow-management-to-cluster",
            "log_config": [],
            "name": "allow-management-to-cluster",
            "network": "https://www.googleapis.com/compute/v1/projects/security-standards-group-4/global/networks/cluster-network",
            "priority": 1000,
            "project": "security-standards-group-4",
            "self_link": "https://www.googleapis.com/compute/v1/projects/security-standards-group-4/global/firewalls/allow-management-to-cluster",
            "source_ranges": [
              "10.0.3.2"
            ],
            "source_service_accounts": [],
            "source_tags": [],
            "target_service_accounts": [],
            "target_tags": [],
            "timeouts": null
          },
          "sensitive_attributes": [],
          "private": "eyJlMmJmYjczMC1lY2FhLTExZTYtOGY4OC0zNDM2M2JjN2M0YzAiOnsiY3JlYXRlIjoxMjAwMDAwMDAwMDAwLCJkZWxldGUiOjEyMDAwMDAwMDAwMDAsInVwZGF0ZSI6MTIwMDAwMDAwMDAwMH0sInNjaGVtYV92ZXJzaW9uIjoiMSJ9",
          "dependencies": [
            "google_compute_instance.management_instance",
            "google_compute_network.cluster_network",
            "google_compute_network.management_vpc",
            "google_compute_subnetwork.management_subnet"
          ]
        }
      ]
    },
    {
      "mode": "managed",
      "type": "google_compute_firewall",
      "name": "allow_ssh_from_management",
      "provider": "provider[\"registry.terraform.io/hashicorp/google\"]",
      "instances": [
        {
          "schema_version": 1,
          "attributes": {
            "allow": [
              {
                "ports": [
                  "22"
                ],
                "protocol": "tcp"
              }
            ],
            "creation_timestamp": "2024-11-27T15:09:58.478-08:00",
            "deny": [],
            "description": "",
            "destination_ranges": [],
            "direction": "INGRESS",
            "disabled": false,
            "enable_logging": null,
            "id": "projects/security-standards-group-4/global/firewalls/l7-ilb-subnet-allow-ssh-from-management",
            "log_config": [],
            "name": "l7-ilb-subnet-allow-ssh-from-management",
            "network": "https://www.googleapis.com/compute/v1/projects/security-standards-group-4/global/networks/l7-ilb-network",
            "priority": 1000,
            "project": "security-standards-group-4",
            "self_link": "https://www.googleapis.com/compute/v1/projects/security-standards-group-4/global/firewalls/l7-ilb-subnet-allow-ssh-from-management",
            "source_ranges": [
              "10.0.3.2"
            ],
            "source_service_accounts": [],
            "source_tags": [],
            "target_service_accounts": [],
            "target_tags": [],
            "timeouts": null
          },
          "sensitive_attributes": [],
          "private": "eyJlMmJmYjczMC1lY2FhLTExZTYtOGY4OC0zNDM2M2JjN2M0YzAiOnsiY3JlYXRlIjoxMjAwMDAwMDAwMDAwLCJkZWxldGUiOjEyMDAwMDAwMDAwMDAsInVwZGF0ZSI6MTIwMDAwMDAwMDAwMH0sInNjaGVtYV92ZXJzaW9uIjoiMSJ9",
          "dependencies": [
            "google_compute_instance.management_instance",
            "google_compute_network.default",
            "google_compute_network.management_vpc",
            "google_compute_subnetwork.management_subnet"
          ]
        }
      ]
    },
    {
      "mode": "managed",
      "type": "google_compute_firewall",
      "name": "backends",
      "provider": "provider[\"registry.terraform.io/hashicorp/google\"]",
      "instances": [
        {
          "schema_version": 1,
          "attributes": {
            "allow": [
              {
                "ports": [
                  "80",
                  "443",
                  "8080"
                ],
                "protocol": "tcp"
              }
            ],
            "creation_timestamp": "2024-11-27T15:09:19.505-08:00",
            "deny": [],
            "description": "",
            "destination_ranges": [],
            "direction": "INGRESS",
            "disabled": false,
            "enable_logging": null,
            "id": "projects/security-standards-group-4/global/firewalls/l7-ilb-fw-allow-ilb-to-backends",
            "log_config": [],
            "name": "l7-ilb-fw-allow-ilb-to-backends",
            "network": "https://www.googleapis.com/compute/v1/projects/security-standards-group-4/global/networks/l7-ilb-network",
            "priority": 1000,
            "project": "security-standards-group-4",
            "self_link": "https://www.googleapis.com/compute/v1/projects/security-standards-group-4/global/firewalls/l7-ilb-fw-allow-ilb-to-backends",
            "source_ranges": [
              "10.0.0.0/24"
            ],
            "source_service_accounts": [],
            "source_tags": [],
            "target_service_accounts": [],
            "target_tags": [
              "http-server"
            ],
            "timeouts": null
          },
          "sensitive_attributes": [],
          "private": "eyJlMmJmYjczMC1lY2FhLTExZTYtOGY4OC0zNDM2M2JjN2M0YzAiOnsiY3JlYXRlIjoxMjAwMDAwMDAwMDAwLCJkZWxldGUiOjEyMDAwMDAwMDAwMDAsInVwZGF0ZSI6MTIwMDAwMDAwMDAwMH0sInNjaGVtYV92ZXJzaW9uIjoiMSJ9",
          "dependencies": [
            "google_compute_network.default"
          ]
        }
      ]
    },
    {
      "mode": "managed",
      "type": "google_compute_firewall",
      "name": "default",
      "provider": "provider[\"registry.terraform.io/hashicorp/google\"]",
      "instances": [
        {
          "schema_version": 1,
          "attributes": {
            "allow": [
              {
                "ports": [],
                "protocol": "tcp"
              }
            ],
            "creation_timestamp": "2024-11-27T15:09:20.468-08:00",
            "deny": [],
            "description": "",
            "destination_ranges": [],
            "direction": "INGRESS",
            "disabled": false,
            "enable_logging": null,
            "id": "projects/security-standards-group-4/global/firewalls/l7-ilb-fw-allow-hc",
            "log_config": [],
            "name": "l7-ilb-fw-allow-hc",
            "network": "https://www.googleapis.com/compute/v1/projects/security-standards-group-4/global/networks/l7-ilb-network",
            "priority": 1000,
            "project": "security-standards-group-4",
            "self_link": "https://www.googleapis.com/compute/v1/projects/security-standards-group-4/global/firewalls/l7-ilb-fw-allow-hc",
            "source_ranges": [
              "130.211.0.0/22",
              "35.191.0.0/16",
              "35.235.240.0/20"
            ],
            "source_service_accounts": [],
            "source_tags": [],
            "target_service_accounts": [],
            "target_tags": [],
            "timeouts": null
          },
          "sensitive_attributes": [],
          "private": "eyJlMmJmYjczMC1lY2FhLTExZTYtOGY4OC0zNDM2M2JjN2M0YzAiOnsiY3JlYXRlIjoxMjAwMDAwMDAwMDAwLCJkZWxldGUiOjEyMDAwMDAwMDAwMDAsInVwZGF0ZSI6MTIwMDAwMDAwMDAwMH0sInNjaGVtYV92ZXJzaW9uIjoiMSJ9",
          "dependencies": [
            "google_compute_network.default"
          ]
        }
      ]
    },
    {
      "mode": "managed",
      "type": "google_compute_firewall",
      "name": "dmz_allow_ssh",
      "provider": "provider[\"registry.terraform.io/hashicorp/google\"]",
      "instances": [
        {
          "schema_version": 1,
          "attributes": {
            "allow": [
              {
                "ports": [
                  "22",
                  "80",
                  "443"
                ],
                "protocol": "tcp"
              }
            ],
            "creation_timestamp": "2024-11-27T15:09:43.451-08:00",
            "deny": [],
            "description": "",
            "destination_ranges": [],
            "direction": "INGRESS",
            "disabled": false,
            "enable_logging": null,
            "id": "projects/security-standards-group-4/global/firewalls/dmz-allow-ssh",
            "log_config": [],
            "name": "dmz-allow-ssh",
            "network": "https://www.googleapis.com/compute/v1/projects/security-standards-group-4/global/networks/dmz-vpc",
            "priority": 1000,
            "project": "security-standards-group-4",
            "self_link": "https://www.googleapis.com/compute/v1/projects/security-standards-group-4/global/firewalls/dmz-allow-ssh",
            "source_ranges": [
              "0.0.0.0/0"
            ],
            "source_service_accounts": [],
            "source_tags": [],
            "target_service_accounts": [],
            "target_tags": [],
            "timeouts": null
          },
          "sensitive_attributes": [],
          "private": "eyJlMmJmYjczMC1lY2FhLTExZTYtOGY4OC0zNDM2M2JjN2M0YzAiOnsiY3JlYXRlIjoxMjAwMDAwMDAwMDAwLCJkZWxldGUiOjEyMDAwMDAwMDAwMDAsInVwZGF0ZSI6MTIwMDAwMDAwMDAwMH0sInNjaGVtYV92ZXJzaW9uIjoiMSJ9",
          "dependencies": [
            "google_compute_network.dmz_vpc"
          ]
        }
      ]
    },
    {
      "mode": "managed",
      "type": "google_compute_firewall",
      "name": "frontend_allow_health_checks",
      "provider": "provider[\"registry.terraform.io/hashicorp/google\"]",
      "instances": [
        {
          "schema_version": 1,
          "attributes": {
            "allow": [
              {
                "ports": [
                  "80"
                ],
                "protocol": "tcp"
              }
            ],
            "creation_timestamp": "2024-11-27T15:09:22.227-08:00",
            "deny": [],
            "description": "",
            "destination_ranges": [],
            "direction": "INGRESS",
            "disabled": false,
            "enable_logging": null,
            "id": "projects/security-standards-group-4/global/firewalls/frontend-allow-health-checks",
            "log_config": [],
            "name": "frontend-allow-health-checks",
            "network": "https://www.googleapis.com/compute/v1/projects/security-standards-group-4/global/networks/l7-ilb-network",
            "priority": 1000,
            "project": "security-standards-group-4",
            "self_link": "https://www.googleapis.com/compute/v1/projects/security-standards-group-4/global/firewalls/frontend-allow-health-checks",
            "source_ranges": [
              "130.211.0.0/22",
              "35.191.0.0/16"
            ],
            "source_service_accounts": [],
            "source_tags": [],
            "target_service_accounts": [],
            "target_tags": [
              "frontend"
            ],
            "timeouts": null
          },
          "sensitive_attributes": [],
          "private": "eyJlMmJmYjczMC1lY2FhLTExZTYtOGY4OC0zNDM2M2JjN2M0YzAiOnsiY3JlYXRlIjoxMjAwMDAwMDAwMDAwLCJkZWxldGUiOjEyMDAwMDAwMDAwMDAsInVwZGF0ZSI6MTIwMDAwMDAwMDAwMH0sInNjaGVtYV92ZXJzaW9uIjoiMSJ9",
          "dependencies": [
            "google_compute_network.default"
          ]
        }
      ]
    },
    {
      "mode": "managed",
      "type": "google_compute_firewall",
      "name": "frontend_allow_http",
      "provider": "provider[\"registry.terraform.io/hashicorp/google\"]",
      "instances": [
        {
          "schema_version": 1,
          "attributes": {
            "allow": [
              {
                "ports": [
                  "80"
                ],
                "protocol": "tcp"
              }
            ],
            "creation_timestamp": "2024-11-27T15:09:23.971-08:00",
            "deny": [],
            "description": "",
            "destination_ranges": [],
            "direction": "INGRESS",
            "disabled": false,
            "enable_logging": null,
            "id": "projects/security-standards-group-4/global/firewalls/frontend-allow-http",
            "log_config": [],
            "name": "frontend-allow-http",
            "network": "https://www.googleapis.com/compute/v1/projects/security-standards-group-4/global/networks/l7-ilb-network",
            "priority": 1000,
            "project": "security-standards-group-4",
            "self_link": "https://www.googleapis.com/compute/v1/projects/security-standards-group-4/global/firewalls/frontend-allow-http",
            "source_ranges": [
              "0.0.0.0/0"
            ],
            "source_service_accounts": [],
            "source_tags": [],
            "target_service_accounts": [],
            "target_tags": [
              "frontend"
            ],
            "timeouts": null
          },
          "sensitive_attributes": [],
          "private": "eyJlMmJmYjczMC1lY2FhLTExZTYtOGY4OC0zNDM2M2JjN2M0YzAiOnsiY3JlYXRlIjoxMjAwMDAwMDAwMDAwLCJkZWxldGUiOjEyMDAwMDAwMDAwMDAsInVwZGF0ZSI6MTIwMDAwMDAwMDAwMH0sInNjaGVtYV92ZXJzaW9uIjoiMSJ9",
          "dependencies": [
            "google_compute_network.default"
          ]
        }
      ]
    },
    {
      "mode": "managed",
      "type": "google_compute_firewall",
      "name": "l7_ilb_subnet_allow_egress_http_https",
      "provider": "provider[\"registry.terraform.io/hashicorp/google\"]",
      "instances": [
        {
          "schema_version": 1,
          "attributes": {
            "allow": [
              {
                "ports": [
                  "0-65535"
                ],
                "protocol": "tcp"
              },
              {
                "ports": [
                  "0-65535"
                ],
                "protocol": "udp"
              },
              {
                "ports": [],
                "protocol": "icmp"
              }
            ],
            "creation_timestamp": "2024-11-27T15:09:21.568-08:00",
            "deny": [],
            "description": "",
            "destination_ranges": [
              "0.0.0.0/0"
            ],
            "direction": "EGRESS",
            "disabled": false,
            "enable_logging": null,
            "id": "projects/security-standards-group-4/global/firewalls/l7-ilb-subnet-allow-egress-http-https",
            "log_config": [],
            "name": "l7-ilb-subnet-allow-egress-http-https",
            "network": "https://www.googleapis.com/compute/v1/projects/security-standards-group-4/global/networks/l7-ilb-network",
            "priority": 1000,
            "project": "security-standards-group-4",
            "self_link": "https://www.googleapis.com/compute/v1/projects/security-standards-group-4/global/firewalls/l7-ilb-subnet-allow-egress-http-https",
            "source_ranges": [],
            "source_service_accounts": [],
            "source_tags": [],
            "target_service_accounts": [],
            "target_tags": [],
            "timeouts": null
          },
          "sensitive_attributes": [],
          "private": "eyJlMmJmYjczMC1lY2FhLTExZTYtOGY4OC0zNDM2M2JjN2M0YzAiOnsiY3JlYXRlIjoxMjAwMDAwMDAwMDAwLCJkZWxldGUiOjEyMDAwMDAwMDAwMDAsInVwZGF0ZSI6MTIwMDAwMDAwMDAwMH0sInNjaGVtYV92ZXJzaW9uIjoiMSJ9",
          "dependencies": [
            "google_compute_network.default"
          ]
        }
      ]
    },
    {
      "mode": "managed",
      "type": "google_compute_firewall",
      "name": "l7_ilb_subnet_allow_http_https",
      "provider": "provider[\"registry.terraform.io/hashicorp/google\"]",
      "instances": [
        {
          "schema_version": 1,
          "attributes": {
            "allow": [
              {
                "ports": [
                  "80",
                  "443"
                ],
                "protocol": "tcp"
              }
            ],
            "creation_timestamp": "2024-11-27T15:09:24.450-08:00",
            "deny": [],
            "description": "",
            "destination_ranges": [],
            "direction": "INGRESS",
            "disabled": false,
            "enable_logging": null,
            "id": "projects/security-standards-group-4/global/firewalls/l7-ilb-subnet-allow-http-https",
            "log_config": [],
            "name": "l7-ilb-subnet-allow-http-https",
            "network": "https://www.googleapis.com/compute/v1/projects/security-standards-group-4/global/networks/l7-ilb-network",
            "priority": 1000,
            "project": "security-standards-group-4",
            "self_link": "https://www.googleapis.com/compute/v1/projects/security-standards-group-4/global/firewalls/l7-ilb-subnet-allow-http-https",
            "source_ranges": [
              "0.0.0.0/0"
            ],
            "source_service_accounts": [],
            "source_tags": [],
            "target_service_accounts": [],
            "target_tags": [],
            "timeouts": null
          },
          "sensitive_attributes": [],
          "private": "eyJlMmJmYjczMC1lY2FhLTExZTYtOGY4OC0zNDM2M2JjN2M0YzAiOnsiY3JlYXRlIjoxMjAwMDAwMDAwMDAwLCJkZWxldGUiOjEyMDAwMDAwMDAwMDAsInVwZGF0ZSI6MTIwMDAwMDAwMDAwMH0sInNjaGVtYV92ZXJzaW9uIjoiMSJ9",
          "dependencies": [
            "google_compute_network.default"
          ]
        }
      ]
    },
    {
      "mode": "managed",
      "type": "google_compute_firewall",
      "name": "management_allow_ssh",
      "provider": "provider[\"registry.terraform.io/hashicorp/google\"]",
      "instances": [
        {
          "schema_version": 1,
          "attributes": {
            "allow": [
              {
                "ports": [
                  "22"
                ],
                "protocol": "tcp"
              }
            ],
            "creation_timestamp": "2024-11-27T15:09:03.341-08:00",
            "deny": [],
            "description": "",
            "destination_ranges": [],
            "direction": "INGRESS",
            "disabled": false,
            "enable_logging": null,
            "id": "projects/security-standards-group-4/global/firewalls/management-allow-ssh",
            "log_config": [],
            "name": "management-allow-ssh",
            "network": "https://www.googleapis.com/compute/v1/projects/security-standards-group-4/global/networks/management-vpc",
            "priority": 1000,
            "project": "security-standards-group-4",
            "self_link": "https://www.googleapis.com/compute/v1/projects/security-standards-group-4/global/firewalls/management-allow-ssh",
            "source_ranges": [
              "0.0.0.0/0"
            ],
            "source_service_accounts": [],
            "source_tags": [],
            "target_service_accounts": [],
            "target_tags": [],
            "timeouts": null
          },
          "sensitive_attributes": [],
          "private": "eyJlMmJmYjczMC1lY2FhLTExZTYtOGY4OC0zNDM2M2JjN2M0YzAiOnsiY3JlYXRlIjoxMjAwMDAwMDAwMDAwLCJkZWxldGUiOjEyMDAwMDAwMDAwMDAsInVwZGF0ZSI6MTIwMDAwMDAwMDAwMH0sInNjaGVtYV92ZXJzaW9uIjoiMSJ9",
          "dependencies": [
            "google_compute_network.management_vpc"
          ]
        }
      ]
    },
    {
      "mode": "managed",
      "type": "google_compute_forwarding_rule",
      "name": "default",
      "provider": "provider[\"registry.terraform.io/hashicorp/google\"]",
      "instances": [
        {
          "schema_version": 0,
          "attributes": {
            "all_ports": false,
            "allow_global_access": false,
            "allow_psc_global_access": false,
            "backend_service": "",
            "base_forwarding_rule": "",
            "creation_timestamp": "2024-11-27T15:11:08.648-08:00",
            "description": "",
            "effective_labels": {},
            "forwarding_rule_id": 6538560138971322851,
            "id": "projects/security-standards-group-4/regions/us-west1/forwardingRules/l7-ilb-forwarding-rule",
            "ip_address": "10.0.1.5",
            "ip_protocol": "TCP",
            "ip_version": "",
            "is_mirroring_collector": false,
            "label_fingerprint": "42WmSpB8rSM=",
            "labels": {},
            "load_balancing_scheme": "INTERNAL_MANAGED",
            "name": "l7-ilb-forwarding-rule",
            "network": "https://www.googleapis.com/compute/v1/projects/security-standards-group-4/global/networks/l7-ilb-network",
            "network_tier": "PREMIUM",
            "no_automate_dns_zone": null,
            "port_range": "443-443",
            "ports": [],
            "project": "security-standards-group-4",
            "psc_connection_id": "",
            "psc_connection_status": "",
            "recreate_closed_psc": false,
            "region": "us-west1",
            "self_link": "https://www.googleapis.com/compute/v1/projects/security-standards-group-4/regions/us-west1/forwardingRules/l7-ilb-forwarding-rule",
            "service_directory_registrations": [],
            "service_label": "",
            "service_name": "",
            "source_ip_ranges": [],
            "subnetwork": "https://www.googleapis.com/compute/v1/projects/security-standards-group-4/regions/us-west1/subnetworks/l7-ilb-subnet",
            "target": "https://www.googleapis.com/compute/v1/projects/security-standards-group-4/regions/us-west1/targetHttpsProxies/l7-ilb-target-https-proxy",
            "terraform_labels": {},
            "timeouts": null
          },
          "sensitive_attributes": [],
          "private": "eyJlMmJmYjczMC1lY2FhLTExZTYtOGY4OC0zNDM2M2JjN2M0YzAiOnsiY3JlYXRlIjoxMjAwMDAwMDAwMDAwLCJkZWxldGUiOjEyMDAwMDAwMDAwMDAsInVwZGF0ZSI6MTIwMDAwMDAwMDAwMH19",
          "dependencies": [
            "google_compute_address.default",
            "google_compute_instance_template.default",
            "google_compute_network.default",
            "google_compute_region_backend_service.default",
            "google_compute_region_health_check.default",
            "google_compute_region_instance_group_manager.default",
            "google_compute_region_ssl_certificate.default",
            "google_compute_region_target_https_proxy.default",
            "google_compute_region_url_map.https_lb",
            "google_compute_subnetwork.default",
            "google_compute_subnetwork.proxy_subnet",
            "tls_private_key.default",
            "tls_self_signed_cert.default"
          ]
        }
      ]
    },
    {
      "mode": "managed",
      "type": "google_compute_forwarding_rule",
      "name": "frontend_forwarding_rule",
      "provider": "provider[\"registry.terraform.io/hashicorp/google\"]",
      "instances": [
        {
          "schema_version": 0,
          "attributes": {
            "all_ports": false,
            "allow_global_access": false,
            "allow_psc_global_access": false,
            "backend_service": "",
            "base_forwarding_rule": "",
            "creation_timestamp": "2024-11-27T15:11:24.602-08:00",
            "description": "",
            "effective_labels": {},
            "forwarding_rule_id": 2834908860654426611,
            "id": "projects/security-standards-group-4/regions/us-west1/forwardingRules/frontend-forwarding-rule",
            "ip_address": "35.199.188.152",
            "ip_protocol": "TCP",
            "ip_version": "",
            "is_mirroring_collector": false,
            "label_fingerprint": "42WmSpB8rSM=",
            "labels": {},
            "load_balancing_scheme": "EXTERNAL_MANAGED",
            "name": "frontend-forwarding-rule",
            "network": "https://www.googleapis.com/compute/v1/projects/security-standards-group-4/global/networks/l7-ilb-network",
            "network_tier": "PREMIUM",
            "no_automate_dns_zone": null,
            "port_range": "80-80",
            "ports": [],
            "project": "security-standards-group-4",
            "psc_connection_id": "",
            "psc_connection_status": "",
            "recreate_closed_psc": false,
            "region": "us-west1",
            "self_link": "https://www.googleapis.com/compute/v1/projects/security-standards-group-4/regions/us-west1/forwardingRules/frontend-forwarding-rule",
            "service_directory_registrations": [],
            "service_label": "",
            "service_name": "",
            "source_ip_ranges": [],
            "subnetwork": "",
            "target": "https://www.googleapis.com/compute/v1/projects/security-standards-group-4/regions/us-west1/targetHttpProxies/frontend-http-proxy",
            "terraform_labels": {},
            "timeouts": null
          },
          "sensitive_attributes": [],
          "private": "eyJlMmJmYjczMC1lY2FhLTExZTYtOGY4OC0zNDM2M2JjN2M0YzAiOnsiY3JlYXRlIjoxMjAwMDAwMDAwMDAwLCJkZWxldGUiOjEyMDAwMDAwMDAwMDAsInVwZGF0ZSI6MTIwMDAwMDAwMDAwMH19",
          "dependencies": [
            "google_compute_address.frontend_lb_ip",
            "google_compute_instance_template.frontend_template",
            "google_compute_network.default",
            "google_compute_region_backend_service.frontend_backend_service",
            "google_compute_region_health_check.frontend_health_check",
            "google_compute_region_instance_group_manager.frontend_mig",
            "google_compute_region_target_http_proxy.frontend_http_proxy",
            "google_compute_region_url_map.frontend_url_map",
            "google_compute_subnetwork.default"
          ]
        }
      ]
    },
    {
      "mode": "managed",
      "type": "google_compute_global_address",
      "name": "main_private_service_access",
      "provider": "provider[\"registry.terraform.io/hashicorp/google\"]",
      "instances": [
        {
          "schema_version": 0,
          "attributes": {
            "address": "10.245.0.0",
            "address_type": "INTERNAL",
            "creation_timestamp": "2024-11-27T15:09:30.849-08:00",
            "description": "",
            "effective_labels": {
              "goog-terraform-provisioned": "true"
            },
            "id": "projects/security-standards-group-4/global/addresses/main-private-service-access",
            "ip_version": "",
            "label_fingerprint": "vezUS-42LLM=",
            "labels": {},
            "name": "main-private-service-access",
            "network": "https://www.googleapis.com/compute/v1/projects/security-standards-group-4/global/networks/l7-ilb-network",
            "prefix_length": 16,
            "project": "security-standards-group-4",
            "purpose": "VPC_PEERING",
            "self_link": "https://www.googleapis.com/compute/v1/projects/security-standards-group-4/global/addresses/main-private-service-access",
            "terraform_labels": {
              "goog-terraform-provisioned": "true"
            },
            "timeouts": null
          },
          "sensitive_attributes": [],
          "private": "eyJlMmJmYjczMC1lY2FhLTExZTYtOGY4OC0zNDM2M2JjN2M0YzAiOnsiY3JlYXRlIjoxMjAwMDAwMDAwMDAwLCJkZWxldGUiOjEyMDAwMDAwMDAwMDAsInVwZGF0ZSI6MTIwMDAwMDAwMDAwMH19",
          "dependencies": [
            "google_compute_network.default"
          ]
        }
      ]
    },
    {
      "mode": "managed",
      "type": "google_compute_global_address",
      "name": "private_service_access",
      "provider": "provider[\"registry.terraform.io/hashicorp/google\"]",
      "instances": [
        {
          "schema_version": 0,
          "attributes": {
            "address": "10.172.0.0",
            "address_type": "INTERNAL",
            "creation_timestamp": "2024-11-27T15:08:55.203-08:00",
            "description": "",
            "effective_labels": {
              "goog-terraform-provisioned": "true"
            },
            "id": "projects/security-standards-group-4/global/addresses/private-service-access",
            "ip_version": "",
            "label_fingerprint": "vezUS-42LLM=",
            "labels": {},
            "name": "private-service-access",
            "network": "https://www.googleapis.com/compute/v1/projects/security-standards-group-4/global/networks/management-vpc",
            "prefix_length": 16,
            "project": "security-standards-group-4",
            "purpose": "VPC_PEERING",
            "self_link": "https://www.googleapis.com/compute/v1/projects/security-standards-group-4/global/addresses/private-service-access",
            "terraform_labels": {
              "goog-terraform-provisioned": "true"
            },
            "timeouts": null
          },
          "sensitive_attributes": [],
          "private": "eyJlMmJmYjczMC1lY2FhLTExZTYtOGY4OC0zNDM2M2JjN2M0YzAiOnsiY3JlYXRlIjoxMjAwMDAwMDAwMDAwLCJkZWxldGUiOjEyMDAwMDAwMDAwMDAsInVwZGF0ZSI6MTIwMDAwMDAwMDAwMH19",
          "dependencies": [
            "google_compute_network.management_vpc"
          ]
        }
      ]
    },
    {
      "mode": "managed",
      "type": "google_compute_instance",
      "name": "dmz_instance",
      "provider": "provider[\"registry.terraform.io/hashicorp/google\"]",
      "instances": [
        {
          "schema_version": 6,
          "attributes": {
            "advanced_machine_features": [],
            "allow_stopping_for_update": null,
            "attached_disk": [],
            "boot_disk": [
              {
                "auto_delete": true,
                "device_name": "persistent-disk-0",
                "disk_encryption_key_raw": "",
                "disk_encryption_key_sha256": "",
                "initialize_params": [
                  {
                    "enable_confidential_compute": false,
                    "image": "https://www.googleapis.com/compute/v1/projects/debian-cloud/global/images/debian-11-bullseye-v20241112",
                    "labels": {},
                    "provisioned_iops": 0,
                    "provisioned_throughput": 0,
                    "resource_manager_tags": {},
                    "resource_policies": [],
                    "size": 10,
                    "storage_pool": "",
                    "type": "pd-standard"
                  }
                ],
                "interface": "",
                "kms_key_self_link": "",
                "mode": "READ_WRITE",
                "source": "https://www.googleapis.com/compute/v1/projects/security-standards-group-4/zones/us-west1-c/disks/dmz-instance"
              }
            ],
            "can_ip_forward": false,
            "confidential_instance_config": [],
            "cpu_platform": "Intel Broadwell",
            "creation_timestamp": "2024-11-27T15:10:09.119-08:00",
            "current_status": "RUNNING",
            "deletion_protection": false,
            "description": "",
            "desired_status": null,
            "effective_labels": {
              "goog-terraform-provisioned": "true"
            },
            "enable_display": false,
            "guest_accelerator": [],
            "hostname": "",
            "id": "projects/security-standards-group-4/zones/us-west1-c/instances/dmz-instance",
            "instance_id": "2516483764900206655",
            "key_revocation_action_type": "",
            "label_fingerprint": "vezUS-42LLM=",
            "labels": {},
            "machine_type": "e2-medium",
            "metadata": {
              "ssh-keys": "magister:ssh-rsa AAAAB3NzaC1yc2EAAAADAQABAAACAQCs5nwVcl6NLyPbwkof5xk26vAemf2K8JzazkRY3ghvf5Ml3fp1qkcz2ePqhnJD/i228iqw2n1BTI0VqWVki5SQOD9ceCD//m9CtcSk3/SascAyStO67iRCVJUDhkDLva0lri0Vw6ir7b576xKWTvAyCMC9ulrMctGkQiMLSOgJ9WwFd8b24k0Eng2rScDoE7lXU3vFtwh/Xi4nnVsW7XB0YxCw4xzDi6EQVJ9An6MAYYaHZB0qSP2w8azqbkr/pV8hhk9+qYjy89YiMjdJIs3kR7RMdljgviAD83vCu8VAZrJPIQH1cs7oXvfTi+Wvp+CflhSlUQxffifyRyF6VPnwgpEoxXNgrHQkYLpwwja1bKgXccyKU+5yulMvC9G3r3dtUhWxASdW1ok3XTsIfVcSFjyBSzBhUF9jpc1gY0vj7C09gmi3TIhRVikR8/d+ls4n7IDvqZb/oTYiMcsGL9rdlMcRTJW7BfGs5RDIldsA4bPyHl7GEIKzWiYHCd4vYlxts8maTVoXxrNGZ0KJFVZZdacyOTpye6lUDRb8Sjc2v6pxhuqAuBbOuNEW7NUWliM4rBgrtldV2HeC52+uwCQxxdsDviaQSYkZ0MxBbQqjh9ZTM9mZoo5t4bHqCBSLOWGkSwt89Xhug1cJ9zq0uws6ozlmzvib535AlIjRKo3LTQ== aestradao@miumg.edu.gt\n"
            },
            "metadata_fingerprint": "GUCJBRKTluI=",
            "metadata_startup_script": "#!/bin/bash\ncurl -sSO https://dl.google.com/cloudagents/add-google-cloud-ops-agent-repo.sh\nsudo bash add-google-cloud-ops-agent-repo.sh --also-install\nsudo apt-get update\nsudo apt-get install -y python3-pip\n\n",
            "min_cpu_platform": "",
            "name": "dmz-instance",
            "network_interface": [
              {
                "access_config": [
                  {
                    "nat_ip": "34.19.105.38",
                    "network_tier": "PREMIUM",
                    "public_ptr_domain_name": ""
                  }
                ],
                "alias_ip_range": [],
                "internal_ipv6_prefix_length": 0,
                "ipv6_access_config": [],
                "ipv6_access_type": "",
                "ipv6_address": "",
                "name": "nic0",
                "network": "https://www.googleapis.com/compute/v1/projects/security-standards-group-4/global/networks/dmz-vpc",
                "network_ip": "10.0.5.2",
                "nic_type": "",
                "queue_count": 0,
                "stack_type": "IPV4_ONLY",
                "subnetwork": "https://www.googleapis.com/compute/v1/projects/security-standards-group-4/regions/us-west1/subnetworks/dmz-subnet",
                "subnetwork_project": "security-standards-group-4"
              }
            ],
            "network_performance_config": [],
            "params": [],
            "project": "security-standards-group-4",
            "reservation_affinity": [],
            "resource_policies": [],
            "scheduling": [
              {
                "automatic_restart": true,
                "instance_termination_action": "",
                "local_ssd_recovery_timeout": [],
                "max_run_duration": [],
                "min_node_cpus": 0,
                "node_affinities": [],
                "on_host_maintenance": "MIGRATE",
                "on_instance_stop_action": [],
                "preemptible": false,
                "provisioning_model": "STANDARD"
              }
            ],
            "scratch_disk": [],
            "self_link": "https://www.googleapis.com/compute/v1/projects/security-standards-group-4/zones/us-west1-c/instances/dmz-instance",
            "service_account": [],
            "shielded_instance_config": [
              {
                "enable_integrity_monitoring": true,
                "enable_secure_boot": false,
                "enable_vtpm": true
              }
            ],
            "tags": [],
            "tags_fingerprint": "42WmSpB8rSM=",
            "terraform_labels": {
              "goog-terraform-provisioned": "true"
            },
            "timeouts": null,
            "zone": "us-west1-c"
          },
          "sensitive_attributes": [
            [
              {
                "type": "get_attr",
                "value": "boot_disk"
              },
              {
                "type": "index",
                "value": {
                  "value": 0,
                  "type": "number"
                }
              },
              {
                "type": "get_attr",
                "value": "disk_encryption_key_raw"
              }
            ]
          ],
          "private": "eyJlMmJmYjczMC1lY2FhLTExZTYtOGY4OC0zNDM2M2JjN2M0YzAiOnsiY3JlYXRlIjoxMjAwMDAwMDAwMDAwLCJkZWxldGUiOjEyMDAwMDAwMDAwMDAsInVwZGF0ZSI6MTIwMDAwMDAwMDAwMH0sInNjaGVtYV92ZXJzaW9uIjoiNiJ9",
          "dependencies": [
            "google_compute_network.dmz_vpc",
            "google_compute_subnetwork.dmz_subnet"
          ]
        }
      ]
    },
    {
      "mode": "managed",
      "type": "google_compute_instance",
      "name": "management_instance",
      "provider": "provider[\"registry.terraform.io/hashicorp/google\"]",
      "instances": [
        {
          "schema_version": 6,
          "attributes": {
            "advanced_machine_features": [],
            "allow_stopping_for_update": null,
            "attached_disk": [],
            "boot_disk": [
              {
                "auto_delete": true,
                "device_name": "persistent-disk-0",
                "disk_encryption_key_raw": "",
                "disk_encryption_key_sha256": "",
                "initialize_params": [
                  {
                    "enable_confidential_compute": false,
                    "image": "https://www.googleapis.com/compute/v1/projects/debian-cloud/global/images/debian-11-bullseye-v20241112",
                    "labels": {},
                    "provisioned_iops": 0,
                    "provisioned_throughput": 0,
                    "resource_manager_tags": {},
                    "resource_policies": [],
                    "size": 10,
                    "storage_pool": "",
                    "type": "pd-standard"
                  }
                ],
                "interface": "",
                "kms_key_self_link": "",
                "mode": "READ_WRITE",
                "source": "https://www.googleapis.com/compute/v1/projects/security-standards-group-4/zones/us-west1-c/disks/management-instance"
              }
            ],
            "can_ip_forward": false,
            "confidential_instance_config": [],
            "cpu_platform": "Intel Broadwell",
            "creation_timestamp": "2024-11-27T15:09:37.603-08:00",
            "current_status": "RUNNING",
            "deletion_protection": false,
            "description": "",
            "desired_status": null,
            "effective_labels": {
              "goog-terraform-provisioned": "true"
            },
            "enable_display": false,
            "guest_accelerator": [],
            "hostname": "",
            "id": "projects/security-standards-group-4/zones/us-west1-c/instances/management-instance",
            "instance_id": "8013648733883996254",
            "key_revocation_action_type": "",
            "label_fingerprint": "vezUS-42LLM=",
            "labels": {},
            "machine_type": "e2-medium",
            "metadata": {
              "ssh-keys": "magister:ssh-rsa AAAAB3NzaC1yc2EAAAADAQABAAACAQCs5nwVcl6NLyPbwkof5xk26vAemf2K8JzazkRY3ghvf5Ml3fp1qkcz2ePqhnJD/i228iqw2n1BTI0VqWVki5SQOD9ceCD//m9CtcSk3/SascAyStO67iRCVJUDhkDLva0lri0Vw6ir7b576xKWTvAyCMC9ulrMctGkQiMLSOgJ9WwFd8b24k0Eng2rScDoE7lXU3vFtwh/Xi4nnVsW7XB0YxCw4xzDi6EQVJ9An6MAYYaHZB0qSP2w8azqbkr/pV8hhk9+qYjy89YiMjdJIs3kR7RMdljgviAD83vCu8VAZrJPIQH1cs7oXvfTi+Wvp+CflhSlUQxffifyRyF6VPnwgpEoxXNgrHQkYLpwwja1bKgXccyKU+5yulMvC9G3r3dtUhWxASdW1ok3XTsIfVcSFjyBSzBhUF9jpc1gY0vj7C09gmi3TIhRVikR8/d+ls4n7IDvqZb/oTYiMcsGL9rdlMcRTJW7BfGs5RDIldsA4bPyHl7GEIKzWiYHCd4vYlxts8maTVoXxrNGZ0KJFVZZdacyOTpye6lUDRb8Sjc2v6pxhuqAuBbOuNEW7NUWliM4rBgrtldV2HeC52+uwCQxxdsDviaQSYkZ0MxBbQqjh9ZTM9mZoo5t4bHqCBSLOWGkSwt89Xhug1cJ9zq0uws6ozlmzvib535AlIjRKo3LTQ== aestradao@miumg.edu.gt\n"
            },
            "metadata_fingerprint": "kBjlwVopLZc=",
            "metadata_startup_script": "#!/bin/bash\ncurl -sSO https://dl.google.com/cloudagents/add-google-cloud-ops-agent-repo.sh\nsudo bash add-google-cloud-ops-agent-repo.sh --also-install\nsudo apt-get update\nsudo apt-get install -y python3-pip\necho '-----BEGIN OPENSSH PRIVATE KEY-----\nb3BlbnNzaC1rZXktdjEAAAAABG5vbmUAAAAEbm9uZQAAAAAAAAABAAACFwAAAAdzc2gtcn\nNhAAAAAwEAAQAAAgEArOZ8FXJejS8j28JKH+cZNurwHpn9ivCc2s5EWN4Ib3+TJd36dapH\nM9nj6oZyQ/4ttvIqsNp9QUyNFallZIuUkDg/XHgg//5vQrXEpN/0mrHAMkrTuu4kQlSVA4\nZAy72tJa4tFcOoq+2+e+sSlk7wMgjAvbpazHLRpEIjC0joCfVsBXfG9uJNBJ4Nq0nA6BO5\nV1N7xbcIf14uJ51bFu1wdGMQsOMcw4uhEFSfQJ+jAGGGh2QdKkj9sPGs6m5K/6VfIYZPfq\nmI8vPWIjI3SSLN5Ee0THZY4L4gA/N7wrvFQGayTyEB9XLO6F7304vlr6fgn5YUpVEMX34n\n8kchelT58IKRKMVzYKx0JGC6cMI2tWyoF3HMilPucrpTLwvRt693bVIVsQEnVtaJN107CH\n1XEhY8gUswYVBfY6XNYGNL4+wtPYJot0yIUVYpEfP3fpbOJ+yA76mW/6E2IjHLBi/a3ZTH\nEUyVuwXxrOUQyJXbAOGz8h5exhCCs1omBwneL2JcbbPJmk1aF8azRmdCiRVWWXWnMjk6cn\nupVA0W/Eo3Nr+qcYbqgLgWzrjRFuzVFpYjOKwYK7ZXVdh3gudvrsAkMcXbA74mkEmJGdDM\nQW0Ko4fWUzPZmaKObeGx6ggUizlhpEsLfPV4boNXCfc6tLsLOqM5Zs74m+d+QJSI0SqNy0\n0AAAdQ9IjHhPSIx4QAAAAHc3NoLXJzYQAAAgEArOZ8FXJejS8j28JKH+cZNurwHpn9ivCc\n2s5EWN4Ib3+TJd36dapHM9nj6oZyQ/4ttvIqsNp9QUyNFallZIuUkDg/XHgg//5vQrXEpN\n/0mrHAMkrTuu4kQlSVA4ZAy72tJa4tFcOoq+2+e+sSlk7wMgjAvbpazHLRpEIjC0joCfVs\nBXfG9uJNBJ4Nq0nA6BO5V1N7xbcIf14uJ51bFu1wdGMQsOMcw4uhEFSfQJ+jAGGGh2QdKk\nj9sPGs6m5K/6VfIYZPfqmI8vPWIjI3SSLN5Ee0THZY4L4gA/N7wrvFQGayTyEB9XLO6F73\n04vlr6fgn5YUpVEMX34n8kchelT58IKRKMVzYKx0JGC6cMI2tWyoF3HMilPucrpTLwvRt6\n93bVIVsQEnVtaJN107CH1XEhY8gUswYVBfY6XNYGNL4+wtPYJot0yIUVYpEfP3fpbOJ+yA\n76mW/6E2IjHLBi/a3ZTHEUyVuwXxrOUQyJXbAOGz8h5exhCCs1omBwneL2JcbbPJmk1aF8\nazRmdCiRVWWXWnMjk6cnupVA0W/Eo3Nr+qcYbqgLgWzrjRFuzVFpYjOKwYK7ZXVdh3gudv\nrsAkMcXbA74mkEmJGdDMQW0Ko4fWUzPZmaKObeGx6ggUizlhpEsLfPV4boNXCfc6tLsLOq\nM5Zs74m+d+QJSI0SqNy00AAAADAQABAAACABpk2vdZLLbnxdUT3UXufOplxf8d6dcOcRtz\n1nosduQyeO+UadoRguoW7pSMLqBTin39jOfPisRvn6/5WomVRzoW5BFFI2CA4lIwNlMm/w\nuoa9shkh3cobtgdxkBIx4XF/oDE03ZvwNz+RqooX9BkKhKrsWnz5mbQ4aMNBZSbF2s0e8p\nwD1LAY/dYt/Nk/25mRcMHv5pOQpcgbY5bsDawUp7Hv6pxOfTBmTcTi1K0VLLEILVlSAx4U\nxkME3fRWKuR43yF2uSDN5tu7gfq1HmVsDs80ii3mF8lJ2Vy0RIbs2sf7bVpptmCdDuQm3Q\nUuFUQtWJzyAHddiUBRwWoLUwiLDed8e4f7ChmCOT04hJejr63wM24fbyjqGJIGODLXuNJe\n5vrChTChpJmu+w/1NMrxzob7/t8Jm2cX4LP4QeHwGd1S7j7YMskfQu72PWV/74zdri+R6G\nDfhqrvGEAWA5vUUUB+wqwVB6OwI5Oql/JfVTW+1MfgbfykmJAuqqxcSGwPJ0fpByyWgwVn\nvyQL59gTjmNyHEi0e2XUI2rjRTm97DBmt2K8wQRkm+q8CadXitmjVLt75qf9PMoffOtQNI\ndpJkEdulPFvXNbnSsEJ1ayeUW4bWSyRzWxUDswsH8Ik0j1OIWgweIkdNI6kQSdVAJuHeYd\ntbvMRUO37URUA9EvivAAABABPK4jxz11jwAtJHx4IoYWl6ik+Zp0VTYSEJ9TF0pz/3HPw0\nOhvD7qdHkPQ3GV955NNGsNI1KC85ypQk4Un1r7oJCKVWcsB/zkXW1m6Cq5fb0NY+9Cn+pd\nI5RP8QFplC8pWYwUzjnzYwGZHnv3N7dzhhGzEMyvYh12LO7SwLWpWmHE5sm3Z04AMTVz6f\nnVrd2qaOyJ3yzDQJpcugMyphN1Amg67Q5WbEhR2piBQEJpp9nHdiIPUo7icoirJiBNnZQJ\nQxhzQrCuC9cNH4aVYVt1C7jBJpHssOk+eMswA9YyjOa5/E10MKbL57UcIJseshj7ATbOUI\nLgERAUjd/+ZokmkAAAEBAMBaLEXU9AgDiG5oQqAJJY2UPJxfPKVo5DRN/kODVZjjHMOQU6\nERWMUWs8+wEXMNwMWILtPmy3z3+8aPiARWNpDfLm5PfyaDVW8u+L1nGHXM5h/pgf3+Jh6v\nsbkaVO6wtfb8nYzDtOsCVUOenAcdHQZnD1WW9R0MiYt+D87Eb8kbqcxsns9GnYRYikq7e+\nBFrjp0/1AjsAyYA6xGGJXGSZQUn8RwDqNZggzF5FaZ8mNsBH/IeKB2UbqxkbhiMRAbhKuH\nexUiDkCcTrBlCctAOTtRmiCClx7W2gZomuIoEfs9UPnKxQDVaarBB18k9gwpQgJavOUCeM\nxedFhbHE3LU3sAAAEBAOYckv1z14FgchWudlGA4RLoP/ZKcYfXu1XM+11ig/OCwkGp3ea4\nuhMAozUiWgdsN81hV5QtE2ZxYrW1vlTFtJoxmUq4OTvhrZ374flzQiTScCGsTwYNcb6fj+\niAelAo3gDekopd1VhfjIqjBEX7Z8uoyGrcyhXPWz/V0NSbidLq1XI3+FlSab+Uflj5uFy/\nVpyZDV4hIQsoe3vJ0Gcyfm0MeTigYyk9WAJAXQunmD1wq/esv6fui3RvP/ddLHuyRIGbnH\nAOuoUKS9AxqCcd2LaA1BoBltaVpoqxpzLU1sQl4k0hii+brTuw79OET8u69gY+3spEVXbP\n7z8BB101XdcAAAAWYWVzdHJhZGFvQG1pdW1nLmVkdS5ndAECAwQF\n-----END OPENSSH PRIVATE KEY-----\n' \u003e /home/magister/.ssh/id_rsa\nchmod 600 /home/magister/.ssh/id_rsa\n\n",
            "min_cpu_platform": "",
            "name": "management-instance",
            "network_interface": [
              {
                "access_config": [
                  {
                    "nat_ip": "34.169.57.229",
                    "network_tier": "PREMIUM",
                    "public_ptr_domain_name": ""
                  }
                ],
                "alias_ip_range": [],
                "internal_ipv6_prefix_length": 0,
                "ipv6_access_config": [],
                "ipv6_access_type": "",
                "ipv6_address": "",
                "name": "nic0",
                "network": "https://www.googleapis.com/compute/v1/projects/security-standards-group-4/global/networks/management-vpc",
                "network_ip": "10.0.3.2",
                "nic_type": "",
                "queue_count": 0,
                "stack_type": "IPV4_ONLY",
                "subnetwork": "https://www.googleapis.com/compute/v1/projects/security-standards-group-4/regions/us-west1/subnetworks/management-subnet",
                "subnetwork_project": "security-standards-group-4"
              }
            ],
            "network_performance_config": [],
            "params": [],
            "project": "security-standards-group-4",
            "reservation_affinity": [],
            "resource_policies": [],
            "scheduling": [
              {
                "automatic_restart": true,
                "instance_termination_action": "",
                "local_ssd_recovery_timeout": [],
                "max_run_duration": [],
                "min_node_cpus": 0,
                "node_affinities": [],
                "on_host_maintenance": "MIGRATE",
                "on_instance_stop_action": [],
                "preemptible": false,
                "provisioning_model": "STANDARD"
              }
            ],
            "scratch_disk": [],
            "self_link": "https://www.googleapis.com/compute/v1/projects/security-standards-group-4/zones/us-west1-c/instances/management-instance",
            "service_account": [],
            "shielded_instance_config": [
              {
                "enable_integrity_monitoring": true,
                "enable_secure_boot": false,
                "enable_vtpm": true
              }
            ],
            "tags": [],
            "tags_fingerprint": "42WmSpB8rSM=",
            "terraform_labels": {
              "goog-terraform-provisioned": "true"
            },
            "timeouts": null,
            "zone": "us-west1-c"
          },
          "sensitive_attributes": [
            [
              {
                "type": "get_attr",
                "value": "boot_disk"
              },
              {
                "type": "index",
                "value": {
                  "value": 0,
                  "type": "number"
                }
              },
              {
                "type": "get_attr",
                "value": "disk_encryption_key_raw"
              }
            ]
          ],
          "private": "eyJlMmJmYjczMC1lY2FhLTExZTYtOGY4OC0zNDM2M2JjN2M0YzAiOnsiY3JlYXRlIjoxMjAwMDAwMDAwMDAwLCJkZWxldGUiOjEyMDAwMDAwMDAwMDAsInVwZGF0ZSI6MTIwMDAwMDAwMDAwMH0sInNjaGVtYV92ZXJzaW9uIjoiNiJ9",
          "dependencies": [
            "google_compute_network.management_vpc",
            "google_compute_subnetwork.management_subnet"
          ]
        }
      ]
    },
    {
      "mode": "managed",
      "type": "google_compute_instance_template",
      "name": "default",
      "provider": "provider[\"registry.terraform.io/hashicorp/google\"]",
      "instances": [
        {
          "schema_version": 1,
          "attributes": {
            "advanced_machine_features": [],
            "can_ip_forward": false,
            "confidential_instance_config": [],
            "creation_timestamp": "2024-11-27T15:09:56.653-08:00",
            "description": "",
            "disk": [
              {
                "auto_delete": true,
                "boot": true,
                "device_name": "persistent-disk-0",
                "disk_encryption_key": [],
                "disk_name": "",
                "disk_size_gb": 0,
                "disk_type": "pd-standard",
                "interface": "SCSI",
                "labels": {},
                "mode": "READ_WRITE",
                "provisioned_iops": 0,
                "provisioned_throughput": 0,
                "resource_manager_tags": {},
                "resource_policies": [],
                "source": "",
                "source_image": "projects/debian-cloud/global/images/family/debian-12",
                "source_image_encryption_key": [],
                "source_snapshot": "",
                "source_snapshot_encryption_key": [],
                "type": "PERSISTENT"
              }
            ],
            "effective_labels": {
              "goog-terraform-provisioned": "true"
            },
            "guest_accelerator": [],
            "id": "projects/security-standards-group-4/global/instanceTemplates/l7-ilb-mig-template",
            "instance_description": "",
            "key_revocation_action_type": "",
            "labels": {},
            "machine_type": "e2-small",
            "metadata": {
              "ssh-keys": "magister:ssh-rsa AAAAB3NzaC1yc2EAAAADAQABAAACAQCs5nwVcl6NLyPbwkof5xk26vAemf2K8JzazkRY3ghvf5Ml3fp1qkcz2ePqhnJD/i228iqw2n1BTI0VqWVki5SQOD9ceCD//m9CtcSk3/SascAyStO67iRCVJUDhkDLva0lri0Vw6ir7b576xKWTvAyCMC9ulrMctGkQiMLSOgJ9WwFd8b24k0Eng2rScDoE7lXU3vFtwh/Xi4nnVsW7XB0YxCw4xzDi6EQVJ9An6MAYYaHZB0qSP2w8azqbkr/pV8hhk9+qYjy89YiMjdJIs3kR7RMdljgviAD83vCu8VAZrJPIQH1cs7oXvfTi+Wvp+CflhSlUQxffifyRyF6VPnwgpEoxXNgrHQkYLpwwja1bKgXccyKU+5yulMvC9G3r3dtUhWxASdW1ok3XTsIfVcSFjyBSzBhUF9jpc1gY0vj7C09gmi3TIhRVikR8/d+ls4n7IDvqZb/oTYiMcsGL9rdlMcRTJW7BfGs5RDIldsA4bPyHl7GEIKzWiYHCd4vYlxts8maTVoXxrNGZ0KJFVZZdacyOTpye6lUDRb8Sjc2v6pxhuqAuBbOuNEW7NUWliM4rBgrtldV2HeC52+uwCQxxdsDviaQSYkZ0MxBbQqjh9ZTM9mZoo5t4bHqCBSLOWGkSwt89Xhug1cJ9zq0uws6ozlmzvib535AlIjRKo3LTQ== aestradao@miumg.edu.gt\n",
              "startup-script": "#! /bin/bash\nset -euo pipefail\n\nexport DEBIAN_FRONTEND=noninteractive\napt-get update\napt-get install -y nginx-light jq\n\nNAME=$(curl -H \"Metadata-Flavor: Google\" \"http://metadata.google.internal/computeMetadata/v1/instance/hostname\")\nIP=$(curl -H \"Metadata-Flavor: Google\" \"http://metadata.google.internal/computeMetadata/v1/instance/network-interfaces/0/ip\")\n\ncat \u003c\u003cEOF \u003e /var/www/html/index.html\n\u003cpre\u003e\nName: $NAME\nIP: $IP\n\u003c/pre\u003e\nEOF\n"
            },
            "metadata_fingerprint": "ryhU9QHbqbA=",
            "metadata_startup_script": null,
            "min_cpu_platform": "",
            "name": "l7-ilb-mig-template",
            "name_prefix": null,
            "network_interface": [
              {
                "access_config": [],
                "alias_ip_range": [],
                "internal_ipv6_prefix_length": 0,
                "ipv6_access_config": [],
                "ipv6_access_type": "",
                "ipv6_address": "",
                "name": "nic0",
                "network": "https://www.googleapis.com/compute/v1/projects/security-standards-group-4/global/networks/l7-ilb-network",
                "network_ip": "",
                "nic_type": "",
                "queue_count": 0,
                "stack_type": "",
                "subnetwork": "https://www.googleapis.com/compute/v1/projects/security-standards-group-4/regions/us-west1/subnetworks/l7-ilb-subnet",
                "subnetwork_project": "security-standards-group-4"
              }
            ],
            "network_performance_config": [],
            "project": "security-standards-group-4",
            "region": "us-west1",
            "reservation_affinity": [],
            "resource_manager_tags": null,
            "resource_policies": null,
            "scheduling": [
              {
                "automatic_restart": true,
                "instance_termination_action": "",
                "local_ssd_recovery_timeout": [],
                "max_run_duration": [],
                "min_node_cpus": 0,
                "node_affinities": [],
                "on_host_maintenance": "MIGRATE",
                "on_instance_stop_action": [],
                "preemptible": false,
                "provisioning_model": "STANDARD"
              }
            ],
            "self_link": "https://www.googleapis.com/compute/v1/projects/security-standards-group-4/global/instanceTemplates/l7-ilb-mig-template",
            "self_link_unique": "https://www.googleapis.com/compute/v1/projects/security-standards-group-4/global/instanceTemplates/l7-ilb-mig-template?uniqueId=8646462978984122412",
            "service_account": [],
            "shielded_instance_config": [],
            "tags": [
              "http-server"
            ],
            "tags_fingerprint": "",
            "terraform_labels": {
              "goog-terraform-provisioned": "true"
            },
            "timeouts": null
          },
          "sensitive_attributes": [],
          "private": "eyJlMmJmYjczMC1lY2FhLTExZTYtOGY4OC0zNDM2M2JjN2M0YzAiOnsiY3JlYXRlIjoyNDAwMDAwMDAwMDAsImRlbGV0ZSI6MjQwMDAwMDAwMDAwfSwic2NoZW1hX3ZlcnNpb24iOiIxIn0=",
          "dependencies": [
            "google_compute_network.default",
            "google_compute_subnetwork.default"
          ],
          "create_before_destroy": true
        }
      ]
    },
    {
      "mode": "managed",
      "type": "google_compute_instance_template",
      "name": "frontend_template",
      "provider": "provider[\"registry.terraform.io/hashicorp/google\"]",
      "instances": [
        {
          "schema_version": 1,
          "attributes": {
            "advanced_machine_features": [],
            "can_ip_forward": false,
            "confidential_instance_config": [],
            "creation_timestamp": "2024-11-27T15:09:57.726-08:00",
            "description": "",
            "disk": [
              {
                "auto_delete": true,
                "boot": true,
                "device_name": "persistent-disk-0",
                "disk_encryption_key": [],
                "disk_name": "",
                "disk_size_gb": 0,
                "disk_type": "pd-standard",
                "interface": "SCSI",
                "labels": {},
                "mode": "READ_WRITE",
                "provisioned_iops": 0,
                "provisioned_throughput": 0,
                "resource_manager_tags": {},
                "resource_policies": [],
                "source": "",
                "source_image": "projects/debian-cloud/global/images/family/debian-12",
                "source_image_encryption_key": [],
                "source_snapshot": "",
                "source_snapshot_encryption_key": [],
                "type": "PERSISTENT"
              }
            ],
            "effective_labels": {
              "goog-terraform-provisioned": "true"
            },
            "guest_accelerator": [],
            "id": "projects/security-standards-group-4/global/instanceTemplates/frontend-template",
            "instance_description": "",
            "key_revocation_action_type": "",
            "labels": {},
            "machine_type": "e2-small",
            "metadata": {
              "ssh-keys": "magister:ssh-rsa AAAAB3NzaC1yc2EAAAADAQABAAACAQCs5nwVcl6NLyPbwkof5xk26vAemf2K8JzazkRY3ghvf5Ml3fp1qkcz2ePqhnJD/i228iqw2n1BTI0VqWVki5SQOD9ceCD//m9CtcSk3/SascAyStO67iRCVJUDhkDLva0lri0Vw6ir7b576xKWTvAyCMC9ulrMctGkQiMLSOgJ9WwFd8b24k0Eng2rScDoE7lXU3vFtwh/Xi4nnVsW7XB0YxCw4xzDi6EQVJ9An6MAYYaHZB0qSP2w8azqbkr/pV8hhk9+qYjy89YiMjdJIs3kR7RMdljgviAD83vCu8VAZrJPIQH1cs7oXvfTi+Wvp+CflhSlUQxffifyRyF6VPnwgpEoxXNgrHQkYLpwwja1bKgXccyKU+5yulMvC9G3r3dtUhWxASdW1ok3XTsIfVcSFjyBSzBhUF9jpc1gY0vj7C09gmi3TIhRVikR8/d+ls4n7IDvqZb/oTYiMcsGL9rdlMcRTJW7BfGs5RDIldsA4bPyHl7GEIKzWiYHCd4vYlxts8maTVoXxrNGZ0KJFVZZdacyOTpye6lUDRb8Sjc2v6pxhuqAuBbOuNEW7NUWliM4rBgrtldV2HeC52+uwCQxxdsDviaQSYkZ0MxBbQqjh9ZTM9mZoo5t4bHqCBSLOWGkSwt89Xhug1cJ9zq0uws6ozlmzvib535AlIjRKo3LTQ== aestradao@miumg.edu.gt\n",
              "startup-script": "#!/bin/bash\nset -euo pipefail\n\nexport DEBIAN_FRONTEND=noninteractive\n\napt-get update\napt-get install -y nginx\n"
            },
            "metadata_fingerprint": "1QJgzz3o3uQ=",
            "metadata_startup_script": null,
            "min_cpu_platform": "",
            "name": "frontend-template",
            "name_prefix": null,
            "network_interface": [
              {
                "access_config": [],
                "alias_ip_range": [],
                "internal_ipv6_prefix_length": 0,
                "ipv6_access_config": [],
                "ipv6_access_type": "",
                "ipv6_address": "",
                "name": "nic0",
                "network": "https://www.googleapis.com/compute/v1/projects/security-standards-group-4/global/networks/l7-ilb-network",
                "network_ip": "",
                "nic_type": "",
                "queue_count": 0,
                "stack_type": "",
                "subnetwork": "https://www.googleapis.com/compute/v1/projects/security-standards-group-4/regions/us-west1/subnetworks/l7-ilb-subnet",
                "subnetwork_project": "security-standards-group-4"
              }
            ],
            "network_performance_config": [],
            "project": "security-standards-group-4",
            "region": "us-west1",
            "reservation_affinity": [],
            "resource_manager_tags": null,
            "resource_policies": null,
            "scheduling": [
              {
                "automatic_restart": true,
                "instance_termination_action": "",
                "local_ssd_recovery_timeout": [],
                "max_run_duration": [],
                "min_node_cpus": 0,
                "node_affinities": [],
                "on_host_maintenance": "MIGRATE",
                "on_instance_stop_action": [],
                "preemptible": false,
                "provisioning_model": "STANDARD"
              }
            ],
            "self_link": "https://www.googleapis.com/compute/v1/projects/security-standards-group-4/global/instanceTemplates/frontend-template",
            "self_link_unique": "https://www.googleapis.com/compute/v1/projects/security-standards-group-4/global/instanceTemplates/frontend-template?uniqueId=8166285407658055724",
            "service_account": [],
            "shielded_instance_config": [],
            "tags": [
              "frontend"
            ],
            "tags_fingerprint": "",
            "terraform_labels": {
              "goog-terraform-provisioned": "true"
            },
            "timeouts": null
          },
          "sensitive_attributes": [],
          "private": "eyJlMmJmYjczMC1lY2FhLTExZTYtOGY4OC0zNDM2M2JjN2M0YzAiOnsiY3JlYXRlIjoyNDAwMDAwMDAwMDAsImRlbGV0ZSI6MjQwMDAwMDAwMDAwfSwic2NoZW1hX3ZlcnNpb24iOiIxIn0=",
          "dependencies": [
            "google_compute_network.default",
            "google_compute_subnetwork.default"
          ]
        }
      ]
    },
    {
      "mode": "managed",
      "type": "google_compute_network",
      "name": "cluster_network",
      "provider": "provider[\"registry.terraform.io/hashicorp/google\"]",
      "instances": [
        {
          "schema_version": 0,
          "attributes": {
            "auto_create_subnetworks": false,
            "delete_default_routes_on_create": false,
            "description": "",
            "enable_ula_internal_ipv6": true,
            "gateway_ipv4": "",
            "id": "projects/security-standards-group-4/global/networks/cluster-network",
            "internal_ipv6_range": "fd20:261:531c:0:0:0:0:0/48",
            "mtu": 0,
            "name": "cluster-network",
            "network_firewall_policy_enforcement_order": "AFTER_CLASSIC_FIREWALL",
            "numeric_id": "4367598357190320825",
            "project": "security-standards-group-4",
            "routing_mode": "REGIONAL",
            "self_link": "https://www.googleapis.com/compute/v1/projects/security-standards-group-4/global/networks/cluster-network",
            "timeouts": null
          },
          "sensitive_attributes": [],
          "private": "eyJlMmJmYjczMC1lY2FhLTExZTYtOGY4OC0zNDM2M2JjN2M0YzAiOnsiY3JlYXRlIjoxMjAwMDAwMDAwMDAwLCJkZWxldGUiOjEyMDAwMDAwMDAwMDAsInVwZGF0ZSI6MTIwMDAwMDAwMDAwMH19"
        }
      ]
    },
    {
      "mode": "managed",
      "type": "google_compute_network",
      "name": "default",
      "provider": "provider[\"registry.terraform.io/hashicorp/google\"]",
      "instances": [
        {
          "schema_version": 0,
          "attributes": {
            "auto_create_subnetworks": false,
            "delete_default_routes_on_create": false,
            "description": "",
            "enable_ula_internal_ipv6": false,
            "gateway_ipv4": "",
            "id": "projects/security-standards-group-4/global/networks/l7-ilb-network",
            "internal_ipv6_range": "",
            "mtu": 0,
            "name": "l7-ilb-network",
            "network_firewall_policy_enforcement_order": "AFTER_CLASSIC_FIREWALL",
            "numeric_id": "5332423560070305896",
            "project": "security-standards-group-4",
            "routing_mode": "REGIONAL",
            "self_link": "https://www.googleapis.com/compute/v1/projects/security-standards-group-4/global/networks/l7-ilb-network",
            "timeouts": null
          },
          "sensitive_attributes": [],
          "private": "eyJlMmJmYjczMC1lY2FhLTExZTYtOGY4OC0zNDM2M2JjN2M0YzAiOnsiY3JlYXRlIjoxMjAwMDAwMDAwMDAwLCJkZWxldGUiOjEyMDAwMDAwMDAwMDAsInVwZGF0ZSI6MTIwMDAwMDAwMDAwMH19",
          "create_before_destroy": true
        }
      ]
    },
    {
      "mode": "managed",
      "type": "google_compute_network",
      "name": "dmz_vpc",
      "provider": "provider[\"registry.terraform.io/hashicorp/google\"]",
      "instances": [
        {
          "schema_version": 0,
          "attributes": {
            "auto_create_subnetworks": false,
            "delete_default_routes_on_create": false,
            "description": "",
            "enable_ula_internal_ipv6": false,
            "gateway_ipv4": "",
            "id": "projects/security-standards-group-4/global/networks/dmz-vpc",
            "internal_ipv6_range": "",
            "mtu": 0,
            "name": "dmz-vpc",
            "network_firewall_policy_enforcement_order": "AFTER_CLASSIC_FIREWALL",
            "numeric_id": "8000190986437924961",
            "project": "security-standards-group-4",
            "routing_mode": "REGIONAL",
            "self_link": "https://www.googleapis.com/compute/v1/projects/security-standards-group-4/global/networks/dmz-vpc",
            "timeouts": null
          },
          "sensitive_attributes": [],
          "private": "eyJlMmJmYjczMC1lY2FhLTExZTYtOGY4OC0zNDM2M2JjN2M0YzAiOnsiY3JlYXRlIjoxMjAwMDAwMDAwMDAwLCJkZWxldGUiOjEyMDAwMDAwMDAwMDAsInVwZGF0ZSI6MTIwMDAwMDAwMDAwMH19"
        }
      ]
    },
    {
      "mode": "managed",
      "type": "google_compute_network",
      "name": "management_vpc",
      "provider": "provider[\"registry.terraform.io/hashicorp/google\"]",
      "instances": [
        {
          "schema_version": 0,
          "attributes": {
            "auto_create_subnetworks": false,
            "delete_default_routes_on_create": false,
            "description": "",
            "enable_ula_internal_ipv6": false,
            "gateway_ipv4": "",
            "id": "projects/security-standards-group-4/global/networks/management-vpc",
            "internal_ipv6_range": "",
            "mtu": 0,
            "name": "management-vpc",
            "network_firewall_policy_enforcement_order": "AFTER_CLASSIC_FIREWALL",
            "numeric_id": "784684270330884438",
            "project": "security-standards-group-4",
            "routing_mode": "REGIONAL",
            "self_link": "https://www.googleapis.com/compute/v1/projects/security-standards-group-4/global/networks/management-vpc",
            "timeouts": null
          },
          "sensitive_attributes": [],
          "private": "eyJlMmJmYjczMC1lY2FhLTExZTYtOGY4OC0zNDM2M2JjN2M0YzAiOnsiY3JlYXRlIjoxMjAwMDAwMDAwMDAwLCJkZWxldGUiOjEyMDAwMDAwMDAwMDAsInVwZGF0ZSI6MTIwMDAwMDAwMDAwMH19"
        }
      ]
    },
    {
      "mode": "managed",
      "type": "google_compute_network_peering",
      "name": "cluster_main_to_management",
      "provider": "provider[\"registry.terraform.io/hashicorp/google\"]",
      "instances": [
        {
          "schema_version": 0,
          "attributes": {
            "export_custom_routes": false,
            "export_subnet_routes_with_public_ip": true,
            "id": "cluster-network/cluster-to-management",
            "import_custom_routes": false,
            "import_subnet_routes_with_public_ip": false,
            "name": "cluster-to-management",
            "network": "projects/security-standards-group-4/global/networks/cluster-network",
            "peer_network": "https://www.googleapis.com/compute/v1/projects/security-standards-group-4/global/networks/management-vpc",
            "stack_type": "IPV4_ONLY",
            "state": "ACTIVE",
            "state_details": "[2024-11-27T15:09:12.683-08:00]: Connected.",
            "timeouts": null
          },
          "sensitive_attributes": [],
          "private": "eyJlMmJmYjczMC1lY2FhLTExZTYtOGY4OC0zNDM2M2JjN2M0YzAiOnsiY3JlYXRlIjoyNDAwMDAwMDAwMDAsImRlbGV0ZSI6MjQwMDAwMDAwMDAwLCJ1cGRhdGUiOjI0MDAwMDAwMDAwMH19",
          "dependencies": [
            "google_compute_network.cluster_network",
            "google_compute_network.management_vpc"
          ]
        }
      ]
    },
    {
      "mode": "managed",
      "type": "google_compute_network_peering",
      "name": "internal_main_to_management",
      "provider": "provider[\"registry.terraform.io/hashicorp/google\"]",
      "instances": [
        {
          "schema_version": 0,
          "attributes": {
            "export_custom_routes": false,
            "export_subnet_routes_with_public_ip": true,
            "id": "l7-ilb-network/l7-ilb-to-management",
            "import_custom_routes": false,
            "import_subnet_routes_with_public_ip": false,
            "name": "l7-ilb-to-management",
            "network": "projects/security-standards-group-4/global/networks/l7-ilb-network",
            "peer_network": "https://www.googleapis.com/compute/v1/projects/security-standards-group-4/global/networks/management-vpc",
            "stack_type": "IPV4_ONLY",
            "state": "ACTIVE",
            "state_details": "[2024-11-27T15:28:06.610-08:00]: Connected.",
            "timeouts": null
          },
          "sensitive_attributes": [],
          "private": "eyJlMmJmYjczMC1lY2FhLTExZTYtOGY4OC0zNDM2M2JjN2M0YzAiOnsiY3JlYXRlIjoyNDAwMDAwMDAwMDAsImRlbGV0ZSI6MjQwMDAwMDAwMDAwLCJ1cGRhdGUiOjI0MDAwMDAwMDAwMH19",
          "dependencies": [
            "google_compute_network.default",
            "google_compute_network.management_vpc"
          ]
        }
      ]
    },
    {
      "mode": "managed",
      "type": "google_compute_network_peering",
      "name": "management_to_cluster_main",
      "provider": "provider[\"registry.terraform.io/hashicorp/google\"]",
      "instances": [
        {
          "schema_version": 0,
          "attributes": {
            "export_custom_routes": false,
            "export_subnet_routes_with_public_ip": true,
            "id": "management-vpc/management-to-cluster",
            "import_custom_routes": false,
            "import_subnet_routes_with_public_ip": false,
            "name": "management-to-cluster",
            "network": "projects/security-standards-group-4/global/networks/management-vpc",
            "peer_network": "https://www.googleapis.com/compute/v1/projects/security-standards-group-4/global/networks/cluster-network",
            "stack_type": "IPV4_ONLY",
            "state": "ACTIVE",
            "state_details": "[2024-11-27T15:10:05.990-08:00]: Connected.",
            "timeouts": null
          },
          "sensitive_attributes": [],
          "private": "eyJlMmJmYjczMC1lY2FhLTExZTYtOGY4OC0zNDM2M2JjN2M0YzAiOnsiY3JlYXRlIjoyNDAwMDAwMDAwMDAsImRlbGV0ZSI6MjQwMDAwMDAwMDAwLCJ1cGRhdGUiOjI0MDAwMDAwMDAwMH19",
          "dependencies": [
            "google_compute_network.cluster_network",
            "google_compute_network.management_vpc"
          ]
        }
      ]
    },
    {
      "mode": "managed",
      "type": "google_compute_network_peering",
      "name": "management_to_internal_main",
      "provider": "provider[\"registry.terraform.io/hashicorp/google\"]",
      "instances": [
        {
          "schema_version": 0,
          "attributes": {
            "export_custom_routes": false,
            "export_subnet_routes_with_public_ip": true,
            "id": "management-vpc/management-to-l7-ilb",
            "import_custom_routes": false,
            "import_subnet_routes_with_public_ip": false,
            "name": "management-to-l7-ilb",
            "network": "projects/security-standards-group-4/global/networks/management-vpc",
            "peer_network": "https://www.googleapis.com/compute/v1/projects/security-standards-group-4/global/networks/l7-ilb-network",
            "stack_type": "IPV4_ONLY",
            "state": "ACTIVE",
            "state_details": "[2024-11-27T15:28:06.610-08:00]: Connected.",
            "timeouts": null
          },
          "sensitive_attributes": [],
          "private": "eyJlMmJmYjczMC1lY2FhLTExZTYtOGY4OC0zNDM2M2JjN2M0YzAiOnsiY3JlYXRlIjoyNDAwMDAwMDAwMDAsImRlbGV0ZSI6MjQwMDAwMDAwMDAwLCJ1cGRhdGUiOjI0MDAwMDAwMDAwMH19",
          "dependencies": [
            "google_compute_network.default",
            "google_compute_network.management_vpc"
          ]
        }
      ]
    },
    {
      "mode": "managed",
      "type": "google_compute_project_metadata",
      "name": "default",
      "provider": "provider[\"registry.terraform.io/hashicorp/google\"]",
      "instances": [
        {
          "schema_version": 0,
          "attributes": {
            "id": "security-standards-group-4",
            "metadata": {
              "ssh-keys": "magister:ssh-rsa AAAAB3NzaC1yc2EAAAADAQABAAACAQCs5nwVcl6NLyPbwkof5xk26vAemf2K8JzazkRY3ghvf5Ml3fp1qkcz2ePqhnJD/i228iqw2n1BTI0VqWVki5SQOD9ceCD//m9CtcSk3/SascAyStO67iRCVJUDhkDLva0lri0Vw6ir7b576xKWTvAyCMC9ulrMctGkQiMLSOgJ9WwFd8b24k0Eng2rScDoE7lXU3vFtwh/Xi4nnVsW7XB0YxCw4xzDi6EQVJ9An6MAYYaHZB0qSP2w8azqbkr/pV8hhk9+qYjy89YiMjdJIs3kR7RMdljgviAD83vCu8VAZrJPIQH1cs7oXvfTi+Wvp+CflhSlUQxffifyRyF6VPnwgpEoxXNgrHQkYLpwwja1bKgXccyKU+5yulMvC9G3r3dtUhWxASdW1ok3XTsIfVcSFjyBSzBhUF9jpc1gY0vj7C09gmi3TIhRVikR8/d+ls4n7IDvqZb/oTYiMcsGL9rdlMcRTJW7BfGs5RDIldsA4bPyHl7GEIKzWiYHCd4vYlxts8maTVoXxrNGZ0KJFVZZdacyOTpye6lUDRb8Sjc2v6pxhuqAuBbOuNEW7NUWliM4rBgrtldV2HeC52+uwCQxxdsDviaQSYkZ0MxBbQqjh9ZTM9mZoo5t4bHqCBSLOWGkSwt89Xhug1cJ9zq0uws6ozlmzvib535AlIjRKo3LTQ== aestradao@miumg.edu.gt\n"
            },
            "project": "security-standards-group-4",
            "timeouts": null
          },
          "sensitive_attributes": [],
          "private": "eyJlMmJmYjczMC1lY2FhLTExZTYtOGY4OC0zNDM2M2JjN2M0YzAiOnsiY3JlYXRlIjoyNDAwMDAwMDAwMDAsImRlbGV0ZSI6MjQwMDAwMDAwMDAwfX0="
        }
      ]
    },
    {
      "mode": "managed",
      "type": "google_compute_region_backend_service",
      "name": "default",
      "provider": "provider[\"registry.terraform.io/hashicorp/google\"]",
      "instances": [
        {
          "schema_version": 1,
          "attributes": {
            "affinity_cookie_ttl_sec": 0,
            "backend": [
              {
                "balancing_mode": "UTILIZATION",
                "capacity_scaler": 1,
                "description": "",
                "failover": false,
                "group": "https://www.googleapis.com/compute/v1/projects/security-standards-group-4/regions/us-west1/instanceGroups/l7-ilb-mig1",
                "max_connections": 0,
                "max_connections_per_endpoint": 0,
                "max_connections_per_instance": 0,
                "max_rate": 0,
                "max_rate_per_endpoint": 0,
                "max_rate_per_instance": 0,
                "max_utilization": 0
              }
            ],
            "cdn_policy": [],
            "circuit_breakers": [],
            "connection_draining_timeout_sec": 300,
            "consistent_hash": [],
            "creation_timestamp": "2024-11-27T15:10:23.363-08:00",
            "description": "",
            "enable_cdn": false,
            "failover_policy": [],
            "fingerprint": "76zfz1GjEGw=",
            "generated_id": 7729778900588959792,
            "health_checks": [
              "https://www.googleapis.com/compute/v1/projects/security-standards-group-4/regions/us-west1/healthChecks/l7-ilb-hc"
            ],
            "iap": [],
            "id": "projects/security-standards-group-4/regions/us-west1/backendServices/l7-ilb-backend-service",
            "ip_address_selection_policy": "",
            "load_balancing_scheme": "INTERNAL_MANAGED",
            "locality_lb_policy": "",
            "log_config": [],
            "name": "l7-ilb-backend-service",
            "network": "",
            "outlier_detection": [],
            "port_name": "http-server",
            "project": "security-standards-group-4",
            "protocol": "HTTP",
            "region": "us-west1",
            "self_link": "https://www.googleapis.com/compute/v1/projects/security-standards-group-4/regions/us-west1/backendServices/l7-ilb-backend-service",
            "session_affinity": "NONE",
            "strong_session_affinity_cookie": [],
            "timeout_sec": 10,
            "timeouts": null
          },
          "sensitive_attributes": [],
          "private": "eyJlMmJmYjczMC1lY2FhLTExZTYtOGY4OC0zNDM2M2JjN2M0YzAiOnsiY3JlYXRlIjoxMjAwMDAwMDAwMDAwLCJkZWxldGUiOjEyMDAwMDAwMDAwMDAsInVwZGF0ZSI6MTIwMDAwMDAwMDAwMH0sInNjaGVtYV92ZXJzaW9uIjoiMSJ9",
          "dependencies": [
            "google_compute_instance_template.default",
            "google_compute_network.default",
            "google_compute_region_health_check.default",
            "google_compute_region_instance_group_manager.default",
            "google_compute_subnetwork.default"
          ]
        }
      ]
    },
    {
      "mode": "managed",
      "type": "google_compute_region_backend_service",
      "name": "frontend_backend_service",
      "provider": "provider[\"registry.terraform.io/hashicorp/google\"]",
      "instances": [
        {
          "schema_version": 1,
          "attributes": {
            "affinity_cookie_ttl_sec": 0,
            "backend": [
              {
                "balancing_mode": "UTILIZATION",
                "capacity_scaler": 1,
                "description": "",
                "failover": false,
                "group": "https://www.googleapis.com/compute/v1/projects/security-standards-group-4/regions/us-west1/instanceGroups/frontend-mig",
                "max_connections": 0,
                "max_connections_per_endpoint": 0,
                "max_connections_per_instance": 0,
                "max_rate": 0,
                "max_rate_per_endpoint": 0,
                "max_rate_per_instance": 0,
                "max_utilization": 0
              }
            ],
            "cdn_policy": [],
            "circuit_breakers": [],
            "connection_draining_timeout_sec": 300,
            "consistent_hash": [],
            "creation_timestamp": "2024-11-27T15:10:29.825-08:00",
            "description": "",
            "enable_cdn": false,
            "failover_policy": [],
            "fingerprint": "XggobwgEJDY=",
            "generated_id": 4676797545365248010,
            "health_checks": [
              "https://www.googleapis.com/compute/v1/projects/security-standards-group-4/regions/us-west1/healthChecks/frontend-hc"
            ],
            "iap": [],
            "id": "projects/security-standards-group-4/regions/us-west1/backendServices/frontend-backend-service",
            "ip_address_selection_policy": "",
            "load_balancing_scheme": "EXTERNAL_MANAGED",
            "locality_lb_policy": "",
            "log_config": [],
            "name": "frontend-backend-service",
            "network": "",
            "outlier_detection": [],
            "port_name": "http-server",
            "project": "security-standards-group-4",
            "protocol": "HTTP",
            "region": "us-west1",
            "self_link": "https://www.googleapis.com/compute/v1/projects/security-standards-group-4/regions/us-west1/backendServices/frontend-backend-service",
            "session_affinity": "NONE",
            "strong_session_affinity_cookie": [],
            "timeout_sec": 10,
            "timeouts": null
          },
          "sensitive_attributes": [],
          "private": "eyJlMmJmYjczMC1lY2FhLTExZTYtOGY4OC0zNDM2M2JjN2M0YzAiOnsiY3JlYXRlIjoxMjAwMDAwMDAwMDAwLCJkZWxldGUiOjEyMDAwMDAwMDAwMDAsInVwZGF0ZSI6MTIwMDAwMDAwMDAwMH0sInNjaGVtYV92ZXJzaW9uIjoiMSJ9",
          "dependencies": [
            "google_compute_instance_template.frontend_template",
            "google_compute_network.default",
            "google_compute_region_health_check.frontend_health_check",
            "google_compute_region_instance_group_manager.frontend_mig",
            "google_compute_subnetwork.default"
          ]
        }
      ]
    },
    {
      "mode": "managed",
      "type": "google_compute_region_health_check",
      "name": "default",
      "provider": "provider[\"registry.terraform.io/hashicorp/google\"]",
      "instances": [
        {
          "schema_version": 0,
          "attributes": {
            "check_interval_sec": 5,
            "creation_timestamp": "2024-11-27T15:08:55.296-08:00",
            "description": "",
            "grpc_health_check": [],
            "healthy_threshold": 2,
            "http2_health_check": [],
            "http_health_check": [
              {
                "host": "",
                "port": 0,
                "port_name": "",
                "port_specification": "USE_SERVING_PORT",
                "proxy_header": "NONE",
                "request_path": "/",
                "response": ""
              }
            ],
            "https_health_check": [],
            "id": "projects/security-standards-group-4/regions/us-west1/healthChecks/l7-ilb-hc",
            "log_config": [
              {
                "enable": false
              }
            ],
            "name": "l7-ilb-hc",
            "project": "security-standards-group-4",
            "region": "us-west1",
            "self_link": "https://www.googleapis.com/compute/v1/projects/security-standards-group-4/regions/us-west1/healthChecks/l7-ilb-hc",
            "ssl_health_check": [],
            "tcp_health_check": [],
            "timeout_sec": 5,
            "timeouts": null,
            "type": "HTTP",
            "unhealthy_threshold": 2
          },
          "sensitive_attributes": [],
          "private": "eyJlMmJmYjczMC1lY2FhLTExZTYtOGY4OC0zNDM2M2JjN2M0YzAiOnsiY3JlYXRlIjoxMjAwMDAwMDAwMDAwLCJkZWxldGUiOjEyMDAwMDAwMDAwMDAsInVwZGF0ZSI6MTIwMDAwMDAwMDAwMH19"
        }
      ]
    },
    {
      "mode": "managed",
      "type": "google_compute_region_health_check",
      "name": "frontend_health_check",
      "provider": "provider[\"registry.terraform.io/hashicorp/google\"]",
      "instances": [
        {
          "schema_version": 0,
          "attributes": {
            "check_interval_sec": 5,
            "creation_timestamp": "2024-11-27T15:08:55.303-08:00",
            "description": "",
            "grpc_health_check": [],
            "healthy_threshold": 2,
            "http2_health_check": [],
            "http_health_check": [
              {
                "host": "",
                "port": 80,
                "port_name": "",
                "port_specification": "",
                "proxy_header": "NONE",
                "request_path": "/",
                "response": ""
              }
            ],
            "https_health_check": [],
            "id": "projects/security-standards-group-4/regions/us-west1/healthChecks/frontend-hc",
            "log_config": [
              {
                "enable": false
              }
            ],
            "name": "frontend-hc",
            "project": "security-standards-group-4",
            "region": "us-west1",
            "self_link": "https://www.googleapis.com/compute/v1/projects/security-standards-group-4/regions/us-west1/healthChecks/frontend-hc",
            "ssl_health_check": [],
            "tcp_health_check": [],
            "timeout_sec": 5,
            "timeouts": null,
            "type": "HTTP",
            "unhealthy_threshold": 2
          },
          "sensitive_attributes": [],
          "private": "eyJlMmJmYjczMC1lY2FhLTExZTYtOGY4OC0zNDM2M2JjN2M0YzAiOnsiY3JlYXRlIjoxMjAwMDAwMDAwMDAwLCJkZWxldGUiOjEyMDAwMDAwMDAwMDAsInVwZGF0ZSI6MTIwMDAwMDAwMDAwMH19"
        }
      ]
    },
    {
      "mode": "managed",
      "type": "google_compute_region_instance_group_manager",
      "name": "default",
      "provider": "provider[\"registry.terraform.io/hashicorp/google\"]",
      "instances": [
        {
          "schema_version": 0,
          "attributes": {
            "all_instances_config": [],
            "auto_healing_policies": [],
            "base_instance_name": "vm",
            "creation_timestamp": "2024-11-27T15:10:01.655-08:00",
            "description": "",
            "distribution_policy_target_shape": "EVEN",
            "distribution_policy_zones": [
              "us-west1-a",
              "us-west1-b",
              "us-west1-c"
            ],
            "fingerprint": "Dat3BhpWZ30=",
            "id": "projects/security-standards-group-4/regions/us-west1/instanceGroupManagers/l7-ilb-mig1",
            "instance_group": "https://www.googleapis.com/compute/v1/projects/security-standards-group-4/regions/us-west1/instanceGroups/l7-ilb-mig1",
            "instance_lifecycle_policy": [
              {
                "default_action_on_failure": "REPAIR",
                "force_update_on_repair": "NO"
              }
            ],
            "list_managed_instances_results": "PAGELESS",
            "name": "l7-ilb-mig1",
            "named_port": [
              {
                "name": "http-server",
                "port": 80
              }
            ],
            "project": "security-standards-group-4",
            "region": "us-west1",
            "self_link": "https://www.googleapis.com/compute/v1/projects/security-standards-group-4/regions/us-west1/instanceGroupManagers/l7-ilb-mig1",
            "stateful_disk": [],
            "stateful_external_ip": [],
            "stateful_internal_ip": [],
            "status": [
              {
                "all_instances_config": [
                  {
                    "current_revision": "",
                    "effective": true
                  }
                ],
                "is_stable": true,
                "stateful": [
                  {
                    "has_stateful_config": false,
                    "per_instance_configs": [
                      {
                        "all_effective": true
                      }
                    ]
                  }
                ],
                "version_target": [
                  {
                    "is_reached": true
                  }
                ]
              }
            ],
            "target_pools": [],
            "target_size": 2,
            "timeouts": null,
            "update_policy": [
              {
                "instance_redistribution_type": "PROACTIVE",
                "max_surge_fixed": 3,
                "max_surge_percent": 0,
                "max_unavailable_fixed": 3,
                "max_unavailable_percent": 0,
                "minimal_action": "REPLACE",
                "most_disruptive_allowed_action": "",
                "replacement_method": "SUBSTITUTE",
                "type": "OPPORTUNISTIC"
              }
            ],
            "version": [
              {
                "instance_template": "https://www.googleapis.com/compute/v1/projects/security-standards-group-4/global/instanceTemplates/l7-ilb-mig-template",
                "name": "primary",
                "target_size": []
              }
            ],
            "wait_for_instances": false,
            "wait_for_instances_status": "STABLE"
          },
          "sensitive_attributes": [],
          "private": "eyJlMmJmYjczMC1lY2FhLTExZTYtOGY4OC0zNDM2M2JjN2M0YzAiOnsiY3JlYXRlIjo5MDAwMDAwMDAwMDAsImRlbGV0ZSI6OTAwMDAwMDAwMDAwLCJ1cGRhdGUiOjkwMDAwMDAwMDAwMH19",
          "dependencies": [
            "google_compute_instance_template.default",
            "google_compute_network.default",
            "google_compute_subnetwork.default"
          ]
        }
      ]
    },
    {
      "mode": "managed",
      "type": "google_compute_region_instance_group_manager",
      "name": "frontend_mig",
      "provider": "provider[\"registry.terraform.io/hashicorp/google\"]",
      "instances": [
        {
          "schema_version": 0,
          "attributes": {
            "all_instances_config": [],
            "auto_healing_policies": [],
            "base_instance_name": "frontend-vm",
            "creation_timestamp": "2024-11-27T15:10:07.589-08:00",
            "description": "",
            "distribution_policy_target_shape": "EVEN",
            "distribution_policy_zones": [
              "us-west1-a",
              "us-west1-b",
              "us-west1-c"
            ],
            "fingerprint": "O607-Wqcafk=",
            "id": "projects/security-standards-group-4/regions/us-west1/instanceGroupManagers/frontend-mig",
            "instance_group": "https://www.googleapis.com/compute/v1/projects/security-standards-group-4/regions/us-west1/instanceGroups/frontend-mig",
            "instance_lifecycle_policy": [
              {
                "default_action_on_failure": "REPAIR",
                "force_update_on_repair": "NO"
              }
            ],
            "list_managed_instances_results": "PAGELESS",
            "name": "frontend-mig",
            "named_port": [
              {
                "name": "http-server",
                "port": 80
              }
            ],
            "project": "security-standards-group-4",
            "region": "us-west1",
            "self_link": "https://www.googleapis.com/compute/v1/projects/security-standards-group-4/regions/us-west1/instanceGroupManagers/frontend-mig",
            "stateful_disk": [],
            "stateful_external_ip": [],
            "stateful_internal_ip": [],
            "status": [
              {
                "all_instances_config": [
                  {
                    "current_revision": "",
                    "effective": true
                  }
                ],
                "is_stable": true,
                "stateful": [
                  {
                    "has_stateful_config": false,
                    "per_instance_configs": [
                      {
                        "all_effective": true
                      }
                    ]
                  }
                ],
                "version_target": [
                  {
                    "is_reached": true
                  }
                ]
              }
            ],
            "target_pools": [],
            "target_size": 2,
            "timeouts": null,
            "update_policy": [
              {
                "instance_redistribution_type": "PROACTIVE",
                "max_surge_fixed": 3,
                "max_surge_percent": 0,
                "max_unavailable_fixed": 3,
                "max_unavailable_percent": 0,
                "minimal_action": "REPLACE",
                "most_disruptive_allowed_action": "",
                "replacement_method": "SUBSTITUTE",
                "type": "OPPORTUNISTIC"
              }
            ],
            "version": [
              {
                "instance_template": "https://www.googleapis.com/compute/v1/projects/security-standards-group-4/global/instanceTemplates/frontend-template",
                "name": "",
                "target_size": []
              }
            ],
            "wait_for_instances": false,
            "wait_for_instances_status": "STABLE"
          },
          "sensitive_attributes": [],
          "private": "eyJlMmJmYjczMC1lY2FhLTExZTYtOGY4OC0zNDM2M2JjN2M0YzAiOnsiY3JlYXRlIjo5MDAwMDAwMDAwMDAsImRlbGV0ZSI6OTAwMDAwMDAwMDAwLCJ1cGRhdGUiOjkwMDAwMDAwMDAwMH19",
          "dependencies": [
            "google_compute_instance_template.frontend_template",
            "google_compute_network.default",
            "google_compute_subnetwork.default"
          ]
        }
      ]
    },
    {
      "mode": "managed",
      "type": "google_compute_region_ssl_certificate",
      "name": "default",
      "provider": "provider[\"registry.terraform.io/hashicorp/google\"]",
      "instances": [
        {
          "schema_version": 0,
          "attributes": {
            "certificate": "-----BEGIN CERTIFICATE-----\nMIIDPjCCAiagAwIBAgIRAKfo2tigkLYK7sJGkXdHtq0wDQYJKoZIhvcNAQELBQAw\nMzEbMBkGA1UEChMSQUNNRSBFeGFtcGxlcywgSW5jMRQwEgYDVQQDEwtleGFtcGxl\nLmNvbTAeFw0yNDExMjcyMzA4NTVaFw0yNDExMjgxMTA4NTVaMDMxGzAZBgNVBAoT\nEkFDTUUgRXhhbXBsZXMsIEluYzEUMBIGA1UEAxMLZXhhbXBsZS5jb20wggEiMA0G\nCSqGSIb3DQEBAQUAA4IBDwAwggEKAoIBAQDCDYbwR4zv8W+Me64fSGFTV0Epnddr\nrVP6bIiB/uRSVz9vcZTo5rbDCCsjdo0G4lwFUwNgEUZLh8E8BWRJSKjLCJUThsZu\nhmvTYySLR+k2YlbSbgbw66bRau+J44C1R5PZ3Y1JAWvhnJIK7aXJyi3uWyg/w4oM\n9Rp1HwXCmO/y1APs6HXUUdf0s00rmxe+I0QfBzTaMf7MMFet7hf12MH3GJpEEwc6\ne9C3+bBuVbHYY5dF49OXpMimwg/uS4v9N5zCpd8c4UcEYWDWRMh8G1tPmvJTOv/y\nO8fssnOycvathJN6DvaX/Sga52fp4tfUak5Q0xJrVB+WIgOu4zUzAkzVAgMBAAGj\nTTBLMA4GA1UdDwEB/wQEAwIFoDATBgNVHSUEDDAKBggrBgEFBQcDATAMBgNVHRMB\nAf8EAjAAMBYGA1UdEQQPMA2CC2V4YW1wbGUuY29tMA0GCSqGSIb3DQEBCwUAA4IB\nAQBsHovRdz+vKHUPX7dMMC4KYRM9ZgJ+bE7pSrcgKS6ikbZW1A+cbFTSPstQenqD\nUR6gHHUDe5MxPsD+FNzi4D+03FqOlyyProoI7UOGXJ1ZHzSRbRtQLRMmRR0y6aRp\nJuLNC+IVaIqBp0J6rMr7ct/ZDXXP24XyuUNb2WFM8YvEd03GVRbJl3WkqJ3/a7qL\nW5dx3g3wND0xWTd9LavpDTgG2nF8g40Qo6jDdkgfbGT5WYOy9j2T8gneEH1bwR/U\nBSnfmL9WpWacTKz5SK2zqdXKY7ZmJmvsW3Hbr+SqIQ8C48hBHgcjSb99M3ZukX/p\nvYPjFSK/N1PnQBI7S4DS4JFw\n-----END CERTIFICATE-----\n",
            "certificate_id": 4148952090525964393,
            "creation_timestamp": "2024-11-27T15:08:55.015-08:00",
            "description": "",
            "expire_time": "2024-11-28T03:08:55.000-08:00",
            "id": "projects/security-standards-group-4/regions/us-west1/sslCertificates/my-certificate-20241127230855965900000001",
            "name": "my-certificate-20241127230855965900000001",
            "name_prefix": "my-certificate-",
            "private_key": "-----BEGIN RSA PRIVATE KEY-----\nMIIEowIBAAKCAQEAwg2G8EeM7/FvjHuuH0hhU1dBKZ3Xa61T+myIgf7kUlc/b3GU\n6Oa2wwgrI3aNBuJcBVMDYBFGS4fBPAVkSUioywiVE4bGboZr02Mki0fpNmJW0m4G\n8Oum0WrvieOAtUeT2d2NSQFr4ZySCu2lycot7lsoP8OKDPUadR8Fwpjv8tQD7Oh1\n1FHX9LNNK5sXviNEHwc02jH+zDBXre4X9djB9xiaRBMHOnvQt/mwblWx2GOXRePT\nl6TIpsIP7kuL/TecwqXfHOFHBGFg1kTIfBtbT5ryUzr/8jvH7LJzsnL2rYSTeg72\nl/0oGudn6eLX1GpOUNMSa1QfliIDruM1MwJM1QIDAQABAoIBAEiI5+SOyjayR6D6\nZiaZVo/hcKEOuAQuwNI9mXUGAvBoXnTYvvGjs7MJLZ7O5H4rRHxVAFD7hAwdjXRT\nC559A2MJLTgkS63qnwlf6LwLQDgs4Ak+SWfqnetvjmQ7XtPkEncAYpxkZJ/rd4eQ\nN0VLRonvFwdmnwai46Xd17halG5ufPuDyBdWEFfmJbB5g89LQhvsl4GXrzUPzT1O\nkA+PQizXPACVk3IerDV92Ub6/hEarFJeS/dEEMt3TcrxjT+VerJcqBe+aQpjRzej\nyQXTtOJLHEpRYSZnZPWzGrzMkWIhdZY/+nS3Xqyh+ptmeBwXk4yARZ0lq+6DMZIC\nunoHuI0CgYEA3R3twqAdvJk9VzuZckFvGKYRjFxn148JsML0aVFOdUveWmwDXdH9\naZiG+HGUcaSfRnJ+eqGOJWsBscbuiQczWNY0PpaGYlkA0X8/oHBDDwdOYNAa9ptm\n7YLye33quUWBGMyvWA7z6jjsr65U9ShS02FBfY58ougVxd13D3OpeHcCgYEA4KqV\nYOAj2YAIFJzsu4StN1eS+3mWL6zFJeB+604iV9Qlfy9V8H54K8jYoc2fE/RuONeM\ncunx5NWmwGI0g8pWYWp4ZOGJ6/HnFGzBtBrNVAar6RS2DjYVyYueVgdU5VWszsYF\nD3bIBIAVwIFZyRrjfnJARE7EeijQ73W6j6R3hBMCgYAuhCxPhFWdJnOkFVKrmZ5g\nhhcs+weRbnLwb6LxQPyLaoGFbjGrHBD+lOrX+zTqT2J+dHmtHK2Fq6Q4nQvzYcNo\nje+BtzLgH68vY2CkRNmmoLfZYA48EOcvUhvm5M9rWHbXG8BLeyHPBVitgLQ4utnp\nxAz99+q6bq6d6IAyjPd68wKBgQCN1IK7BqT7IO14/dwhQVAMuPdsVESw0jQfhkr5\nh3j800vcr+hkC6MXmRLRirqbYVrX/ZOH1BLGMO61UwnuDSVdGFbq8MseLbeA2Gus\npKLtIc0TNuT7sb8tXjvV+Yjpwp12Z+I38fexh56zybUB1Ty6zauus78rk2rbUQo2\ntlBRCwKBgHas2jowsJ8Gdxl8SY19Ph/S58ROb2SoRDwaTcAxZ0DI8Nk5cdgKPjuh\ny94NMy85vSf6hsDz4TPmLD2XMCw0AAVOVewbWs4FUVFpHTjqvtpEpYbiFEYtRubm\nRwVYn0KR3Gi892P3BY457la5UdgBJXyfOTS9WUqrXT1xFIY6Dsz6\n-----END RSA PRIVATE KEY-----\n",
            "project": "security-standards-group-4",
            "region": "us-west1",
            "self_link": "https://www.googleapis.com/compute/v1/projects/security-standards-group-4/regions/us-west1/sslCertificates/my-certificate-20241127230855965900000001",
            "timeouts": null
          },
          "sensitive_attributes": [
            [
              {
                "type": "get_attr",
                "value": "certificate"
              }
            ],
            [
              {
                "type": "get_attr",
                "value": "private_key"
              }
            ]
          ],
          "private": "eyJlMmJmYjczMC1lY2FhLTExZTYtOGY4OC0zNDM2M2JjN2M0YzAiOnsiY3JlYXRlIjoxMjAwMDAwMDAwMDAwLCJkZWxldGUiOjEyMDAwMDAwMDAwMDB9fQ==",
          "dependencies": [
            "tls_private_key.default",
            "tls_self_signed_cert.default"
          ],
          "create_before_destroy": true
        }
      ]
    },
    {
      "mode": "managed",
      "type": "google_compute_region_target_http_proxy",
      "name": "frontend_http_proxy",
      "provider": "provider[\"registry.terraform.io/hashicorp/google\"]",
      "instances": [
        {
          "schema_version": 0,
          "attributes": {
            "creation_timestamp": "2024-11-27T15:11:12.693-08:00",
            "description": "",
            "http_keep_alive_timeout_sec": 0,
            "id": "projects/security-standards-group-4/regions/us-west1/targetHttpProxies/frontend-http-proxy",
            "name": "frontend-http-proxy",
            "project": "security-standards-group-4",
            "proxy_id": 1921740041192348159,
            "region": "us-west1",
            "self_link": "https://www.googleapis.com/compute/v1/projects/security-standards-group-4/regions/us-west1/targetHttpProxies/frontend-http-proxy",
            "timeouts": null,
            "url_map": "https://www.googleapis.com/compute/v1/projects/security-standards-group-4/regions/us-west1/urlMaps/frontend-url-map"
          },
          "sensitive_attributes": [],
          "private": "eyJlMmJmYjczMC1lY2FhLTExZTYtOGY4OC0zNDM2M2JjN2M0YzAiOnsiY3JlYXRlIjoxMjAwMDAwMDAwMDAwLCJkZWxldGUiOjEyMDAwMDAwMDAwMDAsInVwZGF0ZSI6MTIwMDAwMDAwMDAwMH19",
          "dependencies": [
            "google_compute_instance_template.frontend_template",
            "google_compute_network.default",
            "google_compute_region_backend_service.frontend_backend_service",
            "google_compute_region_health_check.frontend_health_check",
            "google_compute_region_instance_group_manager.frontend_mig",
            "google_compute_region_url_map.frontend_url_map",
            "google_compute_subnetwork.default"
          ]
        }
      ]
    },
    {
      "mode": "managed",
      "type": "google_compute_region_target_https_proxy",
      "name": "default",
      "provider": "provider[\"registry.terraform.io/hashicorp/google\"]",
      "instances": [
        {
          "schema_version": 0,
          "attributes": {
            "certificate_manager_certificates": [],
            "creation_timestamp": "2024-11-27T15:10:56.366-08:00",
            "description": "",
            "http_keep_alive_timeout_sec": 0,
            "id": "projects/security-standards-group-4/regions/us-west1/targetHttpsProxies/l7-ilb-target-https-proxy",
            "name": "l7-ilb-target-https-proxy",
            "project": "security-standards-group-4",
            "proxy_id": 1739512601821977071,
            "region": "us-west1",
            "self_link": "https://www.googleapis.com/compute/v1/projects/security-standards-group-4/regions/us-west1/targetHttpsProxies/l7-ilb-target-https-proxy",
            "server_tls_policy": "",
            "ssl_certificates": [
              "https://www.googleapis.com/compute/v1/projects/security-standards-group-4/regions/us-west1/sslCertificates/my-certificate-20241127230855965900000001"
            ],
            "ssl_policy": "",
            "timeouts": null,
            "url_map": "https://www.googleapis.com/compute/v1/projects/security-standards-group-4/regions/us-west1/urlMaps/l7-ilb-regional-url-map"
          },
          "sensitive_attributes": [],
          "private": "eyJlMmJmYjczMC1lY2FhLTExZTYtOGY4OC0zNDM2M2JjN2M0YzAiOnsiY3JlYXRlIjoxMjAwMDAwMDAwMDAwLCJkZWxldGUiOjEyMDAwMDAwMDAwMDAsInVwZGF0ZSI6MTIwMDAwMDAwMDAwMH19",
          "dependencies": [
            "google_compute_instance_template.default",
            "google_compute_network.default",
            "google_compute_region_backend_service.default",
            "google_compute_region_health_check.default",
            "google_compute_region_instance_group_manager.default",
            "google_compute_region_ssl_certificate.default",
            "google_compute_region_url_map.https_lb",
            "google_compute_subnetwork.default",
            "tls_private_key.default",
            "tls_self_signed_cert.default"
          ]
        }
      ]
    },
    {
      "mode": "managed",
      "type": "google_compute_region_url_map",
      "name": "frontend_url_map",
      "provider": "provider[\"registry.terraform.io/hashicorp/google\"]",
      "instances": [
        {
          "schema_version": 0,
          "attributes": {
            "creation_timestamp": "2024-11-27T15:11:01.363-08:00",
            "default_route_action": [],
            "default_service": "https://www.googleapis.com/compute/v1/projects/security-standards-group-4/regions/us-west1/backendServices/frontend-backend-service",
            "default_url_redirect": [],
            "description": "",
            "fingerprint": "6y55uB6V2ok=",
            "host_rule": [],
            "id": "projects/security-standards-group-4/regions/us-west1/urlMaps/frontend-url-map",
            "map_id": 4490687154911582698,
            "name": "frontend-url-map",
            "path_matcher": [],
            "project": "security-standards-group-4",
            "region": "us-west1",
            "self_link": "https://www.googleapis.com/compute/v1/projects/security-standards-group-4/regions/us-west1/urlMaps/frontend-url-map",
            "test": [],
            "timeouts": null
          },
          "sensitive_attributes": [],
          "private": "eyJlMmJmYjczMC1lY2FhLTExZTYtOGY4OC0zNDM2M2JjN2M0YzAiOnsiY3JlYXRlIjoxMjAwMDAwMDAwMDAwLCJkZWxldGUiOjEyMDAwMDAwMDAwMDAsInVwZGF0ZSI6MTIwMDAwMDAwMDAwMH19",
          "dependencies": [
            "google_compute_instance_template.frontend_template",
            "google_compute_network.default",
            "google_compute_region_backend_service.frontend_backend_service",
            "google_compute_region_health_check.frontend_health_check",
            "google_compute_region_instance_group_manager.frontend_mig",
            "google_compute_subnetwork.default"
          ]
        }
      ]
    },
    {
      "mode": "managed",
      "type": "google_compute_region_url_map",
      "name": "https_lb",
      "provider": "provider[\"registry.terraform.io/hashicorp/google\"]",
      "instances": [
        {
          "schema_version": 0,
          "attributes": {
            "creation_timestamp": "2024-11-27T15:10:45.153-08:00",
            "default_route_action": [],
            "default_service": "https://www.googleapis.com/compute/v1/projects/security-standards-group-4/regions/us-west1/backendServices/l7-ilb-backend-service",
            "default_url_redirect": [],
            "description": "",
            "fingerprint": "pkpfrqZFsN4=",
            "host_rule": [],
            "id": "projects/security-standards-group-4/regions/us-west1/urlMaps/l7-ilb-regional-url-map",
            "map_id": 8925693281231837210,
            "name": "l7-ilb-regional-url-map",
            "path_matcher": [],
            "project": "security-standards-group-4",
            "region": "us-west1",
            "self_link": "https://www.googleapis.com/compute/v1/projects/security-standards-group-4/regions/us-west1/urlMaps/l7-ilb-regional-url-map",
            "test": [],
            "timeouts": null
          },
          "sensitive_attributes": [],
          "private": "eyJlMmJmYjczMC1lY2FhLTExZTYtOGY4OC0zNDM2M2JjN2M0YzAiOnsiY3JlYXRlIjoxMjAwMDAwMDAwMDAwLCJkZWxldGUiOjEyMDAwMDAwMDAwMDAsInVwZGF0ZSI6MTIwMDAwMDAwMDAwMH19",
          "dependencies": [
            "google_compute_instance_template.default",
            "google_compute_network.default",
            "google_compute_region_backend_service.default",
            "google_compute_region_health_check.default",
            "google_compute_region_instance_group_manager.default",
            "google_compute_subnetwork.default"
          ]
        }
      ]
    },
    {
      "mode": "managed",
      "type": "google_compute_router",
      "name": "default",
      "provider": "provider[\"registry.terraform.io/hashicorp/google\"]",
      "instances": [
        {
          "schema_version": 0,
          "attributes": {
            "bgp": [],
            "creation_timestamp": "2024-11-27T15:09:31.488-08:00",
            "description": "",
            "encrypted_interconnect_router": false,
            "id": "projects/security-standards-group-4/regions/us-west1/routers/l7-ilb-router",
            "name": "l7-ilb-router",
            "network": "https://www.googleapis.com/compute/v1/projects/security-standards-group-4/global/networks/l7-ilb-network",
            "project": "security-standards-group-4",
            "region": "us-west1",
            "self_link": "https://www.googleapis.com/compute/v1/projects/security-standards-group-4/regions/us-west1/routers/l7-ilb-router",
            "timeouts": null
          },
          "sensitive_attributes": [],
          "private": "eyJlMmJmYjczMC1lY2FhLTExZTYtOGY4OC0zNDM2M2JjN2M0YzAiOnsiY3JlYXRlIjoxMjAwMDAwMDAwMDAwLCJkZWxldGUiOjEyMDAwMDAwMDAwMDAsInVwZGF0ZSI6MTIwMDAwMDAwMDAwMH19",
          "dependencies": [
            "google_compute_network.default"
          ]
        }
      ]
    },
    {
      "mode": "managed",
      "type": "google_compute_router",
      "name": "dmz",
      "provider": "provider[\"registry.terraform.io/hashicorp/google\"]",
      "instances": [
        {
          "schema_version": 0,
          "attributes": {
            "bgp": [],
            "creation_timestamp": "2024-11-27T15:09:43.055-08:00",
            "description": "",
            "encrypted_interconnect_router": false,
            "id": "projects/security-standards-group-4/regions/us-west1/routers/dmz-router",
            "name": "dmz-router",
            "network": "https://www.googleapis.com/compute/v1/projects/security-standards-group-4/global/networks/dmz-vpc",
            "project": "security-standards-group-4",
            "region": "us-west1",
            "self_link": "https://www.googleapis.com/compute/v1/projects/security-standards-group-4/regions/us-west1/routers/dmz-router",
            "timeouts": null
          },
          "sensitive_attributes": [],
          "private": "eyJlMmJmYjczMC1lY2FhLTExZTYtOGY4OC0zNDM2M2JjN2M0YzAiOnsiY3JlYXRlIjoxMjAwMDAwMDAwMDAwLCJkZWxldGUiOjEyMDAwMDAwMDAwMDAsInVwZGF0ZSI6MTIwMDAwMDAwMDAwMH19",
          "dependencies": [
            "google_compute_network.dmz_vpc"
          ]
        }
      ]
    },
    {
      "mode": "managed",
      "type": "google_compute_router_nat",
      "name": "nat_dmz",
      "provider": "provider[\"registry.terraform.io/hashicorp/google\"]",
      "instances": [
        {
          "schema_version": 0,
          "attributes": {
            "auto_network_tier": "PREMIUM",
            "drain_nat_ips": [],
            "enable_dynamic_port_allocation": false,
            "enable_endpoint_independent_mapping": false,
            "endpoint_types": [
              "ENDPOINT_TYPE_VM"
            ],
            "icmp_idle_timeout_sec": 30,
            "id": "security-standards-group-4/us-west1/dmz-router/nat-dmz",
            "initial_nat_ips": null,
            "log_config": [
              {
                "enable": true,
                "filter": "ERRORS_ONLY"
              }
            ],
            "max_ports_per_vm": 0,
            "min_ports_per_vm": 0,
            "name": "nat-dmz",
            "nat_ip_allocate_option": "AUTO_ONLY",
            "nat_ips": [],
            "project": "security-standards-group-4",
            "region": "us-west1",
            "router": "dmz-router",
            "rules": [],
            "source_subnetwork_ip_ranges_to_nat": "ALL_SUBNETWORKS_ALL_IP_RANGES",
            "subnetwork": [],
            "tcp_established_idle_timeout_sec": 1200,
            "tcp_time_wait_timeout_sec": 120,
            "tcp_transitory_idle_timeout_sec": 30,
            "timeouts": null,
            "udp_idle_timeout_sec": 30
          },
          "sensitive_attributes": [],
          "private": "eyJlMmJmYjczMC1lY2FhLTExZTYtOGY4OC0zNDM2M2JjN2M0YzAiOnsiY3JlYXRlIjoxMjAwMDAwMDAwMDAwLCJkZWxldGUiOjEyMDAwMDAwMDAwMDAsInVwZGF0ZSI6MTIwMDAwMDAwMDAwMH19",
          "dependencies": [
            "google_compute_network.dmz_vpc",
            "google_compute_router.dmz"
          ]
        }
      ]
    },
    {
      "mode": "managed",
      "type": "google_compute_subnetwork",
      "name": "cluster_subnetwork",
      "provider": "provider[\"registry.terraform.io/hashicorp/google\"]",
      "instances": [
        {
          "schema_version": 0,
          "attributes": {
            "creation_timestamp": "2024-11-27T15:09:08.931-08:00",
            "description": "",
            "external_ipv6_prefix": "",
            "fingerprint": null,
            "gateway_address": "10.10.0.1",
            "id": "projects/security-standards-group-4/regions/us-west1/subnetworks/cluster-subnetwork",
            "internal_ipv6_prefix": "fd20:261:531c:2001:0:0:0:0/64",
            "ip_cidr_range": "10.10.0.0/16",
            "ipv6_access_type": "INTERNAL",
            "ipv6_cidr_range": "",
            "log_config": [],
            "name": "cluster-subnetwork",
            "network": "https://www.googleapis.com/compute/v1/projects/security-standards-group-4/global/networks/cluster-network",
            "private_ip_google_access": true,
            "private_ipv6_google_access": "DISABLE_GOOGLE_ACCESS",
            "project": "security-standards-group-4",
            "purpose": "PRIVATE",
            "region": "us-west1",
            "reserved_internal_range": "",
            "role": "",
            "secondary_ip_range": [
              {
                "ip_cidr_range": "192.168.0.0/24",
                "range_name": "services-range",
                "reserved_internal_range": ""
              },
              {
                "ip_cidr_range": "192.168.1.0/24",
                "range_name": "pod-ranges",
                "reserved_internal_range": ""
              }
            ],
            "self_link": "https://www.googleapis.com/compute/v1/projects/security-standards-group-4/regions/us-west1/subnetworks/cluster-subnetwork",
            "send_secondary_ip_range_if_empty": null,
            "stack_type": "IPV4_IPV6",
            "timeouts": null
          },
          "sensitive_attributes": [],
          "private": "eyJlMmJmYjczMC1lY2FhLTExZTYtOGY4OC0zNDM2M2JjN2M0YzAiOnsiY3JlYXRlIjoxMjAwMDAwMDAwMDAwLCJkZWxldGUiOjEyMDAwMDAwMDAwMDAsInVwZGF0ZSI6MTIwMDAwMDAwMDAwMH19",
          "dependencies": [
            "google_compute_network.cluster_network"
          ]
        }
      ]
    },
    {
      "mode": "managed",
      "type": "google_compute_subnetwork",
      "name": "default",
      "provider": "provider[\"registry.terraform.io/hashicorp/google\"]",
      "instances": [
        {
          "schema_version": 0,
          "attributes": {
            "creation_timestamp": "2024-11-27T15:09:33.041-08:00",
            "description": "",
            "external_ipv6_prefix": "",
            "fingerprint": null,
            "gateway_address": "10.0.1.1",
            "id": "projects/security-standards-group-4/regions/us-west1/subnetworks/l7-ilb-subnet",
            "internal_ipv6_prefix": "",
            "ip_cidr_range": "10.0.1.0/24",
            "ipv6_access_type": "",
            "ipv6_cidr_range": "",
            "log_config": [],
            "name": "l7-ilb-subnet",
            "network": "https://www.googleapis.com/compute/v1/projects/security-standards-group-4/global/networks/l7-ilb-network",
            "private_ip_google_access": false,
            "private_ipv6_google_access": "DISABLE_GOOGLE_ACCESS",
            "project": "security-standards-group-4",
            "purpose": "PRIVATE",
            "region": "us-west1",
            "reserved_internal_range": "",
            "role": "",
            "secondary_ip_range": [],
            "self_link": "https://www.googleapis.com/compute/v1/projects/security-standards-group-4/regions/us-west1/subnetworks/l7-ilb-subnet",
            "send_secondary_ip_range_if_empty": null,
            "stack_type": "IPV4_ONLY",
            "timeouts": null
          },
          "sensitive_attributes": [],
          "private": "eyJlMmJmYjczMC1lY2FhLTExZTYtOGY4OC0zNDM2M2JjN2M0YzAiOnsiY3JlYXRlIjoxMjAwMDAwMDAwMDAwLCJkZWxldGUiOjEyMDAwMDAwMDAwMDAsInVwZGF0ZSI6MTIwMDAwMDAwMDAwMH19",
          "dependencies": [
            "google_compute_network.default"
          ],
          "create_before_destroy": true
        }
      ]
    },
    {
      "mode": "managed",
      "type": "google_compute_subnetwork",
      "name": "dmz_subnet",
      "provider": "provider[\"registry.terraform.io/hashicorp/google\"]",
      "instances": [
        {
          "schema_version": 0,
          "attributes": {
            "creation_timestamp": "2024-11-27T15:09:45.252-08:00",
            "description": "",
            "external_ipv6_prefix": "",
            "fingerprint": null,
            "gateway_address": "10.0.5.1",
            "id": "projects/security-standards-group-4/regions/us-west1/subnetworks/dmz-subnet",
            "internal_ipv6_prefix": "",
            "ip_cidr_range": "10.0.5.0/24",
            "ipv6_access_type": "",
            "ipv6_cidr_range": "",
            "log_config": [],
            "name": "dmz-subnet",
            "network": "https://www.googleapis.com/compute/v1/projects/security-standards-group-4/global/networks/dmz-vpc",
            "private_ip_google_access": false,
            "private_ipv6_google_access": "DISABLE_GOOGLE_ACCESS",
            "project": "security-standards-group-4",
            "purpose": "PRIVATE",
            "region": "us-west1",
            "reserved_internal_range": "",
            "role": "",
            "secondary_ip_range": [],
            "self_link": "https://www.googleapis.com/compute/v1/projects/security-standards-group-4/regions/us-west1/subnetworks/dmz-subnet",
            "send_secondary_ip_range_if_empty": null,
            "stack_type": "IPV4_ONLY",
            "timeouts": null
          },
          "sensitive_attributes": [],
          "private": "eyJlMmJmYjczMC1lY2FhLTExZTYtOGY4OC0zNDM2M2JjN2M0YzAiOnsiY3JlYXRlIjoxMjAwMDAwMDAwMDAwLCJkZWxldGUiOjEyMDAwMDAwMDAwMDAsInVwZGF0ZSI6MTIwMDAwMDAwMDAwMH19",
          "dependencies": [
            "google_compute_network.dmz_vpc"
          ]
        }
      ]
    },
    {
      "mode": "managed",
      "type": "google_compute_subnetwork",
      "name": "management_subnet",
      "provider": "provider[\"registry.terraform.io/hashicorp/google\"]",
      "instances": [
        {
          "schema_version": 0,
          "attributes": {
            "creation_timestamp": "2024-11-27T15:08:57.438-08:00",
            "description": "",
            "external_ipv6_prefix": "",
            "fingerprint": null,
            "gateway_address": "10.0.3.1",
            "id": "projects/security-standards-group-4/regions/us-west1/subnetworks/management-subnet",
            "internal_ipv6_prefix": "",
            "ip_cidr_range": "10.0.3.0/24",
            "ipv6_access_type": "",
            "ipv6_cidr_range": "",
            "log_config": [],
            "name": "management-subnet",
            "network": "https://www.googleapis.com/compute/v1/projects/security-standards-group-4/global/networks/management-vpc",
            "private_ip_google_access": false,
            "private_ipv6_google_access": "DISABLE_GOOGLE_ACCESS",
            "project": "security-standards-group-4",
            "purpose": "PRIVATE",
            "region": "us-west1",
            "reserved_internal_range": "",
            "role": "",
            "secondary_ip_range": [],
            "self_link": "https://www.googleapis.com/compute/v1/projects/security-standards-group-4/regions/us-west1/subnetworks/management-subnet",
            "send_secondary_ip_range_if_empty": null,
            "stack_type": "IPV4_ONLY",
            "timeouts": null
          },
          "sensitive_attributes": [],
          "private": "eyJlMmJmYjczMC1lY2FhLTExZTYtOGY4OC0zNDM2M2JjN2M0YzAiOnsiY3JlYXRlIjoxMjAwMDAwMDAwMDAwLCJkZWxldGUiOjEyMDAwMDAwMDAwMDAsInVwZGF0ZSI6MTIwMDAwMDAwMDAwMH19",
          "dependencies": [
            "google_compute_network.management_vpc"
          ]
        }
      ]
    },
    {
      "mode": "managed",
      "type": "google_compute_subnetwork",
      "name": "proxy_subnet",
      "provider": "provider[\"registry.terraform.io/hashicorp/google\"]",
      "instances": [
        {
          "schema_version": 0,
          "attributes": {
            "creation_timestamp": "2024-11-27T15:09:36.525-08:00",
            "description": "",
            "external_ipv6_prefix": "",
            "fingerprint": null,
            "gateway_address": "10.0.0.1",
            "id": "projects/security-standards-group-4/regions/us-west1/subnetworks/l7-ilb-proxy-subnet",
            "internal_ipv6_prefix": "",
            "ip_cidr_range": "10.0.0.0/24",
            "ipv6_access_type": "",
            "ipv6_cidr_range": "",
            "log_config": [],
            "name": "l7-ilb-proxy-subnet",
            "network": "https://www.googleapis.com/compute/v1/projects/security-standards-group-4/global/networks/l7-ilb-network",
            "private_ip_google_access": false,
            "private_ipv6_google_access": "DISABLE_GOOGLE_ACCESS",
            "project": "security-standards-group-4",
            "purpose": "REGIONAL_MANAGED_PROXY",
            "region": "us-west1",
            "reserved_internal_range": "",
            "role": "ACTIVE",
            "secondary_ip_range": [],
            "self_link": "https://www.googleapis.com/compute/v1/projects/security-standards-group-4/regions/us-west1/subnetworks/l7-ilb-proxy-subnet",
            "send_secondary_ip_range_if_empty": null,
            "stack_type": "",
            "timeouts": null
          },
          "sensitive_attributes": [],
          "private": "eyJlMmJmYjczMC1lY2FhLTExZTYtOGY4OC0zNDM2M2JjN2M0YzAiOnsiY3JlYXRlIjoxMjAwMDAwMDAwMDAwLCJkZWxldGUiOjEyMDAwMDAwMDAwMDAsInVwZGF0ZSI6MTIwMDAwMDAwMDAwMH19",
          "dependencies": [
            "google_compute_network.default"
          ]
        }
      ]
    },
    {
      "mode": "managed",
      "type": "google_container_cluster",
      "name": "default",
      "provider": "provider[\"registry.terraform.io/hashicorp/google\"]",
      "instances": [
        {
          "schema_version": 2,
          "attributes": {
            "addons_config": [
              {
                "cloudrun_config": [],
                "config_connector_config": [],
                "dns_cache_config": [
                  {
                    "enabled": true
                  }
                ],
                "gce_persistent_disk_csi_driver_config": [
                  {
                    "enabled": true
                  }
                ],
                "gcp_filestore_csi_driver_config": [
                  {
                    "enabled": true
                  }
                ],
                "gcs_fuse_csi_driver_config": [
                  {
                    "enabled": true
                  }
                ],
                "gke_backup_agent_config": [],
                "horizontal_pod_autoscaling": [],
                "http_load_balancing": [],
                "network_policy_config": [
                  {
                    "disabled": true
                  }
                ],
                "parallelstore_csi_driver_config": [
                  {
                    "enabled": true
                  }
                ],
                "ray_operator_config": [],
                "stateful_ha_config": [
                  {
                    "enabled": true
                  }
                ]
              }
            ],
            "allow_net_admin": null,
            "authenticator_groups_config": [],
            "binary_authorization": [
              {
                "enabled": false,
                "evaluation_mode": ""
              }
            ],
            "cluster_autoscaling": [
              {
                "auto_provisioning_defaults": [
                  {
                    "boot_disk_kms_key": "",
                    "disk_size": 0,
                    "disk_type": "",
                    "image_type": "COS_CONTAINERD",
                    "management": [
                      {
                        "auto_repair": true,
                        "auto_upgrade": true,
                        "upgrade_options": []
                      }
                    ],
                    "min_cpu_platform": "",
                    "oauth_scopes": [
                      "https://www.googleapis.com/auth/devstorage.read_only",
                      "https://www.googleapis.com/auth/logging.write",
                      "https://www.googleapis.com/auth/monitoring",
                      "https://www.googleapis.com/auth/service.management.readonly",
                      "https://www.googleapis.com/auth/servicecontrol",
                      "https://www.googleapis.com/auth/trace.append"
                    ],
                    "service_account": "default",
                    "shielded_instance_config": [],
                    "upgrade_settings": [
                      {
                        "blue_green_settings": [],
                        "max_surge": 1,
                        "max_unavailable": 0,
                        "strategy": "SURGE"
                      }
                    ]
                  }
                ],
                "auto_provisioning_locations": [],
                "autoscaling_profile": "OPTIMIZE_UTILIZATION",
                "enabled": true,
                "resource_limits": [
                  {
                    "maximum": 1000000000,
                    "minimum": 0,
                    "resource_type": "cpu"
                  },
                  {
                    "maximum": 1000000000,
                    "minimum": 0,
                    "resource_type": "memory"
                  },
                  {
                    "maximum": 1000000000,
                    "minimum": 0,
                    "resource_type": "nvidia-tesla-t4"
                  },
                  {
                    "maximum": 1000000000,
                    "minimum": 0,
                    "resource_type": "nvidia-tesla-a100"
                  }
                ]
              }
            ],
            "cluster_ipv4_cidr": "192.168.1.0/24",
            "confidential_nodes": [],
            "control_plane_endpoints_config": [
              {
                "dns_endpoint_config": [
                  {
                    "allow_external_traffic": false,
                    "endpoint": "gke-9283b06ee6f64a5bacf4b6ab08b30f7e1079-458458326212.us-west1.gke.goog"
                  }
                ]
              }
            ],
            "cost_management_config": [],
            "database_encryption": [
              {
                "key_name": "",
                "state": "DECRYPTED"
              }
            ],
            "datapath_provider": "ADVANCED_DATAPATH",
            "default_max_pods_per_node": 110,
            "default_snat_status": [
              {
                "disabled": false
              }
            ],
            "deletion_protection": false,
            "description": "",
            "dns_config": [
              {
                "additive_vpc_scope_dns_domain": "",
                "cluster_dns": "CLOUD_DNS",
                "cluster_dns_domain": "cluster.local",
                "cluster_dns_scope": "CLUSTER_SCOPE"
              }
            ],
            "effective_labels": {
              "goog-terraform-provisioned": "true"
            },
            "enable_autopilot": true,
            "enable_cilium_clusterwide_network_policy": false,
            "enable_intranode_visibility": true,
            "enable_k8s_beta_apis": [],
            "enable_kubernetes_alpha": false,
            "enable_l4_ilb_subsetting": true,
            "enable_legacy_abac": false,
            "enable_multi_networking": false,
            "enable_shielded_nodes": true,
            "enable_tpu": false,
            "endpoint": "35.247.21.97",
            "fleet": [],
            "gateway_api_config": [
              {
                "channel": "CHANNEL_STANDARD"
              }
            ],
            "id": "projects/security-standards-group-4/locations/us-west1/clusters/main-autopilot-cluster",
            "identity_service_config": [],
            "initial_node_count": 0,
            "ip_allocation_policy": [
              {
                "additional_pod_ranges_config": [],
                "cluster_ipv4_cidr_block": "192.168.1.0/24",
                "cluster_secondary_range_name": "pod-ranges",
                "pod_cidr_overprovision_config": [
                  {
                    "disabled": false
                  }
                ],
                "services_ipv4_cidr_block": "192.168.0.0/24",
                "services_secondary_range_name": "services-range",
                "stack_type": "IPV4_IPV6"
              }
            ],
            "label_fingerprint": "78cdf2f6",
            "location": "us-west1",
            "logging_config": [
              {
                "enable_components": [
                  "SYSTEM_COMPONENTS",
                  "WORKLOADS"
                ]
              }
            ],
            "logging_service": "logging.googleapis.com/kubernetes",
            "maintenance_policy": [],
            "master_auth": [
              {
                "client_certificate": "",
                "client_certificate_config": [
                  {
                    "issue_client_certificate": false
                  }
                ],
                "client_key": "",
                "cluster_ca_certificate": "LS0tLS1CRUdJTiBDRVJUSUZJQ0FURS0tLS0tCk1JSUVMRENDQXBTZ0F3SUJBZ0lRUURJU1JWK3Y5MVFNQ3NiMW4yWHRsVEFOQmdrcWhraUc5dzBCQVFzRkFEQXYKTVMwd0t3WURWUVFERXlRd01tSTBNemhqWWkwM00ySTFMVFJpTmpRdE9HWTJNeTA1TURFd01ERTVaalExWXpJdwpJQmNOTWpReE1USTNNakl4TURJMFdoZ1BNakExTkRFeE1qQXlNekV3TWpSYU1DOHhMVEFyQmdOVkJBTVRKREF5CllqUXpPR05pTFRjellqVXROR0kyTkMwNFpqWXpMVGt3TVRBd01UbG1ORFZqTWpDQ0FhSXdEUVlKS29aSWh2Y04KQVFFQkJRQURnZ0dQQURDQ0FZb0NnZ0dCQU4xcUd4c0NWbk5pa3Z2bVZyTXlaU0JMaDY2YTVLcGQzZnQrbk81ZgpnaXdwdEkwTFdwb293Ukc4ak81YnBsMlBKcDhOdmhRYmtmZVhYRi85aGJBcENVU3ZBWVduUzZiQmZ0Q21zYkxECi9ab1gzbFBPNlRNdjh0NmIrQUhxMWtxVGJXbloxZFdXUUtMdm9lY3VtQXEzbmFQQVdRcjR6Mm9iNjA1R2R0UXAKUzBjUkZBYk5QelpqaXFvTzZiMXYvWFpOdk5IVVNwMjVjdlBkaGRRaTdlMGZvVGNTR1pJblJGaEdPL2QzcXJhRgo0Q3MvOCt3N0tvWDd1QW1ONHBwM3p3ZEx5dGcyeXFIckZNM3NCbytZUVpTTHNISEp1L3NOY1dTUGFrZ09RRDJHCnpudURZZFU5YWJRajQ0b0pCZTRBem9WcHF0R2RsU0xpL3RSdElXVktTc1luZ3pEM3FEaXVpMDMzeW1jYzFqWisKRWVXMUpGbVlHU3BDN016bnRMUVJtUExlaWlTemNMNHBxaFcvc0NSV2Q3MHRPS0RBS0pnakdZeHlmVFdVcjQwVwpMRkhRejNBTzYxRDNPUDNpN0pnSU1nRmExQjVja25VeG0rTVlyTjNvbVVDSWpCcFJ2d00rNk9qaVk5Ky9LT09nCitsdWZid1BYUWlBUFlqUU02ZmRxWWM5aDRRSURBUUFCbzBJd1FEQU9CZ05WSFE4QkFmOEVCQU1DQWdRd0R3WUQKVlIwVEFRSC9CQVV3QXdFQi96QWRCZ05WSFE0RUZnUVVPMFhaaGtDeGEyQnNHNHY3dXhQZnNwY1ROM3N3RFFZSgpLb1pJaHZjTkFRRUxCUUFEZ2dHQkFKU1dwcnJSdFFKaTFLT3RJNUNNVy9FSlVNN0hGMnp6cG0yczFlVFMwQ2duCmE2K1kraDRXNWtFdjdQelZySFBST0N6WUFTK1NXbVRUckZPcDd4WDVHWHpyTUFJR3ZzWFFtSUpsZDZsaUNDcXYKajZJQ1VINS9ja1dIZmQ5NUdoUU43Q1lxbnhOMDZkYUlYR2V4Um9LUzRMKzlPVW4zaUR5ODFPTTBiZ3B5eFNpcQpxdzA1eFJYbWlvM2xaanFuNlE1alVvOHo5dG16MU9MWE5GbkVMaGJMSUNNdisyZUJrOEgrWWYrRDBNTGJzYy93Cm5QWXZiY1dNVVZoRGFNa0hCc3pGbHplMUU2d1RZcERORHE3VmNZR1dqQlNDTTl2UVdtVUhEREVrckloR1ZzQ0cKQUxtaXZ1RVdoTWg1WXZDYVo4YmsvS2hEd3F6Vi9aS3FaajNNdWdkbStUM2xhb3dTZVFSbmxIQU8yUUk4cUF2cApwczU4VlJiVHljdjBOT0JjWHVpYkk3R0ZjcThvVlZ2MEw0c3o4VHhYN2VpRll1Y3UrazduRWJrSDRHQytaV3YyCmdZbzBGOE5GQ0Q0MmJ6NkFCR2ZIU0ppU0VMVDd5eS9MdytWbzBxOE8reWFKOTNCK0M3cmt4amZKZEYzVlhmcE4KWmx5MVVjYmhoTzRRcW41Y2x3QW1nQT09Ci0tLS0tRU5EIENFUlRJRklDQVRFLS0tLS0K"
              }
            ],
            "master_authorized_networks_config": [],
            "master_version": "1.30.5-gke.1443001",
            "mesh_certificates": [],
            "min_master_version": null,
            "monitoring_config": [
              {
                "advanced_datapath_observability_config": [
                  {
                    "enable_metrics": true,
                    "enable_relay": false
                  }
                ],
                "enable_components": [
                  "SYSTEM_COMPONENTS",
                  "HPA",
                  "POD",
                  "DAEMONSET",
                  "DEPLOYMENT",
                  "STATEFULSET",
                  "STORAGE",
                  "CADVISOR",
                  "KUBELET"
                ],
                "managed_prometheus": [
                  {
                    "enabled": true
                  }
                ]
              }
            ],
            "monitoring_service": "monitoring.googleapis.com/kubernetes",
            "name": "main-autopilot-cluster",
            "network": "projects/security-standards-group-4/global/networks/cluster-network",
            "network_policy": [
              {
                "enabled": false,
                "provider": "PROVIDER_UNSPECIFIED"
              }
            ],
            "networking_mode": "VPC_NATIVE",
            "node_config": [
              {
                "advanced_machine_features": [],
                "boot_disk_kms_key": "",
                "confidential_nodes": [],
                "containerd_config": [],
                "disk_size_gb": 100,
                "disk_type": "pd-balanced",
                "effective_taints": [
                  {
                    "effect": "NO_SCHEDULE",
                    "key": "cloud.google.com/gke-quick-remove",
                    "value": "true"
                  }
                ],
                "enable_confidential_storage": false,
                "ephemeral_storage_local_ssd_config": [],
                "fast_socket": [],
                "gcfs_config": [],
                "guest_accelerator": [],
                "gvnic": [
                  {
                    "enabled": true
                  }
                ],
                "host_maintenance_policy": [],
                "image_type": "COS_CONTAINERD",
                "kubelet_config": [],
                "labels": {},
                "linux_node_config": [],
                "local_nvme_ssd_block_config": [],
                "local_ssd_count": 0,
                "logging_variant": "DEFAULT",
                "machine_type": "e2-small",
                "metadata": {
                  "disable-legacy-endpoints": "true"
                },
                "min_cpu_platform": "",
                "node_group": "",
                "oauth_scopes": [
                  "https://www.googleapis.com/auth/devstorage.read_only",
                  "https://www.googleapis.com/auth/logging.write",
                  "https://www.googleapis.com/auth/monitoring",
                  "https://www.googleapis.com/auth/service.management.readonly",
                  "https://www.googleapis.com/auth/servicecontrol",
                  "https://www.googleapis.com/auth/trace.append"
                ],
                "preemptible": false,
                "reservation_affinity": [
                  {
                    "consume_reservation_type": "NO_RESERVATION",
                    "key": "",
                    "values": []
                  }
                ],
                "resource_labels": {},
                "resource_manager_tags": {},
                "secondary_boot_disks": [],
                "service_account": "default",
                "shielded_instance_config": [
                  {
                    "enable_integrity_monitoring": true,
                    "enable_secure_boot": true
                  }
                ],
                "sole_tenant_config": [],
                "spot": false,
                "storage_pools": [],
                "tags": [],
                "taint": [],
                "workload_metadata_config": [
                  {
                    "mode": "GKE_METADATA"
                  }
                ]
              }
            ],
            "node_locations": [
              "us-west1-a",
              "us-west1-b",
              "us-west1-c"
            ],
            "node_pool": [
              {
                "autoscaling": [
                  {
                    "location_policy": "BALANCED",
                    "max_node_count": 1000,
                    "min_node_count": 0,
                    "total_max_node_count": 0,
                    "total_min_node_count": 0
                  }
                ],
                "initial_node_count": 1,
                "instance_group_urls": [],
                "managed_instance_group_urls": [],
                "management": [
                  {
                    "auto_repair": true,
                    "auto_upgrade": true
                  }
                ],
                "max_pods_per_node": 32,
                "name": "default-pool",
                "name_prefix": "",
                "network_config": [
                  {
                    "additional_node_network_configs": [],
                    "additional_pod_network_configs": [],
                    "create_pod_range": false,
                    "enable_private_nodes": false,
                    "network_performance_config": [],
                    "pod_cidr_overprovision_config": [],
                    "pod_ipv4_cidr_block": "192.168.1.0/24",
                    "pod_range": "pod-ranges"
                  }
                ],
                "node_config": [
                  {
                    "advanced_machine_features": [],
                    "boot_disk_kms_key": "",
                    "confidential_nodes": [],
                    "containerd_config": [],
                    "disk_size_gb": 100,
                    "disk_type": "pd-balanced",
                    "effective_taints": [
                      {
                        "effect": "NO_SCHEDULE",
                        "key": "cloud.google.com/gke-quick-remove",
                        "value": "true"
                      }
                    ],
                    "enable_confidential_storage": false,
                    "ephemeral_storage_local_ssd_config": [],
                    "fast_socket": [],
                    "gcfs_config": [],
                    "guest_accelerator": [],
                    "gvnic": [
                      {
                        "enabled": true
                      }
                    ],
                    "host_maintenance_policy": [],
                    "image_type": "COS_CONTAINERD",
                    "kubelet_config": [],
                    "labels": {},
                    "linux_node_config": [],
                    "local_nvme_ssd_block_config": [],
                    "local_ssd_count": 0,
                    "logging_variant": "DEFAULT",
                    "machine_type": "e2-small",
                    "metadata": {
                      "disable-legacy-endpoints": "true"
                    },
                    "min_cpu_platform": "",
                    "node_group": "",
                    "oauth_scopes": [
                      "https://www.googleapis.com/auth/devstorage.read_only",
                      "https://www.googleapis.com/auth/logging.write",
                      "https://www.googleapis.com/auth/monitoring",
                      "https://www.googleapis.com/auth/service.management.readonly",
                      "https://www.googleapis.com/auth/servicecontrol",
                      "https://www.googleapis.com/auth/trace.append"
                    ],
                    "preemptible": false,
                    "reservation_affinity": [
                      {
                        "consume_reservation_type": "NO_RESERVATION",
                        "key": "",
                        "values": []
                      }
                    ],
                    "resource_labels": {},
                    "resource_manager_tags": {},
                    "secondary_boot_disks": [],
                    "service_account": "default",
                    "shielded_instance_config": [
                      {
                        "enable_integrity_monitoring": true,
                        "enable_secure_boot": true
                      }
                    ],
                    "sole_tenant_config": [],
                    "spot": false,
                    "storage_pools": [],
                    "tags": [],
                    "taint": [],
                    "workload_metadata_config": [
                      {
                        "mode": "GKE_METADATA"
                      }
                    ]
                  }
                ],
                "node_count": 0,
                "node_locations": [
                  "us-west1-a"
                ],
                "placement_policy": [],
                "queued_provisioning": [],
                "upgrade_settings": [
                  {
                    "blue_green_settings": [],
                    "max_surge": 1,
                    "max_unavailable": 0,
                    "strategy": "SURGE"
                  }
                ],
                "version": "1.30.5-gke.1443001"
              },
              {
                "autoscaling": [
                  {
                    "location_policy": "BALANCED",
                    "max_node_count": 1000,
                    "min_node_count": 0,
                    "total_max_node_count": 0,
                    "total_min_node_count": 0
                  }
                ],
                "initial_node_count": 0,
                "instance_group_urls": [],
                "managed_instance_group_urls": [],
                "management": [
                  {
                    "auto_repair": true,
                    "auto_upgrade": true
                  }
                ],
                "max_pods_per_node": 32,
                "name": "pool-1",
                "name_prefix": "",
                "network_config": [
                  {
                    "additional_node_network_configs": [],
                    "additional_pod_network_configs": [],
                    "create_pod_range": false,
                    "enable_private_nodes": false,
                    "network_performance_config": [],
                    "pod_cidr_overprovision_config": [],
                    "pod_ipv4_cidr_block": "192.168.1.0/24",
                    "pod_range": "pod-ranges"
                  }
                ],
                "node_config": [
                  {
                    "advanced_machine_features": [],
                    "boot_disk_kms_key": "",
                    "confidential_nodes": [],
                    "containerd_config": [],
                    "disk_size_gb": 100,
                    "disk_type": "pd-balanced",
                    "effective_taints": [],
                    "enable_confidential_storage": false,
                    "ephemeral_storage_local_ssd_config": [],
                    "fast_socket": [],
                    "gcfs_config": [],
                    "guest_accelerator": [],
                    "gvnic": [
                      {
                        "enabled": true
                      }
                    ],
                    "host_maintenance_policy": [],
                    "image_type": "COS_CONTAINERD",
                    "kubelet_config": [],
                    "labels": {},
                    "linux_node_config": [],
                    "local_nvme_ssd_block_config": [],
                    "local_ssd_count": 0,
                    "logging_variant": "DEFAULT",
                    "machine_type": "e2-medium",
                    "metadata": {
                      "disable-legacy-endpoints": "true"
                    },
                    "min_cpu_platform": "",
                    "node_group": "",
                    "oauth_scopes": [
                      "https://www.googleapis.com/auth/devstorage.read_only",
                      "https://www.googleapis.com/auth/logging.write",
                      "https://www.googleapis.com/auth/monitoring",
                      "https://www.googleapis.com/auth/service.management.readonly",
                      "https://www.googleapis.com/auth/servicecontrol",
                      "https://www.googleapis.com/auth/trace.append"
                    ],
                    "preemptible": false,
                    "reservation_affinity": [
                      {
                        "consume_reservation_type": "NO_RESERVATION",
                        "key": "",
                        "values": []
                      }
                    ],
                    "resource_labels": {},
                    "resource_manager_tags": {},
                    "secondary_boot_disks": [],
                    "service_account": "default",
                    "shielded_instance_config": [
                      {
                        "enable_integrity_monitoring": true,
                        "enable_secure_boot": true
                      }
                    ],
                    "sole_tenant_config": [],
                    "spot": false,
                    "storage_pools": [],
                    "tags": [],
                    "taint": [],
                    "workload_metadata_config": [
                      {
                        "mode": "GKE_METADATA"
                      }
                    ]
                  }
                ],
                "node_count": 0,
                "node_locations": [
                  "us-west1-a",
                  "us-west1-b",
                  "us-west1-c"
                ],
                "placement_policy": [],
                "queued_provisioning": [],
                "upgrade_settings": [
                  {
                    "blue_green_settings": [],
                    "max_surge": 1,
                    "max_unavailable": 0,
                    "strategy": "SURGE"
                  }
                ],
                "version": "1.30.5-gke.1443001"
              },
              {
                "autoscaling": [
                  {
                    "location_policy": "BALANCED",
                    "max_node_count": 1000,
                    "min_node_count": 0,
                    "total_max_node_count": 0,
                    "total_min_node_count": 0
                  }
                ],
                "initial_node_count": 0,
                "instance_group_urls": [],
                "managed_instance_group_urls": [],
                "management": [
                  {
                    "auto_repair": true,
                    "auto_upgrade": true
                  }
                ],
                "max_pods_per_node": 32,
                "name": "pool-2",
                "name_prefix": "",
                "network_config": [
                  {
                    "additional_node_network_configs": [],
                    "additional_pod_network_configs": [],
                    "create_pod_range": false,
                    "enable_private_nodes": false,
                    "network_performance_config": [],
                    "pod_cidr_overprovision_config": [],
                    "pod_ipv4_cidr_block": "192.168.1.0/24",
                    "pod_range": "pod-ranges"
                  }
                ],
                "node_config": [
                  {
                    "advanced_machine_features": [],
                    "boot_disk_kms_key": "",
                    "confidential_nodes": [],
                    "containerd_config": [],
                    "disk_size_gb": 100,
                    "disk_type": "pd-balanced",
                    "effective_taints": [],
                    "enable_confidential_storage": false,
                    "ephemeral_storage_local_ssd_config": [],
                    "fast_socket": [],
                    "gcfs_config": [],
                    "guest_accelerator": [],
                    "gvnic": [
                      {
                        "enabled": true
                      }
                    ],
                    "host_maintenance_policy": [],
                    "image_type": "COS_CONTAINERD",
                    "kubelet_config": [],
                    "labels": {},
                    "linux_node_config": [],
                    "local_nvme_ssd_block_config": [],
                    "local_ssd_count": 0,
                    "logging_variant": "DEFAULT",
                    "machine_type": "e2-standard-2",
                    "metadata": {
                      "disable-legacy-endpoints": "true"
                    },
                    "min_cpu_platform": "",
                    "node_group": "",
                    "oauth_scopes": [
                      "https://www.googleapis.com/auth/devstorage.read_only",
                      "https://www.googleapis.com/auth/logging.write",
                      "https://www.googleapis.com/auth/monitoring",
                      "https://www.googleapis.com/auth/service.management.readonly",
                      "https://www.googleapis.com/auth/servicecontrol",
                      "https://www.googleapis.com/auth/trace.append"
                    ],
                    "preemptible": false,
                    "reservation_affinity": [
                      {
                        "consume_reservation_type": "NO_RESERVATION",
                        "key": "",
                        "values": []
                      }
                    ],
                    "resource_labels": {},
                    "resource_manager_tags": {},
                    "secondary_boot_disks": [],
                    "service_account": "default",
                    "shielded_instance_config": [
                      {
                        "enable_integrity_monitoring": true,
                        "enable_secure_boot": true
                      }
                    ],
                    "sole_tenant_config": [],
                    "spot": false,
                    "storage_pools": [],
                    "tags": [],
                    "taint": [],
                    "workload_metadata_config": [
                      {
                        "mode": "GKE_METADATA"
                      }
                    ]
                  }
                ],
                "node_count": 0,
                "node_locations": [
                  "us-west1-a",
                  "us-west1-b",
                  "us-west1-c"
                ],
                "placement_policy": [],
                "queued_provisioning": [],
                "upgrade_settings": [
                  {
                    "blue_green_settings": [],
                    "max_surge": 1,
                    "max_unavailable": 0,
                    "strategy": "SURGE"
                  }
                ],
                "version": "1.30.5-gke.1443001"
              },
              {
                "autoscaling": [
                  {
                    "location_policy": "BALANCED",
                    "max_node_count": 1000,
                    "min_node_count": 0,
                    "total_max_node_count": 0,
                    "total_min_node_count": 0
                  }
                ],
                "initial_node_count": 0,
                "instance_group_urls": [],
                "managed_instance_group_urls": [],
                "management": [
                  {
                    "auto_repair": true,
                    "auto_upgrade": true
                  }
                ],
                "max_pods_per_node": 32,
                "name": "pool-3",
                "name_prefix": "",
                "network_config": [
                  {
                    "additional_node_network_configs": [],
                    "additional_pod_network_configs": [],
                    "create_pod_range": false,
                    "enable_private_nodes": false,
                    "network_performance_config": [],
                    "pod_cidr_overprovision_config": [],
                    "pod_ipv4_cidr_block": "192.168.1.0/24",
                    "pod_range": "pod-ranges"
                  }
                ],
                "node_config": [
                  {
                    "advanced_machine_features": [],
                    "boot_disk_kms_key": "",
                    "confidential_nodes": [],
                    "containerd_config": [],
                    "disk_size_gb": 100,
                    "disk_type": "pd-balanced",
                    "effective_taints": [],
                    "enable_confidential_storage": false,
                    "ephemeral_storage_local_ssd_config": [],
                    "fast_socket": [],
                    "gcfs_config": [],
                    "guest_accelerator": [],
                    "gvnic": [
                      {
                        "enabled": true
                      }
                    ],
                    "host_maintenance_policy": [],
                    "image_type": "COS_CONTAINERD",
                    "kubelet_config": [],
                    "labels": {},
                    "linux_node_config": [],
                    "local_nvme_ssd_block_config": [],
                    "local_ssd_count": 0,
                    "logging_variant": "DEFAULT",
                    "machine_type": "e2-standard-4",
                    "metadata": {
                      "disable-legacy-endpoints": "true"
                    },
                    "min_cpu_platform": "",
                    "node_group": "",
                    "oauth_scopes": [
                      "https://www.googleapis.com/auth/devstorage.read_only",
                      "https://www.googleapis.com/auth/logging.write",
                      "https://www.googleapis.com/auth/monitoring",
                      "https://www.googleapis.com/auth/service.management.readonly",
                      "https://www.googleapis.com/auth/servicecontrol",
                      "https://www.googleapis.com/auth/trace.append"
                    ],
                    "preemptible": false,
                    "reservation_affinity": [
                      {
                        "consume_reservation_type": "NO_RESERVATION",
                        "key": "",
                        "values": []
                      }
                    ],
                    "resource_labels": {},
                    "resource_manager_tags": {},
                    "secondary_boot_disks": [],
                    "service_account": "default",
                    "shielded_instance_config": [
                      {
                        "enable_integrity_monitoring": true,
                        "enable_secure_boot": true
                      }
                    ],
                    "sole_tenant_config": [],
                    "spot": false,
                    "storage_pools": [],
                    "tags": [],
                    "taint": [],
                    "workload_metadata_config": [
                      {
                        "mode": "GKE_METADATA"
                      }
                    ]
                  }
                ],
                "node_count": 0,
                "node_locations": [
                  "us-west1-a",
                  "us-west1-b",
                  "us-west1-c"
                ],
                "placement_policy": [],
                "queued_provisioning": [],
                "upgrade_settings": [
                  {
                    "blue_green_settings": [],
                    "max_surge": 1,
                    "max_unavailable": 0,
                    "strategy": "SURGE"
                  }
                ],
                "version": "1.30.5-gke.1443001"
              },
              {
                "autoscaling": [
                  {
                    "location_policy": "BALANCED",
                    "max_node_count": 1000,
                    "min_node_count": 0,
                    "total_max_node_count": 0,
                    "total_min_node_count": 0
                  }
                ],
                "initial_node_count": 0,
                "instance_group_urls": [],
                "managed_instance_group_urls": [],
                "management": [
                  {
                    "auto_repair": true,
                    "auto_upgrade": true
                  }
                ],
                "max_pods_per_node": 32,
                "name": "pool-4",
                "name_prefix": "",
                "network_config": [
                  {
                    "additional_node_network_configs": [],
                    "additional_pod_network_configs": [],
                    "create_pod_range": false,
                    "enable_private_nodes": false,
                    "network_performance_config": [],
                    "pod_cidr_overprovision_config": [],
                    "pod_ipv4_cidr_block": "192.168.1.0/24",
                    "pod_range": "pod-ranges"
                  }
                ],
                "node_config": [
                  {
                    "advanced_machine_features": [],
                    "boot_disk_kms_key": "",
                    "confidential_nodes": [],
                    "containerd_config": [],
                    "disk_size_gb": 100,
                    "disk_type": "pd-balanced",
                    "effective_taints": [],
                    "enable_confidential_storage": false,
                    "ephemeral_storage_local_ssd_config": [],
                    "fast_socket": [],
                    "gcfs_config": [],
                    "guest_accelerator": [],
                    "gvnic": [
                      {
                        "enabled": true
                      }
                    ],
                    "host_maintenance_policy": [],
                    "image_type": "COS_CONTAINERD",
                    "kubelet_config": [],
                    "labels": {},
                    "linux_node_config": [],
                    "local_nvme_ssd_block_config": [],
                    "local_ssd_count": 0,
                    "logging_variant": "DEFAULT",
                    "machine_type": "e2-standard-8",
                    "metadata": {
                      "disable-legacy-endpoints": "true"
                    },
                    "min_cpu_platform": "",
                    "node_group": "",
                    "oauth_scopes": [
                      "https://www.googleapis.com/auth/devstorage.read_only",
                      "https://www.googleapis.com/auth/logging.write",
                      "https://www.googleapis.com/auth/monitoring",
                      "https://www.googleapis.com/auth/service.management.readonly",
                      "https://www.googleapis.com/auth/servicecontrol",
                      "https://www.googleapis.com/auth/trace.append"
                    ],
                    "preemptible": false,
                    "reservation_affinity": [
                      {
                        "consume_reservation_type": "NO_RESERVATION",
                        "key": "",
                        "values": []
                      }
                    ],
                    "resource_labels": {},
                    "resource_manager_tags": {},
                    "secondary_boot_disks": [],
                    "service_account": "default",
                    "shielded_instance_config": [
                      {
                        "enable_integrity_monitoring": true,
                        "enable_secure_boot": true
                      }
                    ],
                    "sole_tenant_config": [],
                    "spot": false,
                    "storage_pools": [],
                    "tags": [],
                    "taint": [],
                    "workload_metadata_config": [
                      {
                        "mode": "GKE_METADATA"
                      }
                    ]
                  }
                ],
                "node_count": 0,
                "node_locations": [
                  "us-west1-a",
                  "us-west1-b",
                  "us-west1-c"
                ],
                "placement_policy": [],
                "queued_provisioning": [],
                "upgrade_settings": [
                  {
                    "blue_green_settings": [],
                    "max_surge": 1,
                    "max_unavailable": 0,
                    "strategy": "SURGE"
                  }
                ],
                "version": "1.30.5-gke.1443001"
              },
              {
                "autoscaling": [
                  {
                    "location_policy": "BALANCED",
                    "max_node_count": 1000,
                    "min_node_count": 0,
                    "total_max_node_count": 0,
                    "total_min_node_count": 0
                  }
                ],
                "initial_node_count": 0,
                "instance_group_urls": [],
                "managed_instance_group_urls": [],
                "management": [
                  {
                    "auto_repair": true,
                    "auto_upgrade": true
                  }
                ],
                "max_pods_per_node": 32,
                "name": "pool-5",
                "name_prefix": "",
                "network_config": [
                  {
                    "additional_node_network_configs": [],
                    "additional_pod_network_configs": [],
                    "create_pod_range": false,
                    "enable_private_nodes": false,
                    "network_performance_config": [],
                    "pod_cidr_overprovision_config": [],
                    "pod_ipv4_cidr_block": "192.168.1.0/24",
                    "pod_range": "pod-ranges"
                  }
                ],
                "node_config": [
                  {
                    "advanced_machine_features": [],
                    "boot_disk_kms_key": "",
                    "confidential_nodes": [],
                    "containerd_config": [],
                    "disk_size_gb": 100,
                    "disk_type": "pd-balanced",
                    "effective_taints": [],
                    "enable_confidential_storage": false,
                    "ephemeral_storage_local_ssd_config": [],
                    "fast_socket": [],
                    "gcfs_config": [],
                    "guest_accelerator": [],
                    "gvnic": [
                      {
                        "enabled": true
                      }
                    ],
                    "host_maintenance_policy": [],
                    "image_type": "COS_CONTAINERD",
                    "kubelet_config": [],
                    "labels": {},
                    "linux_node_config": [],
                    "local_nvme_ssd_block_config": [],
                    "local_ssd_count": 0,
                    "logging_variant": "DEFAULT",
                    "machine_type": "e2-standard-16",
                    "metadata": {
                      "disable-legacy-endpoints": "true"
                    },
                    "min_cpu_platform": "",
                    "node_group": "",
                    "oauth_scopes": [
                      "https://www.googleapis.com/auth/devstorage.read_only",
                      "https://www.googleapis.com/auth/logging.write",
                      "https://www.googleapis.com/auth/monitoring",
                      "https://www.googleapis.com/auth/service.management.readonly",
                      "https://www.googleapis.com/auth/servicecontrol",
                      "https://www.googleapis.com/auth/trace.append"
                    ],
                    "preemptible": false,
                    "reservation_affinity": [
                      {
                        "consume_reservation_type": "NO_RESERVATION",
                        "key": "",
                        "values": []
                      }
                    ],
                    "resource_labels": {},
                    "resource_manager_tags": {},
                    "secondary_boot_disks": [],
                    "service_account": "default",
                    "shielded_instance_config": [
                      {
                        "enable_integrity_monitoring": true,
                        "enable_secure_boot": true
                      }
                    ],
                    "sole_tenant_config": [],
                    "spot": false,
                    "storage_pools": [],
                    "tags": [],
                    "taint": [],
                    "workload_metadata_config": [
                      {
                        "mode": "GKE_METADATA"
                      }
                    ]
                  }
                ],
                "node_count": 0,
                "node_locations": [
                  "us-west1-a",
                  "us-west1-b",
                  "us-west1-c"
                ],
                "placement_policy": [],
                "queued_provisioning": [],
                "upgrade_settings": [
                  {
                    "blue_green_settings": [],
                    "max_surge": 1,
                    "max_unavailable": 0,
                    "strategy": "SURGE"
                  }
                ],
                "version": "1.30.5-gke.1443001"
              },
              {
                "autoscaling": [
                  {
                    "location_policy": "BALANCED",
                    "max_node_count": 1000,
                    "min_node_count": 0,
                    "total_max_node_count": 0,
                    "total_min_node_count": 0
                  }
                ],
                "initial_node_count": 0,
                "instance_group_urls": [],
                "managed_instance_group_urls": [],
                "management": [
                  {
                    "auto_repair": true,
                    "auto_upgrade": true
                  }
                ],
                "max_pods_per_node": 32,
                "name": "pool-6",
                "name_prefix": "",
                "network_config": [
                  {
                    "additional_node_network_configs": [],
                    "additional_pod_network_configs": [],
                    "create_pod_range": false,
                    "enable_private_nodes": false,
                    "network_performance_config": [],
                    "pod_cidr_overprovision_config": [],
                    "pod_ipv4_cidr_block": "192.168.1.0/24",
                    "pod_range": "pod-ranges"
                  }
                ],
                "node_config": [
                  {
                    "advanced_machine_features": [],
                    "boot_disk_kms_key": "",
                    "confidential_nodes": [],
                    "containerd_config": [],
                    "disk_size_gb": 100,
                    "disk_type": "pd-balanced",
                    "effective_taints": [],
                    "enable_confidential_storage": false,
                    "ephemeral_storage_local_ssd_config": [],
                    "fast_socket": [],
                    "gcfs_config": [],
                    "guest_accelerator": [],
                    "gvnic": [
                      {
                        "enabled": true
                      }
                    ],
                    "host_maintenance_policy": [],
                    "image_type": "COS_CONTAINERD",
                    "kubelet_config": [],
                    "labels": {},
                    "linux_node_config": [],
                    "local_nvme_ssd_block_config": [],
                    "local_ssd_count": 0,
                    "logging_variant": "DEFAULT",
                    "machine_type": "e2-standard-32",
                    "metadata": {
                      "disable-legacy-endpoints": "true"
                    },
                    "min_cpu_platform": "",
                    "node_group": "",
                    "oauth_scopes": [
                      "https://www.googleapis.com/auth/devstorage.read_only",
                      "https://www.googleapis.com/auth/logging.write",
                      "https://www.googleapis.com/auth/monitoring",
                      "https://www.googleapis.com/auth/service.management.readonly",
                      "https://www.googleapis.com/auth/servicecontrol",
                      "https://www.googleapis.com/auth/trace.append"
                    ],
                    "preemptible": false,
                    "reservation_affinity": [
                      {
                        "consume_reservation_type": "NO_RESERVATION",
                        "key": "",
                        "values": []
                      }
                    ],
                    "resource_labels": {},
                    "resource_manager_tags": {},
                    "secondary_boot_disks": [],
                    "service_account": "default",
                    "shielded_instance_config": [
                      {
                        "enable_integrity_monitoring": true,
                        "enable_secure_boot": true
                      }
                    ],
                    "sole_tenant_config": [],
                    "spot": false,
                    "storage_pools": [],
                    "tags": [],
                    "taint": [],
                    "workload_metadata_config": [
                      {
                        "mode": "GKE_METADATA"
                      }
                    ]
                  }
                ],
                "node_count": 0,
                "node_locations": [
                  "us-west1-a",
                  "us-west1-b",
                  "us-west1-c"
                ],
                "placement_policy": [],
                "queued_provisioning": [],
                "upgrade_settings": [
                  {
                    "blue_green_settings": [],
                    "max_surge": 1,
                    "max_unavailable": 0,
                    "strategy": "SURGE"
                  }
                ],
                "version": "1.30.5-gke.1443001"
              }
            ],
            "node_pool_auto_config": [],
            "node_pool_defaults": [
              {
                "node_config_defaults": [
                  {
                    "containerd_config": [],
                    "gcfs_config": [
                      {
                        "enabled": true
                      }
                    ],
                    "insecure_kubelet_readonly_port_enabled": "FALSE",
                    "logging_variant": "DEFAULT"
                  }
                ]
              }
            ],
            "node_version": "1.30.5-gke.1443001",
            "notification_config": [
              {
                "pubsub": [
                  {
                    "enabled": false,
                    "filter": [],
                    "topic": ""
                  }
                ]
              }
            ],
            "operation": null,
            "private_cluster_config": [
              {
                "enable_private_endpoint": false,
                "enable_private_nodes": false,
                "master_global_access_config": [
                  {
                    "enabled": false
                  }
                ],
                "master_ipv4_cidr_block": "",
                "peering_name": "",
                "private_endpoint": "10.10.0.2",
                "private_endpoint_subnetwork": "",
                "public_endpoint": "35.247.21.97"
              }
            ],
            "private_ipv6_google_access": "",
            "project": "security-standards-group-4",
            "release_channel": [
              {
                "channel": "REGULAR"
              }
            ],
            "remove_default_node_pool": null,
            "resource_labels": {},
            "resource_usage_export_config": [],
            "secret_manager_config": [
              {
                "enabled": false
              }
            ],
            "security_posture_config": [
              {
                "mode": "BASIC",
                "vulnerability_mode": "VULNERABILITY_MODE_UNSPECIFIED"
              }
            ],
            "self_link": "https://container.googleapis.com/v1/projects/security-standards-group-4/locations/us-west1/clusters/main-autopilot-cluster",
            "service_external_ips_config": [
              {
                "enabled": false
              }
            ],
            "services_ipv4_cidr": "192.168.0.0/24",
            "subnetwork": "projects/security-standards-group-4/regions/us-west1/subnetworks/cluster-subnetwork",
            "terraform_labels": {
              "goog-terraform-provisioned": "true"
            },
            "timeouts": null,
            "tpu_ipv4_cidr_block": "",
            "user_managed_keys_config": [],
            "vertical_pod_autoscaling": [
              {
                "enabled": true
              }
            ],
            "workload_identity_config": [
              {
                "workload_pool": "security-standards-group-4.svc.id.goog"
              }
            ]
          },
          "sensitive_attributes": [
            [
              {
                "type": "get_attr",
                "value": "master_auth"
              },
              {
                "type": "index",
                "value": {
                  "value": 0,
                  "type": "number"
                }
              },
              {
                "type": "get_attr",
                "value": "client_key"
              }
            ]
          ],
          "private": "eyJlMmJmYjczMC1lY2FhLTExZTYtOGY4OC0zNDM2M2JjN2M0YzAiOnsiY3JlYXRlIjoyNDAwMDAwMDAwMDAwLCJkZWxldGUiOjI0MDAwMDAwMDAwMDAsInJlYWQiOjI0MDAwMDAwMDAwMDAsInVwZGF0ZSI6MzYwMDAwMDAwMDAwMH0sInNjaGVtYV92ZXJzaW9uIjoiMiJ9",
          "dependencies": [
            "google_compute_network.cluster_network",
            "google_compute_subnetwork.cluster_subnetwork",
            "google_project_service.container_api"
          ]
        }
      ]
    },
    {
      "mode": "managed",
      "type": "google_project_iam_binding",
      "name": "cloud_sql_viewer_binding",
      "provider": "provider[\"registry.terraform.io/hashicorp/google\"]",
      "instances": [
        {
          "schema_version": 0,
          "attributes": {
            "condition": [],
            "etag": "BwYn7Q18Jzc=",
            "id": "security-standards-group-4/roles/cloudsql.viewer",
            "members": [
              "user:Adolfotop91@gmail.com",
              "user:guategeeks3d@gmail.com",
              "user:julio.cloud.1989@gmail.com",
              "user:ludin777@gmail.com",
              "user:pbarriosc1@miumg.edu.gt"
            ],
            "project": "security-standards-group-4",
            "role": "roles/cloudsql.viewer"
          },
          "sensitive_attributes": [],
          "private": "bnVsbA=="
        }
      ]
    },
    {
      "mode": "managed",
      "type": "google_project_iam_binding",
      "name": "compute_viewer_binding",
      "provider": "provider[\"registry.terraform.io/hashicorp/google\"]",
      "instances": [
        {
          "schema_version": 0,
          "attributes": {
            "condition": [],
            "etag": "BwYn7Q18Jzc=",
            "id": "security-standards-group-4/roles/compute.viewer",
            "members": [
              "user:Adolfotop91@gmail.com",
              "user:guategeeks3d@gmail.com",
              "user:julio.cloud.1989@gmail.com",
              "user:ludin777@gmail.com"
            ],
            "project": "security-standards-group-4",
            "role": "roles/compute.viewer"
          },
          "sensitive_attributes": [],
          "private": "bnVsbA=="
        }
      ]
    },
    {
      "mode": "managed",
      "type": "google_project_iam_binding",
      "name": "firewall_viewer_binding",
      "provider": "provider[\"registry.terraform.io/hashicorp/google\"]",
      "instances": [
        {
          "schema_version": 0,
          "attributes": {
            "condition": [],
            "etag": "BwYn7Q18Jzc=",
            "id": "security-standards-group-4/roles/compute.networkViewer",
            "members": [
              "user:Adolfotop91@gmail.com",
              "user:guategeeks3d@gmail.com",
              "user:julio.cloud.1989@gmail.com",
              "user:ludin777@gmail.com",
              "user:pbarriosc1@miumg.edu.gt"
            ],
            "project": "security-standards-group-4",
            "role": "roles/compute.networkViewer"
          },
          "sensitive_attributes": [],
          "private": "bnVsbA=="
        }
      ]
    },
    {
      "mode": "managed",
      "type": "google_project_iam_binding",
      "name": "ids_viewer_binding",
      "provider": "provider[\"registry.terraform.io/hashicorp/google\"]",
      "instances": [
        {
          "schema_version": 0,
          "attributes": {
            "condition": [],
            "etag": "BwYn7Q18Jzc=",
            "id": "security-standards-group-4/roles/ids.viewer",
            "members": [
              "user:Adolfotop91@gmail.com",
              "user:guategeeks3d@gmail.com",
              "user:julio.cloud.1989@gmail.com",
              "user:ludin777@gmail.com"
            ],
            "project": "security-standards-group-4",
            "role": "roles/ids.viewer"
          },
          "sensitive_attributes": [],
          "private": "bnVsbA=="
        }
      ]
    },
    {
      "mode": "managed",
      "type": "google_project_iam_binding",
      "name": "kubernetes_engine_viewer_binding",
      "provider": "provider[\"registry.terraform.io/hashicorp/google\"]",
      "instances": [
        {
          "schema_version": 0,
          "attributes": {
            "condition": [],
            "etag": "BwYn7Q18Jzc=",
            "id": "security-standards-group-4/roles/container.viewer",
            "members": [
              "user:Adolfotop91@gmail.com",
              "user:guategeeks3d@gmail.com",
              "user:julio.cloud.1989@gmail.com",
              "user:ludin777@gmail.com",
              "user:pbarriosc1@miumg.edu.gt"
            ],
            "project": "security-standards-group-4",
            "role": "roles/container.viewer"
          },
          "sensitive_attributes": [],
          "private": "bnVsbA=="
        }
      ]
    },
    {
      "mode": "managed",
      "type": "google_project_iam_binding",
      "name": "logs_viewer_binding",
      "provider": "provider[\"registry.terraform.io/hashicorp/google\"]",
      "instances": [
        {
          "schema_version": 0,
          "attributes": {
            "condition": [],
            "etag": "BwYn7Q18Jzc=",
            "id": "security-standards-group-4/roles/logging.viewer",
            "members": [
              "user:Adolfotop91@gmail.com",
              "user:guategeeks3d@gmail.com",
              "user:julio.cloud.1989@gmail.com",
              "user:ludin777@gmail.com"
            ],
            "project": "security-standards-group-4",
            "role": "roles/logging.viewer"
          },
          "sensitive_attributes": [],
          "private": "bnVsbA=="
        }
      ]
    },
    {
      "mode": "managed",
      "type": "google_project_service",
      "name": "compute_api",
      "provider": "provider[\"registry.terraform.io/hashicorp/google\"]",
      "instances": [
        {
          "schema_version": 0,
          "attributes": {
            "disable_dependent_services": null,
            "disable_on_destroy": true,
            "id": "security-standards-group-4/compute.googleapis.com",
            "project": "security-standards-group-4",
            "service": "compute.googleapis.com",
            "timeouts": null
          },
          "sensitive_attributes": [],
          "private": "eyJlMmJmYjczMC1lY2FhLTExZTYtOGY4OC0zNDM2M2JjN2M0YzAiOnsiY3JlYXRlIjoxMjAwMDAwMDAwMDAwLCJkZWxldGUiOjEyMDAwMDAwMDAwMDAsInJlYWQiOjYwMDAwMDAwMDAwMCwidXBkYXRlIjoxMjAwMDAwMDAwMDAwfX0="
        }
      ]
    },
    {
      "mode": "managed",
      "type": "google_project_service",
      "name": "container_api",
      "provider": "provider[\"registry.terraform.io/hashicorp/google\"]",
      "instances": [
        {
          "schema_version": 0,
          "attributes": {
            "disable_dependent_services": null,
            "disable_on_destroy": true,
            "id": "security-standards-group-4/container.googleapis.com",
            "project": "security-standards-group-4",
            "service": "container.googleapis.com",
            "timeouts": null
          },
          "sensitive_attributes": [],
          "private": "eyJlMmJmYjczMC1lY2FhLTExZTYtOGY4OC0zNDM2M2JjN2M0YzAiOnsiY3JlYXRlIjoxMjAwMDAwMDAwMDAwLCJkZWxldGUiOjEyMDAwMDAwMDAwMDAsInJlYWQiOjYwMDAwMDAwMDAwMCwidXBkYXRlIjoxMjAwMDAwMDAwMDAwfX0="
        }
      ]
    },
    {
      "mode": "managed",
      "type": "google_project_service",
      "name": "logging_api",
      "provider": "provider[\"registry.terraform.io/hashicorp/google\"]",
      "instances": [
        {
          "schema_version": 0,
          "attributes": {
            "disable_dependent_services": null,
            "disable_on_destroy": true,
            "id": "security-standards-group-4/logging.googleapis.com",
            "project": "security-standards-group-4",
            "service": "logging.googleapis.com",
            "timeouts": null
          },
          "sensitive_attributes": [],
          "private": "eyJlMmJmYjczMC1lY2FhLTExZTYtOGY4OC0zNDM2M2JjN2M0YzAiOnsiY3JlYXRlIjoxMjAwMDAwMDAwMDAwLCJkZWxldGUiOjEyMDAwMDAwMDAwMDAsInJlYWQiOjYwMDAwMDAwMDAwMCwidXBkYXRlIjoxMjAwMDAwMDAwMDAwfX0="
        }
      ]
    },
    {
      "mode": "managed",
      "type": "google_project_service",
      "name": "monitoring_api",
      "provider": "provider[\"registry.terraform.io/hashicorp/google\"]",
      "instances": [
        {
          "schema_version": 0,
          "attributes": {
            "disable_dependent_services": null,
            "disable_on_destroy": true,
            "id": "security-standards-group-4/monitoring.googleapis.com",
            "project": "security-standards-group-4",
            "service": "monitoring.googleapis.com",
            "timeouts": null
          },
          "sensitive_attributes": [],
          "private": "eyJlMmJmYjczMC1lY2FhLTExZTYtOGY4OC0zNDM2M2JjN2M0YzAiOnsiY3JlYXRlIjoxMjAwMDAwMDAwMDAwLCJkZWxldGUiOjEyMDAwMDAwMDAwMDAsInJlYWQiOjYwMDAwMDAwMDAwMCwidXBkYXRlIjoxMjAwMDAwMDAwMDAwfX0="
        }
      ]
    },
    {
      "mode": "managed",
      "type": "google_project_service",
      "name": "secretmanager_api",
      "provider": "provider[\"registry.terraform.io/hashicorp/google\"]",
      "instances": [
        {
          "schema_version": 0,
          "attributes": {
            "disable_dependent_services": null,
            "disable_on_destroy": false,
            "id": "security-standards-group-4/secretmanager.googleapis.com",
            "project": "security-standards-group-4",
            "service": "secretmanager.googleapis.com",
            "timeouts": null
          },
          "sensitive_attributes": [],
          "private": "eyJlMmJmYjczMC1lY2FhLTExZTYtOGY4OC0zNDM2M2JjN2M0YzAiOnsiY3JlYXRlIjoxMjAwMDAwMDAwMDAwLCJkZWxldGUiOjEyMDAwMDAwMDAwMDAsInJlYWQiOjYwMDAwMDAwMDAwMCwidXBkYXRlIjoxMjAwMDAwMDAwMDAwfX0="
        }
      ]
    },
    {
      "mode": "managed",
      "type": "google_project_service",
      "name": "sqladmin_api",
      "provider": "provider[\"registry.terraform.io/hashicorp/google\"]",
      "instances": [
        {
          "schema_version": 0,
          "attributes": {
            "disable_dependent_services": null,
            "disable_on_destroy": false,
            "id": "security-standards-group-4/sqladmin.googleapis.com",
            "project": "security-standards-group-4",
            "service": "sqladmin.googleapis.com",
            "timeouts": null
          },
          "sensitive_attributes": [],
          "private": "eyJlMmJmYjczMC1lY2FhLTExZTYtOGY4OC0zNDM2M2JjN2M0YzAiOnsiY3JlYXRlIjoxMjAwMDAwMDAwMDAwLCJkZWxldGUiOjEyMDAwMDAwMDAwMDAsInJlYWQiOjYwMDAwMDAwMDAwMCwidXBkYXRlIjoxMjAwMDAwMDAwMDAwfX0="
        }
      ]
    },
    {
      "mode": "managed",
      "type": "google_secret_manager_secret",
      "name": "dbname",
      "provider": "provider[\"registry.terraform.io/hashicorp/google\"]",
      "instances": [
        {
          "schema_version": 0,
          "attributes": {
            "annotations": {},
            "create_time": "2024-11-27T23:09:14.740494Z",
            "effective_annotations": {},
            "effective_labels": {
              "goog-terraform-provisioned": "true"
            },
            "expire_time": "",
            "id": "projects/security-standards-group-4/secrets/dbnamesecret",
            "labels": {},
            "name": "projects/458458326212/secrets/dbnamesecret",
            "project": "security-standards-group-4",
            "replication": [
              {
                "auto": [
                  {
                    "customer_managed_encryption": []
                  }
                ],
                "user_managed": []
              }
            ],
            "rotation": [],
            "secret_id": "dbnamesecret",
            "terraform_labels": {
              "goog-terraform-provisioned": "true"
            },
            "timeouts": null,
            "topics": [],
            "ttl": null,
            "version_aliases": {},
            "version_destroy_ttl": ""
          },
          "sensitive_attributes": [],
          "private": "eyJlMmJmYjczMC1lY2FhLTExZTYtOGY4OC0zNDM2M2JjN2M0YzAiOnsiY3JlYXRlIjoxMjAwMDAwMDAwMDAwLCJkZWxldGUiOjEyMDAwMDAwMDAwMDAsInVwZGF0ZSI6MTIwMDAwMDAwMDAwMH19",
          "dependencies": [
            "google_project_service.secretmanager_api"
          ]
        }
      ]
    },
    {
      "mode": "managed",
      "type": "google_secret_manager_secret",
      "name": "dbpass",
      "provider": "provider[\"registry.terraform.io/hashicorp/google\"]",
      "instances": [
        {
          "schema_version": 0,
          "attributes": {
            "annotations": {},
            "create_time": "2024-11-27T23:09:15.712715Z",
            "effective_annotations": {},
            "effective_labels": {
              "goog-terraform-provisioned": "true"
            },
            "expire_time": "",
            "id": "projects/security-standards-group-4/secrets/dbpasssecret",
            "labels": {},
            "name": "projects/458458326212/secrets/dbpasssecret",
            "project": "security-standards-group-4",
            "replication": [
              {
                "auto": [
                  {
                    "customer_managed_encryption": []
                  }
                ],
                "user_managed": []
              }
            ],
            "rotation": [],
            "secret_id": "dbpasssecret",
            "terraform_labels": {
              "goog-terraform-provisioned": "true"
            },
            "timeouts": null,
            "topics": [],
            "ttl": null,
            "version_aliases": {},
            "version_destroy_ttl": ""
          },
          "sensitive_attributes": [],
          "private": "eyJlMmJmYjczMC1lY2FhLTExZTYtOGY4OC0zNDM2M2JjN2M0YzAiOnsiY3JlYXRlIjoxMjAwMDAwMDAwMDAwLCJkZWxldGUiOjEyMDAwMDAwMDAwMDAsInVwZGF0ZSI6MTIwMDAwMDAwMDAwMH19",
          "dependencies": [
            "google_project_service.secretmanager_api"
          ]
        }
      ]
    },
    {
      "mode": "managed",
      "type": "google_secret_manager_secret",
      "name": "dbuser",
      "provider": "provider[\"registry.terraform.io/hashicorp/google\"]",
      "instances": [
        {
          "schema_version": 0,
          "attributes": {
            "annotations": {},
            "create_time": "2024-11-27T23:09:15.330797Z",
            "effective_annotations": {},
            "effective_labels": {
              "goog-terraform-provisioned": "true"
            },
            "expire_time": "",
            "id": "projects/security-standards-group-4/secrets/dbusersecret",
            "labels": {},
            "name": "projects/458458326212/secrets/dbusersecret",
            "project": "security-standards-group-4",
            "replication": [
              {
                "auto": [
                  {
                    "customer_managed_encryption": []
                  }
                ],
                "user_managed": []
              }
            ],
            "rotation": [],
            "secret_id": "dbusersecret",
            "terraform_labels": {
              "goog-terraform-provisioned": "true"
            },
            "timeouts": null,
            "topics": [],
            "ttl": null,
            "version_aliases": {},
            "version_destroy_ttl": ""
          },
          "sensitive_attributes": [],
          "private": "eyJlMmJmYjczMC1lY2FhLTExZTYtOGY4OC0zNDM2M2JjN2M0YzAiOnsiY3JlYXRlIjoxMjAwMDAwMDAwMDAwLCJkZWxldGUiOjEyMDAwMDAwMDAwMDAsInVwZGF0ZSI6MTIwMDAwMDAwMDAwMH19",
          "dependencies": [
            "google_project_service.secretmanager_api"
          ]
        }
      ]
    },
    {
      "mode": "managed",
      "type": "google_secret_manager_secret_iam_member",
      "name": "secretaccess_compute_dbname",
      "provider": "provider[\"registry.terraform.io/hashicorp/google\"]",
      "instances": [
        {
          "schema_version": 0,
          "attributes": {
            "condition": [],
            "etag": "BwYn7Q4TREw=",
            "id": "projects/security-standards-group-4/secrets/dbnamesecret/roles/secretmanager.secretAccessor/serviceAccount:458458326212-compute@developer.gserviceaccount.com",
            "member": "serviceAccount:458458326212-compute@developer.gserviceaccount.com",
            "project": "security-standards-group-4",
            "role": "roles/secretmanager.secretAccessor",
            "secret_id": "projects/security-standards-group-4/secrets/dbnamesecret"
          },
          "sensitive_attributes": [],
          "private": "bnVsbA==",
          "dependencies": [
            "data.google_project.project",
            "google_project_service.secretmanager_api",
            "google_secret_manager_secret.dbname"
          ]
        }
      ]
    },
    {
      "mode": "managed",
      "type": "google_secret_manager_secret_iam_member",
      "name": "secretaccess_compute_dbpass",
      "provider": "provider[\"registry.terraform.io/hashicorp/google\"]",
      "instances": [
        {
          "schema_version": 0,
          "attributes": {
            "condition": [],
            "etag": "BwYn7Q47ly0=",
            "id": "projects/security-standards-group-4/secrets/dbpasssecret/roles/secretmanager.secretAccessor/serviceAccount:458458326212-compute@developer.gserviceaccount.com",
            "member": "serviceAccount:458458326212-compute@developer.gserviceaccount.com",
            "project": "security-standards-group-4",
            "role": "roles/secretmanager.secretAccessor",
            "secret_id": "projects/security-standards-group-4/secrets/dbpasssecret"
          },
          "sensitive_attributes": [],
          "private": "bnVsbA==",
          "dependencies": [
            "data.google_project.project",
            "google_project_service.secretmanager_api",
            "google_secret_manager_secret.dbpass"
          ]
        }
      ]
    },
    {
      "mode": "managed",
      "type": "google_secret_manager_secret_iam_member",
      "name": "secretaccess_compute_dbuser",
      "provider": "provider[\"registry.terraform.io/hashicorp/google\"]",
      "instances": [
        {
          "schema_version": 0,
          "attributes": {
            "condition": [],
            "etag": "BwYn7Q4f/yY=",
            "id": "projects/security-standards-group-4/secrets/dbusersecret/roles/secretmanager.secretAccessor/serviceAccount:458458326212-compute@developer.gserviceaccount.com",
            "member": "serviceAccount:458458326212-compute@developer.gserviceaccount.com",
            "project": "security-standards-group-4",
            "role": "roles/secretmanager.secretAccessor",
            "secret_id": "projects/security-standards-group-4/secrets/dbusersecret"
          },
          "sensitive_attributes": [],
          "private": "bnVsbA==",
          "dependencies": [
            "data.google_project.project",
            "google_project_service.secretmanager_api",
            "google_secret_manager_secret.dbuser"
          ]
        }
      ]
    },
    {
      "mode": "managed",
      "type": "google_secret_manager_secret_version",
      "name": "dbname_data",
      "provider": "provider[\"registry.terraform.io/hashicorp/google\"]",
      "instances": [
        {
          "schema_version": 0,
          "attributes": {
            "create_time": "2024-11-27T23:09:16.538539Z",
            "deletion_policy": "DELETE",
            "destroy_time": "",
            "enabled": true,
            "id": "projects/458458326212/secrets/dbnamesecret/versions/1",
            "is_secret_data_base64": false,
            "name": "projects/458458326212/secrets/dbnamesecret/versions/1",
            "secret": "projects/security-standards-group-4/secrets/dbnamesecret",
            "secret_data": "secret-data",
            "timeouts": null,
            "version": "1"
          },
          "sensitive_attributes": [
            [
              {
                "type": "get_attr",
                "value": "secret_data"
              }
            ]
          ],
          "private": "eyJlMmJmYjczMC1lY2FhLTExZTYtOGY4OC0zNDM2M2JjN2M0YzAiOnsiY3JlYXRlIjoxMjAwMDAwMDAwMDAwLCJkZWxldGUiOjEyMDAwMDAwMDAwMDAsInVwZGF0ZSI6MTIwMDAwMDAwMDAwMH19",
          "dependencies": [
            "google_project_service.secretmanager_api",
            "google_secret_manager_secret.dbname"
          ]
        }
      ]
    },
    {
      "mode": "managed",
      "type": "google_secret_manager_secret_version",
      "name": "dbpass_data",
      "provider": "provider[\"registry.terraform.io/hashicorp/google\"]",
      "instances": [
        {
          "schema_version": 0,
          "attributes": {
            "create_time": "2024-11-27T23:09:18.399018Z",
            "deletion_policy": "DELETE",
            "destroy_time": "",
            "enabled": true,
            "id": "projects/458458326212/secrets/dbpasssecret/versions/1",
            "is_secret_data_base64": false,
            "name": "projects/458458326212/secrets/dbpasssecret/versions/1",
            "secret": "projects/security-standards-group-4/secrets/dbpasssecret",
            "secret_data": "secret-data",
            "timeouts": null,
            "version": "1"
          },
          "sensitive_attributes": [
            [
              {
                "type": "get_attr",
                "value": "secret_data"
              }
            ]
          ],
          "private": "eyJlMmJmYjczMC1lY2FhLTExZTYtOGY4OC0zNDM2M2JjN2M0YzAiOnsiY3JlYXRlIjoxMjAwMDAwMDAwMDAwLCJkZWxldGUiOjEyMDAwMDAwMDAwMDAsInVwZGF0ZSI6MTIwMDAwMDAwMDAwMH19",
          "dependencies": [
            "google_project_service.secretmanager_api",
            "google_secret_manager_secret.dbpass"
          ]
        }
      ]
    },
    {
      "mode": "managed",
      "type": "google_secret_manager_secret_version",
      "name": "dbuser_data",
      "provider": "provider[\"registry.terraform.io/hashicorp/google\"]",
      "instances": [
        {
          "schema_version": 0,
          "attributes": {
            "create_time": "2024-11-27T23:09:18.027706Z",
            "deletion_policy": "DELETE",
            "destroy_time": "",
            "enabled": true,
            "id": "projects/458458326212/secrets/dbusersecret/versions/1",
            "is_secret_data_base64": false,
            "name": "projects/458458326212/secrets/dbusersecret/versions/1",
            "secret": "projects/security-standards-group-4/secrets/dbusersecret",
            "secret_data": "secret-data",
            "timeouts": null,
            "version": "1"
          },
          "sensitive_attributes": [
            [
              {
                "type": "get_attr",
                "value": "secret_data"
              }
            ]
          ],
          "private": "eyJlMmJmYjczMC1lY2FhLTExZTYtOGY4OC0zNDM2M2JjN2M0YzAiOnsiY3JlYXRlIjoxMjAwMDAwMDAwMDAwLCJkZWxldGUiOjEyMDAwMDAwMDAwMDAsInVwZGF0ZSI6MTIwMDAwMDAwMDAwMH19",
          "dependencies": [
            "google_project_service.secretmanager_api",
            "google_secret_manager_secret.dbuser"
          ]
        }
      ]
    },
    {
      "mode": "managed",
      "type": "google_service_networking_connection",
      "name": "main_private_service_connection",
      "provider": "provider[\"registry.terraform.io/hashicorp/google\"]",
      "instances": [
        {
          "schema_version": 0,
          "attributes": {
            "deletion_policy": null,
            "id": "projects%2Fsecurity-standards-group-4%2Fglobal%2Fnetworks%2Fl7-ilb-network:servicenetworking.googleapis.com",
            "network": "projects/security-standards-group-4/global/networks/l7-ilb-network",
            "peering": "servicenetworking-googleapis-com",
            "reserved_peering_ranges": [
              "main-private-service-access"
            ],
            "service": "servicenetworking.googleapis.com",
            "timeouts": null,
            "update_on_creation_fail": null
          },
          "sensitive_attributes": [],
          "private": "eyJlMmJmYjczMC1lY2FhLTExZTYtOGY4OC0zNDM2M2JjN2M0YzAiOnsiY3JlYXRlIjo2MDAwMDAwMDAwMDAsImRlbGV0ZSI6NjAwMDAwMDAwMDAwLCJ1cGRhdGUiOjYwMDAwMDAwMDAwMH19",
          "dependencies": [
            "google_compute_global_address.main_private_service_access",
            "google_compute_network.default"
          ]
        }
      ]
    },
    {
      "mode": "managed",
      "type": "google_service_networking_connection",
      "name": "private_service_connection",
      "provider": "provider[\"registry.terraform.io/hashicorp/google\"]",
      "instances": [
        {
          "schema_version": 0,
          "attributes": {
            "deletion_policy": null,
            "id": "projects%2Fsecurity-standards-group-4%2Fglobal%2Fnetworks%2Fmanagement-vpc:servicenetworking.googleapis.com",
            "network": "projects/security-standards-group-4/global/networks/management-vpc",
            "peering": "servicenetworking-googleapis-com",
            "reserved_peering_ranges": [
              "private-service-access"
            ],
            "service": "servicenetworking.googleapis.com",
            "timeouts": null,
            "update_on_creation_fail": null
          },
          "sensitive_attributes": [],
          "private": "eyJlMmJmYjczMC1lY2FhLTExZTYtOGY4OC0zNDM2M2JjN2M0YzAiOnsiY3JlYXRlIjo2MDAwMDAwMDAwMDAsImRlbGV0ZSI6NjAwMDAwMDAwMDAwLCJ1cGRhdGUiOjYwMDAwMDAwMDAwMH19",
          "dependencies": [
            "google_compute_global_address.private_service_access",
            "google_compute_network.management_vpc"
          ]
        }
      ]
    },
    {
      "mode": "managed",
      "type": "google_sql_database_instance",
      "name": "default",
      "provider": "provider[\"registry.terraform.io/hashicorp/google\"]",
      "instances": [
        {
          "schema_version": 0,
          "attributes": {
            "available_maintenance_versions": [],
            "clone": [],
            "connection_name": "security-standards-group-4:us-west1:mysql-instance-1",
            "database_version": "MYSQL_8_0",
            "deletion_protection": false,
            "dns_name": "",
            "encryption_key_name": null,
            "first_ip_address": "34.169.104.254",
            "id": "mysql-instance-1",
            "instance_type": "CLOUD_SQL_INSTANCE",
            "ip_address": [
              {
                "ip_address": "34.169.104.254",
                "time_to_retire": "",
                "type": "PRIMARY"
              }
            ],
            "maintenance_version": "MYSQL_8_0_31.R20241020.02_00",
            "master_instance_name": "",
            "name": "mysql-instance-1",
            "private_ip_address": "",
            "project": "security-standards-group-4",
            "psc_service_attachment_link": "",
            "public_ip_address": "34.169.104.254",
            "region": "us-west1",
            "replica_configuration": [],
            "replica_names": [],
            "restore_backup_context": [],
            "root_password": "abcABC123!",
            "self_link": "https://sqladmin.googleapis.com/sql/v1beta4/projects/security-standards-group-4/instances/mysql-instance-1",
            "server_ca_cert": [
              {
                "cert": "-----BEGIN CERTIFICATE-----\nMIIDfzCCAmegAwIBAgIBADANBgkqhkiG9w0BAQsFADB3MS0wKwYDVQQuEyRlYjZl\nZTY4NC0zZDExLTRlNTMtYTc1Ny1mZDUyYzljZTY1NTcxIzAhBgNVBAMTGkdvb2ds\nZSBDbG91ZCBTUUwgU2VydmVyIENBMRQwEgYDVQQKEwtHb29nbGUsIEluYzELMAkG\nA1UEBhMCVVMwHhcNMjQxMTI3MjMwOTA0WhcNMzQxMTI1MjMxMDA0WjB3MS0wKwYD\nVQQuEyRlYjZlZTY4NC0zZDExLTRlNTMtYTc1Ny1mZDUyYzljZTY1NTcxIzAhBgNV\nBAMTGkdvb2dsZSBDbG91ZCBTUUwgU2VydmVyIENBMRQwEgYDVQQKEwtHb29nbGUs\nIEluYzELMAkGA1UEBhMCVVMwggEiMA0GCSqGSIb3DQEBAQUAA4IBDwAwggEKAoIB\nAQDdrOGsZ0GjiqHthIY95cR4S5XnTTiQnLGJ6OokqnIHRU6MXk51cF5FCn4SG0Yd\nR0i9KZSJ5rBQyJSE5d1Q1xr+4Eu9Ni/2uFfiZMVg0cp65rVIgdAsCEfdvMZugELc\n61tyP9I8jVHYho1oytUm7vDLrgk8S3miyMA2mM49HzNdHZ7/z9k4Tu6FvRe+SW+S\nuqdQDvFdJV1H0wUEX+RNYuGCfVeq9J5trI8jCHTmt4wsHo/BLo/EURdo+IY8ILkA\n4aOAPrmnX0dqFiv99m4tKIdgRfOcDNDs9ddt7gMyG2P+Ff62e5C5ea2e0AY/M5lT\nHKKTMXAt0qg8ANSNqo2KCYpzAgMBAAGjFjAUMBIGA1UdEwEB/wQIMAYBAf8CAQAw\nDQYJKoZIhvcNAQELBQADggEBACVhCro/jqXElH0gnGpDG4mGFqJYCZOf7CvzbtdM\nLJxXxjmkn+dTyNyeDBjW3OxWIVTQ92L0lM4l1iBUgEFlPh9LyShRl4W7sksajCX6\nmpD9GLa9i9AmWlF0SxHKJl3HN3HU0HE/Wc9qr8tcaZDNcE9wObzj6Py2qHVwQFXN\nC9l2wpsFQpVvHTXjMGTV9u/e14LRtBXlH5dVhY3uA9jHq+oE7ReIbh82xM1kWx18\nMb8bvVwAzezFQOlc53DPfQnfrlfIL63zXMvc+frZihY8/n0AFVVgEvqYl33rFGqu\nVblyVRCH4RSbBnCJcNB/d6E/h92lnVQwQvzPsqOlxL3AKO0=\n-----END CERTIFICATE-----",
                "common_name": "C=US,O=Google\\, Inc,CN=Google Cloud SQL Server CA,dnQualifier=eb6ee684-3d11-4e53-a757-fd52c9ce6557",
                "create_time": "2024-11-27T23:09:04.231Z",
                "expiration_time": "2034-11-25T23:10:04.231Z",
                "sha1_fingerprint": "ad1061479adac24fe474cdef57e3e198fc325981"
              }
            ],
            "service_account_email_address": "p458458326212-s4aqg0@gcp-sa-cloud-sql.iam.gserviceaccount.com",
            "settings": [
              {
                "activation_policy": "ALWAYS",
                "active_directory_config": [],
                "advanced_machine_features": [],
                "availability_type": "ZONAL",
                "backup_configuration": [
                  {
                    "backup_retention_settings": [
                      {
                        "retained_backups": 7,
                        "retention_unit": "COUNT"
                      }
                    ],
                    "binary_log_enabled": false,
                    "enabled": false,
                    "location": "",
                    "point_in_time_recovery_enabled": false,
                    "start_time": "16:00",
                    "transaction_log_retention_days": 7
                  }
                ],
                "collation": "",
                "connector_enforcement": "NOT_REQUIRED",
                "data_cache_config": [],
                "database_flags": [],
                "deletion_protection_enabled": false,
                "deny_maintenance_period": [],
                "disk_autoresize": true,
                "disk_autoresize_limit": 0,
                "disk_size": 10,
                "disk_type": "PD_SSD",
                "edition": "ENTERPRISE",
                "enable_dataplex_integration": false,
                "enable_google_ml_integration": false,
                "insights_config": [],
                "ip_configuration": [
                  {
                    "allocated_ip_range": "",
                    "authorized_networks": [],
                    "enable_private_path_for_google_cloud_services": false,
                    "ipv4_enabled": true,
                    "private_network": "",
                    "psc_config": [],
                    "server_ca_mode": "GOOGLE_MANAGED_INTERNAL_CA",
                    "ssl_mode": "ALLOW_UNENCRYPTED_AND_ENCRYPTED"
                  }
                ],
                "location_preference": [
                  {
                    "follow_gae_application": "",
                    "secondary_zone": "",
                    "zone": "us-west1-a"
                  }
                ],
                "maintenance_window": [],
                "password_validation_policy": [
                  {
                    "complexity": "COMPLEXITY_DEFAULT",
                    "disallow_username_substring": true,
                    "enable_password_policy": true,
                    "min_length": 6,
                    "password_change_interval": "",
                    "reuse_interval": 2
                  }
                ],
                "pricing_plan": "PER_USE",
                "sql_server_audit_config": [],
                "tier": "db-f1-micro",
                "time_zone": "",
                "user_labels": {},
                "version": 2
              }
            ],
            "timeouts": null
          },
          "sensitive_attributes": [
            [
              {
                "type": "get_attr",
                "value": "root_password"
              }
            ],
            [
              {
                "type": "get_attr",
                "value": "server_ca_cert"
              }
            ]
          ],
          "private": "eyJlMmJmYjczMC1lY2FhLTExZTYtOGY4OC0zNDM2M2JjN2M0YzAiOnsiY3JlYXRlIjo1NDAwMDAwMDAwMDAwLCJkZWxldGUiOjU0MDAwMDAwMDAwMDAsInVwZGF0ZSI6NTQwMDAwMDAwMDAwMH19",
          "dependencies": [
            "google_project_service.sqladmin_api"
          ]
        }
      ]
    },
    {
      "mode": "managed",
      "type": "tls_private_key",
      "name": "default",
      "provider": "provider[\"registry.terraform.io/hashicorp/tls\"]",
      "instances": [
        {
          "schema_version": 1,
          "attributes": {
            "algorithm": "RSA",
            "ecdsa_curve": "P224",
            "id": "6683f17754331beffd25d661e5437b2421cf386a",
            "private_key_openssh": "-----BEGIN OPENSSH PRIVATE KEY-----\nb3BlbnNzaC1rZXktdjEAAAAABG5vbmUAAAAEbm9uZQAAAAAAAAABAAABFwAAAAdz\nc2gtcnNhAAAAAwEAAQAAAQEAwg2G8EeM7/FvjHuuH0hhU1dBKZ3Xa61T+myIgf7k\nUlc/b3GU6Oa2wwgrI3aNBuJcBVMDYBFGS4fBPAVkSUioywiVE4bGboZr02Mki0fp\nNmJW0m4G8Oum0WrvieOAtUeT2d2NSQFr4ZySCu2lycot7lsoP8OKDPUadR8Fwpjv\n8tQD7Oh11FHX9LNNK5sXviNEHwc02jH+zDBXre4X9djB9xiaRBMHOnvQt/mwblWx\n2GOXRePTl6TIpsIP7kuL/TecwqXfHOFHBGFg1kTIfBtbT5ryUzr/8jvH7LJzsnL2\nrYSTeg72l/0oGudn6eLX1GpOUNMSa1QfliIDruM1MwJM1QAAA7gz/qdGM/6nRgAA\nAAdzc2gtcnNhAAABAQDCDYbwR4zv8W+Me64fSGFTV0EpnddrrVP6bIiB/uRSVz9v\ncZTo5rbDCCsjdo0G4lwFUwNgEUZLh8E8BWRJSKjLCJUThsZuhmvTYySLR+k2YlbS\nbgbw66bRau+J44C1R5PZ3Y1JAWvhnJIK7aXJyi3uWyg/w4oM9Rp1HwXCmO/y1APs\n6HXUUdf0s00rmxe+I0QfBzTaMf7MMFet7hf12MH3GJpEEwc6e9C3+bBuVbHYY5dF\n49OXpMimwg/uS4v9N5zCpd8c4UcEYWDWRMh8G1tPmvJTOv/yO8fssnOycvathJN6\nDvaX/Sga52fp4tfUak5Q0xJrVB+WIgOu4zUzAkzVAAAAAwEAAQAAAQBIiOfkjso2\nskeg+mYmmVaP4XChDrgELsDSPZl1BgLwaF502L7xo7OzCS2ezuR+K0R8VQBQ+4QM\nHY10UwuefQNjCS04JEut6p8JX+i8C0A4LOAJPkln6p3rb45kO17T5BJ3AGKcZGSf\n63eHkDdFS0aJ7xcHZp8GouOl3de4WpRubnz7g8gXVhBX5iWweYPPS0Ib7JeBl681\nD809TpAPj0Is1zwAlZNyHqw1fdlG+v4RGqxSXkv3RBDLd03K8Y0/lXqyXKgXvmkK\nY0c3o8kF07TiSxxKUWEmZ2T1sxq8zJFiIXWWP/p0t16sofqbZngcF5OMgEWdJavu\ngzGSArp6B7iNAAAAgHas2jowsJ8Gdxl8SY19Ph/S58ROb2SoRDwaTcAxZ0DI8Nk5\ncdgKPjuhy94NMy85vSf6hsDz4TPmLD2XMCw0AAVOVewbWs4FUVFpHTjqvtpEpYbi\nFEYtRubmRwVYn0KR3Gi892P3BY457la5UdgBJXyfOTS9WUqrXT1xFIY6Dsz6AAAA\ngQDdHe3CoB28mT1XO5lyQW8YphGMXGfXjwmwwvRpUU51S95abANd0f1pmIb4cZRx\npJ9Gcn56oY4lawGxxu6JBzNY1jQ+loZiWQDRfz+gcEMPB05g0Br2m2btgvJ7feq5\nRYEYzK9YDvPqOOyvrlT1KFLTYUF9jnyi6BXF3XcPc6l4dwAAAIEA4KqVYOAj2YAI\nFJzsu4StN1eS+3mWL6zFJeB+604iV9Qlfy9V8H54K8jYoc2fE/RuONeMcunx5NWm\nwGI0g8pWYWp4ZOGJ6/HnFGzBtBrNVAar6RS2DjYVyYueVgdU5VWszsYFD3bIBIAV\nwIFZyRrjfnJARE7EeijQ73W6j6R3hBMAAAAAAQID\n-----END OPENSSH PRIVATE KEY-----\n",
            "private_key_pem": "-----BEGIN RSA PRIVATE KEY-----\nMIIEowIBAAKCAQEAwg2G8EeM7/FvjHuuH0hhU1dBKZ3Xa61T+myIgf7kUlc/b3GU\n6Oa2wwgrI3aNBuJcBVMDYBFGS4fBPAVkSUioywiVE4bGboZr02Mki0fpNmJW0m4G\n8Oum0WrvieOAtUeT2d2NSQFr4ZySCu2lycot7lsoP8OKDPUadR8Fwpjv8tQD7Oh1\n1FHX9LNNK5sXviNEHwc02jH+zDBXre4X9djB9xiaRBMHOnvQt/mwblWx2GOXRePT\nl6TIpsIP7kuL/TecwqXfHOFHBGFg1kTIfBtbT5ryUzr/8jvH7LJzsnL2rYSTeg72\nl/0oGudn6eLX1GpOUNMSa1QfliIDruM1MwJM1QIDAQABAoIBAEiI5+SOyjayR6D6\nZiaZVo/hcKEOuAQuwNI9mXUGAvBoXnTYvvGjs7MJLZ7O5H4rRHxVAFD7hAwdjXRT\nC559A2MJLTgkS63qnwlf6LwLQDgs4Ak+SWfqnetvjmQ7XtPkEncAYpxkZJ/rd4eQ\nN0VLRonvFwdmnwai46Xd17halG5ufPuDyBdWEFfmJbB5g89LQhvsl4GXrzUPzT1O\nkA+PQizXPACVk3IerDV92Ub6/hEarFJeS/dEEMt3TcrxjT+VerJcqBe+aQpjRzej\nyQXTtOJLHEpRYSZnZPWzGrzMkWIhdZY/+nS3Xqyh+ptmeBwXk4yARZ0lq+6DMZIC\nunoHuI0CgYEA3R3twqAdvJk9VzuZckFvGKYRjFxn148JsML0aVFOdUveWmwDXdH9\naZiG+HGUcaSfRnJ+eqGOJWsBscbuiQczWNY0PpaGYlkA0X8/oHBDDwdOYNAa9ptm\n7YLye33quUWBGMyvWA7z6jjsr65U9ShS02FBfY58ougVxd13D3OpeHcCgYEA4KqV\nYOAj2YAIFJzsu4StN1eS+3mWL6zFJeB+604iV9Qlfy9V8H54K8jYoc2fE/RuONeM\ncunx5NWmwGI0g8pWYWp4ZOGJ6/HnFGzBtBrNVAar6RS2DjYVyYueVgdU5VWszsYF\nD3bIBIAVwIFZyRrjfnJARE7EeijQ73W6j6R3hBMCgYAuhCxPhFWdJnOkFVKrmZ5g\nhhcs+weRbnLwb6LxQPyLaoGFbjGrHBD+lOrX+zTqT2J+dHmtHK2Fq6Q4nQvzYcNo\nje+BtzLgH68vY2CkRNmmoLfZYA48EOcvUhvm5M9rWHbXG8BLeyHPBVitgLQ4utnp\nxAz99+q6bq6d6IAyjPd68wKBgQCN1IK7BqT7IO14/dwhQVAMuPdsVESw0jQfhkr5\nh3j800vcr+hkC6MXmRLRirqbYVrX/ZOH1BLGMO61UwnuDSVdGFbq8MseLbeA2Gus\npKLtIc0TNuT7sb8tXjvV+Yjpwp12Z+I38fexh56zybUB1Ty6zauus78rk2rbUQo2\ntlBRCwKBgHas2jowsJ8Gdxl8SY19Ph/S58ROb2SoRDwaTcAxZ0DI8Nk5cdgKPjuh\ny94NMy85vSf6hsDz4TPmLD2XMCw0AAVOVewbWs4FUVFpHTjqvtpEpYbiFEYtRubm\nRwVYn0KR3Gi892P3BY457la5UdgBJXyfOTS9WUqrXT1xFIY6Dsz6\n-----END RSA PRIVATE KEY-----\n",
            "private_key_pem_pkcs8": "-----BEGIN PRIVATE KEY-----\nMIIEvQIBADANBgkqhkiG9w0BAQEFAASCBKcwggSjAgEAAoIBAQDCDYbwR4zv8W+M\ne64fSGFTV0EpnddrrVP6bIiB/uRSVz9vcZTo5rbDCCsjdo0G4lwFUwNgEUZLh8E8\nBWRJSKjLCJUThsZuhmvTYySLR+k2YlbSbgbw66bRau+J44C1R5PZ3Y1JAWvhnJIK\n7aXJyi3uWyg/w4oM9Rp1HwXCmO/y1APs6HXUUdf0s00rmxe+I0QfBzTaMf7MMFet\n7hf12MH3GJpEEwc6e9C3+bBuVbHYY5dF49OXpMimwg/uS4v9N5zCpd8c4UcEYWDW\nRMh8G1tPmvJTOv/yO8fssnOycvathJN6DvaX/Sga52fp4tfUak5Q0xJrVB+WIgOu\n4zUzAkzVAgMBAAECggEASIjn5I7KNrJHoPpmJplWj+FwoQ64BC7A0j2ZdQYC8Ghe\ndNi+8aOzswktns7kfitEfFUAUPuEDB2NdFMLnn0DYwktOCRLreqfCV/ovAtAOCzg\nCT5JZ+qd62+OZDte0+QSdwBinGRkn+t3h5A3RUtGie8XB2afBqLjpd3XuFqUbm58\n+4PIF1YQV+YlsHmDz0tCG+yXgZevNQ/NPU6QD49CLNc8AJWTch6sNX3ZRvr+ERqs\nUl5L90QQy3dNyvGNP5V6slyoF75pCmNHN6PJBdO04kscSlFhJmdk9bMavMyRYiF1\nlj/6dLderKH6m2Z4HBeTjIBFnSWr7oMxkgK6ege4jQKBgQDdHe3CoB28mT1XO5ly\nQW8YphGMXGfXjwmwwvRpUU51S95abANd0f1pmIb4cZRxpJ9Gcn56oY4lawGxxu6J\nBzNY1jQ+loZiWQDRfz+gcEMPB05g0Br2m2btgvJ7feq5RYEYzK9YDvPqOOyvrlT1\nKFLTYUF9jnyi6BXF3XcPc6l4dwKBgQDgqpVg4CPZgAgUnOy7hK03V5L7eZYvrMUl\n4H7rTiJX1CV/L1XwfngryNihzZ8T9G4414xy6fHk1abAYjSDylZhanhk4Ynr8ecU\nbMG0Gs1UBqvpFLYONhXJi55WB1TlVazOxgUPdsgEgBXAgVnJGuN+ckBETsR6KNDv\ndbqPpHeEEwKBgC6ELE+EVZ0mc6QVUquZnmCGFyz7B5FucvBvovFA/ItqgYVuMasc\nEP6U6tf7NOpPYn50ea0crYWrpDidC/Nhw2iN74G3MuAfry9jYKRE2aagt9lgDjwQ\n5y9SG+bkz2tYdtcbwEt7Ic8FWK2AtDi62enEDP336rpurp3ogDKM93rzAoGBAI3U\ngrsGpPsg7Xj93CFBUAy492xURLDSNB+GSvmHePzTS9yv6GQLoxeZEtGKupthWtf9\nk4fUEsYw7rVTCe4NJV0YVurwyx4tt4DYa6ykou0hzRM25Puxvy1eO9X5iOnCnXZn\n4jfx97GHnrPJtQHVPLrNq66zvyuTattRCja2UFELAoGAdqzaOjCwnwZ3GXxJjX0+\nH9LnxE5vZKhEPBpNwDFnQMjw2Tlx2Ao+O6HL3g0zLzm9J/qGwPPhM+YsPZcwLDQA\nBU5V7BtazgVRUWkdOOq+2kSlhuIURi1G5uZHBVifQpHcaLz3Y/cFjjnuVrlR2AEl\nfJ85NL1ZSqtdPXEUhjoOzPo=\n-----END PRIVATE KEY-----\n",
            "public_key_fingerprint_md5": "0d:b2:06:e1:19:de:f4:ff:44:c1:f6:2f:03:dd:bb:c5",
            "public_key_fingerprint_sha256": "SHA256:ZgkAb5/Yt5du9y1gyx4CjRDNpEhVxdLdwuppSKje3WU",
            "public_key_openssh": "ssh-rsa AAAAB3NzaC1yc2EAAAADAQABAAABAQDCDYbwR4zv8W+Me64fSGFTV0EpnddrrVP6bIiB/uRSVz9vcZTo5rbDCCsjdo0G4lwFUwNgEUZLh8E8BWRJSKjLCJUThsZuhmvTYySLR+k2YlbSbgbw66bRau+J44C1R5PZ3Y1JAWvhnJIK7aXJyi3uWyg/w4oM9Rp1HwXCmO/y1APs6HXUUdf0s00rmxe+I0QfBzTaMf7MMFet7hf12MH3GJpEEwc6e9C3+bBuVbHYY5dF49OXpMimwg/uS4v9N5zCpd8c4UcEYWDWRMh8G1tPmvJTOv/yO8fssnOycvathJN6DvaX/Sga52fp4tfUak5Q0xJrVB+WIgOu4zUzAkzV\n",
            "public_key_pem": "-----BEGIN PUBLIC KEY-----\nMIIBIjANBgkqhkiG9w0BAQEFAAOCAQ8AMIIBCgKCAQEAwg2G8EeM7/FvjHuuH0hh\nU1dBKZ3Xa61T+myIgf7kUlc/b3GU6Oa2wwgrI3aNBuJcBVMDYBFGS4fBPAVkSUio\nywiVE4bGboZr02Mki0fpNmJW0m4G8Oum0WrvieOAtUeT2d2NSQFr4ZySCu2lycot\n7lsoP8OKDPUadR8Fwpjv8tQD7Oh11FHX9LNNK5sXviNEHwc02jH+zDBXre4X9djB\n9xiaRBMHOnvQt/mwblWx2GOXRePTl6TIpsIP7kuL/TecwqXfHOFHBGFg1kTIfBtb\nT5ryUzr/8jvH7LJzsnL2rYSTeg72l/0oGudn6eLX1GpOUNMSa1QfliIDruM1MwJM\n1QIDAQAB\n-----END PUBLIC KEY-----\n",
            "rsa_bits": 2048
          },
          "sensitive_attributes": [
            [
              {
                "type": "get_attr",
                "value": "private_key_pem_pkcs8"
              }
            ],
            [
              {
                "type": "get_attr",
                "value": "private_key_pem"
              }
            ],
            [
              {
                "type": "get_attr",
                "value": "private_key_openssh"
              }
            ]
          ],
          "create_before_destroy": true
        }
      ]
    },
    {
      "mode": "managed",
      "type": "tls_self_signed_cert",
      "name": "default",
      "provider": "provider[\"registry.terraform.io/hashicorp/tls\"]",
      "instances": [
        {
          "schema_version": 0,
          "attributes": {
            "allowed_uses": [
              "key_encipherment",
              "digital_signature",
              "server_auth"
            ],
            "cert_pem": "-----BEGIN CERTIFICATE-----\nMIIDPjCCAiagAwIBAgIRAKfo2tigkLYK7sJGkXdHtq0wDQYJKoZIhvcNAQELBQAw\nMzEbMBkGA1UEChMSQUNNRSBFeGFtcGxlcywgSW5jMRQwEgYDVQQDEwtleGFtcGxl\nLmNvbTAeFw0yNDExMjcyMzA4NTVaFw0yNDExMjgxMTA4NTVaMDMxGzAZBgNVBAoT\nEkFDTUUgRXhhbXBsZXMsIEluYzEUMBIGA1UEAxMLZXhhbXBsZS5jb20wggEiMA0G\nCSqGSIb3DQEBAQUAA4IBDwAwggEKAoIBAQDCDYbwR4zv8W+Me64fSGFTV0Epnddr\nrVP6bIiB/uRSVz9vcZTo5rbDCCsjdo0G4lwFUwNgEUZLh8E8BWRJSKjLCJUThsZu\nhmvTYySLR+k2YlbSbgbw66bRau+J44C1R5PZ3Y1JAWvhnJIK7aXJyi3uWyg/w4oM\n9Rp1HwXCmO/y1APs6HXUUdf0s00rmxe+I0QfBzTaMf7MMFet7hf12MH3GJpEEwc6\ne9C3+bBuVbHYY5dF49OXpMimwg/uS4v9N5zCpd8c4UcEYWDWRMh8G1tPmvJTOv/y\nO8fssnOycvathJN6DvaX/Sga52fp4tfUak5Q0xJrVB+WIgOu4zUzAkzVAgMBAAGj\nTTBLMA4GA1UdDwEB/wQEAwIFoDATBgNVHSUEDDAKBggrBgEFBQcDATAMBgNVHRMB\nAf8EAjAAMBYGA1UdEQQPMA2CC2V4YW1wbGUuY29tMA0GCSqGSIb3DQEBCwUAA4IB\nAQBsHovRdz+vKHUPX7dMMC4KYRM9ZgJ+bE7pSrcgKS6ikbZW1A+cbFTSPstQenqD\nUR6gHHUDe5MxPsD+FNzi4D+03FqOlyyProoI7UOGXJ1ZHzSRbRtQLRMmRR0y6aRp\nJuLNC+IVaIqBp0J6rMr7ct/ZDXXP24XyuUNb2WFM8YvEd03GVRbJl3WkqJ3/a7qL\nW5dx3g3wND0xWTd9LavpDTgG2nF8g40Qo6jDdkgfbGT5WYOy9j2T8gneEH1bwR/U\nBSnfmL9WpWacTKz5SK2zqdXKY7ZmJmvsW3Hbr+SqIQ8C48hBHgcjSb99M3ZukX/p\nvYPjFSK/N1PnQBI7S4DS4JFw\n-----END CERTIFICATE-----\n",
            "dns_names": [
              "example.com"
            ],
            "early_renewal_hours": 3,
            "id": "223190126895530276491815626648211404461",
            "ip_addresses": null,
            "is_ca_certificate": false,
            "key_algorithm": "RSA",
            "private_key_pem": "-----BEGIN RSA PRIVATE KEY-----\nMIIEowIBAAKCAQEAwg2G8EeM7/FvjHuuH0hhU1dBKZ3Xa61T+myIgf7kUlc/b3GU\n6Oa2wwgrI3aNBuJcBVMDYBFGS4fBPAVkSUioywiVE4bGboZr02Mki0fpNmJW0m4G\n8Oum0WrvieOAtUeT2d2NSQFr4ZySCu2lycot7lsoP8OKDPUadR8Fwpjv8tQD7Oh1\n1FHX9LNNK5sXviNEHwc02jH+zDBXre4X9djB9xiaRBMHOnvQt/mwblWx2GOXRePT\nl6TIpsIP7kuL/TecwqXfHOFHBGFg1kTIfBtbT5ryUzr/8jvH7LJzsnL2rYSTeg72\nl/0oGudn6eLX1GpOUNMSa1QfliIDruM1MwJM1QIDAQABAoIBAEiI5+SOyjayR6D6\nZiaZVo/hcKEOuAQuwNI9mXUGAvBoXnTYvvGjs7MJLZ7O5H4rRHxVAFD7hAwdjXRT\nC559A2MJLTgkS63qnwlf6LwLQDgs4Ak+SWfqnetvjmQ7XtPkEncAYpxkZJ/rd4eQ\nN0VLRonvFwdmnwai46Xd17halG5ufPuDyBdWEFfmJbB5g89LQhvsl4GXrzUPzT1O\nkA+PQizXPACVk3IerDV92Ub6/hEarFJeS/dEEMt3TcrxjT+VerJcqBe+aQpjRzej\nyQXTtOJLHEpRYSZnZPWzGrzMkWIhdZY/+nS3Xqyh+ptmeBwXk4yARZ0lq+6DMZIC\nunoHuI0CgYEA3R3twqAdvJk9VzuZckFvGKYRjFxn148JsML0aVFOdUveWmwDXdH9\naZiG+HGUcaSfRnJ+eqGOJWsBscbuiQczWNY0PpaGYlkA0X8/oHBDDwdOYNAa9ptm\n7YLye33quUWBGMyvWA7z6jjsr65U9ShS02FBfY58ougVxd13D3OpeHcCgYEA4KqV\nYOAj2YAIFJzsu4StN1eS+3mWL6zFJeB+604iV9Qlfy9V8H54K8jYoc2fE/RuONeM\ncunx5NWmwGI0g8pWYWp4ZOGJ6/HnFGzBtBrNVAar6RS2DjYVyYueVgdU5VWszsYF\nD3bIBIAVwIFZyRrjfnJARE7EeijQ73W6j6R3hBMCgYAuhCxPhFWdJnOkFVKrmZ5g\nhhcs+weRbnLwb6LxQPyLaoGFbjGrHBD+lOrX+zTqT2J+dHmtHK2Fq6Q4nQvzYcNo\nje+BtzLgH68vY2CkRNmmoLfZYA48EOcvUhvm5M9rWHbXG8BLeyHPBVitgLQ4utnp\nxAz99+q6bq6d6IAyjPd68wKBgQCN1IK7BqT7IO14/dwhQVAMuPdsVESw0jQfhkr5\nh3j800vcr+hkC6MXmRLRirqbYVrX/ZOH1BLGMO61UwnuDSVdGFbq8MseLbeA2Gus\npKLtIc0TNuT7sb8tXjvV+Yjpwp12Z+I38fexh56zybUB1Ty6zauus78rk2rbUQo2\ntlBRCwKBgHas2jowsJ8Gdxl8SY19Ph/S58ROb2SoRDwaTcAxZ0DI8Nk5cdgKPjuh\ny94NMy85vSf6hsDz4TPmLD2XMCw0AAVOVewbWs4FUVFpHTjqvtpEpYbiFEYtRubm\nRwVYn0KR3Gi892P3BY457la5UdgBJXyfOTS9WUqrXT1xFIY6Dsz6\n-----END RSA PRIVATE KEY-----\n",
            "ready_for_renewal": false,
            "set_authority_key_id": false,
            "set_subject_key_id": false,
            "subject": [
              {
                "common_name": "example.com",
                "country": null,
                "locality": null,
                "organization": "ACME Examples, Inc",
                "organizational_unit": null,
                "postal_code": null,
                "province": null,
                "serial_number": null,
                "street_address": null
              }
            ],
            "uris": null,
            "validity_end_time": "2024-11-28T05:08:55.471867298-06:00",
            "validity_period_hours": 12,
            "validity_start_time": "2024-11-27T17:08:55.471867298-06:00"
          },
          "sensitive_attributes": [
            [
              {
                "type": "get_attr",
                "value": "private_key_pem"
              }
            ]
          ],
          "dependencies": [
            "tls_private_key.default"
          ],
          "create_before_destroy": true
        }
      ]
    }
  ],
  "check_results": null
}
